// !$*UTF8*$!
{
	archiveVersion = 1;
	classes = {
	};
	objectVersion = 48;
	objects = {

/* Begin PBXBuildFile section */
		04A60B1D7314139C6AE84D2C /* Pods_YesplanAppTests.framework in Frameworks */ = {isa = PBXBuildFile; fileRef = 1CA4A1325DBB2A2E91623863 /* Pods_YesplanAppTests.framework */; };
		3C257EA8201F8DAE00D23B3A /* DVCNav.swift in Sources */ = {isa = PBXBuildFile; fileRef = 3C257EA6201F8DAE00D23B3A /* DVCNav.swift */; };
		3C257EA9201F8DAE00D23B3A /* DVCNav.xib in Resources */ = {isa = PBXBuildFile; fileRef = 3C257EA7201F8DAE00D23B3A /* DVCNav.xib */; };
		3C2A4E952025D3630011A367 /* DVCTableView.swift in Sources */ = {isa = PBXBuildFile; fileRef = 3C2A4E942025D3630011A367 /* DVCTableView.swift */; };
		3C2A4E972025D4E60011A367 /* GetJSON.swift in Sources */ = {isa = PBXBuildFile; fileRef = 3C2A4E962025D4E60011A367 /* GetJSON.swift */; };
		3C2A4E992025F0A40011A367 /* JSONValue.swift in Sources */ = {isa = PBXBuildFile; fileRef = 3C2A4E982025F0A40011A367 /* JSONValue.swift */; };
		3C2A4E9B2025F1A80011A367 /* JSONValues.swift in Sources */ = {isa = PBXBuildFile; fileRef = 3C2A4E9A2025F1A80011A367 /* JSONValues.swift */; };
		3C2A4E9D20265F980011A367 /* ExpandableNames.swift in Sources */ = {isa = PBXBuildFile; fileRef = 3C2A4E9C20265F980011A367 /* ExpandableNames.swift */; };
		3C53666820226A6800838E6D /* GlobalVariable.swift in Sources */ = {isa = PBXBuildFile; fileRef = 3C53666720226A6800838E6D /* GlobalVariable.swift */; };
		3C53666A202273D000838E6D /* GetLocation.swift in Sources */ = {isa = PBXBuildFile; fileRef = 3C536669202273D000838E6D /* GetLocation.swift */; };
		3C6DE9D7201F4D6400446ACD /* DVCEventOLD.swift in Sources */ = {isa = PBXBuildFile; fileRef = 3C6DE9D5201F4D6400446ACD /* DVCEventOLD.swift */; };
		3C6DE9D8201F4D6400446ACD /* DVCEventOLD.xib in Resources */ = {isa = PBXBuildFile; fileRef = 3C6DE9D6201F4D6400446ACD /* DVCEventOLD.xib */; };
		3CA6E795201FC55900499A3D /* DVCEventSchedule.swift in Sources */ = {isa = PBXBuildFile; fileRef = 3CA6E793201FC55900499A3D /* DVCEventSchedule.swift */; };
		3CA6E796201FC55900499A3D /* DVCEventSchedule.xib in Resources */ = {isa = PBXBuildFile; fileRef = 3CA6E794201FC55900499A3D /* DVCEventSchedule.xib */; };
		3CA6E799201FCF5600499A3D /* DVCEvent.swift in Sources */ = {isa = PBXBuildFile; fileRef = 3CA6E797201FCF5600499A3D /* DVCEvent.swift */; };
		3CA6E79A201FCF5600499A3D /* DVCEvent.xib in Resources */ = {isa = PBXBuildFile; fileRef = 3CA6E798201FCF5600499A3D /* DVCEvent.xib */; };
		3CC1461E2018E9DB00ABE404 /* TasksSection.swift in Sources */ = {isa = PBXBuildFile; fileRef = 3CC1461D2018E9DB00ABE404 /* TasksSection.swift */; };
		3CC146202018EA5A00ABE404 /* GetTasks.swift in Sources */ = {isa = PBXBuildFile; fileRef = 3CC1461F2018EA5A00ABE404 /* GetTasks.swift */; };
		3CC1462220193CF400ABE404 /* func stringToDateShort.swift in Sources */ = {isa = PBXBuildFile; fileRef = 3CC1462120193CF400ABE404 /* func stringToDateShort.swift */; };
		3CC14625201BB56200ABE404 /* DVCTask.swift in Sources */ = {isa = PBXBuildFile; fileRef = 3CC14623201BB56200ABE404 /* DVCTask.swift */; };
		3CC14626201BB56200ABE404 /* DVCTask.xib in Resources */ = {isa = PBXBuildFile; fileRef = 3CC14624201BB56200ABE404 /* DVCTask.xib */; };
		3CDAA4D1201C7D34008F9E1D /* Assets.xcassets in Resources */ = {isa = PBXBuildFile; fileRef = E22DE4751FDB173300E0F499 /* Assets.xcassets */; };
		3CDAA4D4201E1E6F008F9E1D /* VCTeamplanner.swift in Sources */ = {isa = PBXBuildFile; fileRef = 3CDAA4D2201E1E6F008F9E1D /* VCTeamplanner.swift */; };
		3CDAA4D5201E1E6F008F9E1D /* VCTeamplanner.xib in Resources */ = {isa = PBXBuildFile; fileRef = 3CDAA4D3201E1E6F008F9E1D /* VCTeamplanner.xib */; };
		3CDAA4D8201E1E99008F9E1D /* VCResources.swift in Sources */ = {isa = PBXBuildFile; fileRef = 3CDAA4D6201E1E99008F9E1D /* VCResources.swift */; };
		3CDAA4D9201E1E99008F9E1D /* VCResources.xib in Resources */ = {isa = PBXBuildFile; fileRef = 3CDAA4D7201E1E99008F9E1D /* VCResources.xib */; };
		3CDAA4DC201E1EDA008F9E1D /* VCContacts.swift in Sources */ = {isa = PBXBuildFile; fileRef = 3CDAA4DA201E1EDA008F9E1D /* VCContacts.swift */; };
		3CDAA4DD201E1EDA008F9E1D /* VCContacts.xib in Resources */ = {isa = PBXBuildFile; fileRef = 3CDAA4DB201E1EDA008F9E1D /* VCContacts.xib */; };
		3CDAA4E0201E1EF7008F9E1D /* VCReports.swift in Sources */ = {isa = PBXBuildFile; fileRef = 3CDAA4DE201E1EF7008F9E1D /* VCReports.swift */; };
		3CDAA4E1201E1EF7008F9E1D /* VCReports.xib in Resources */ = {isa = PBXBuildFile; fileRef = 3CDAA4DF201E1EF7008F9E1D /* VCReports.xib */; };
		3CDAA4F2201E4C4B008F9E1D /* VCHelp.swift in Sources */ = {isa = PBXBuildFile; fileRef = 3CDAA4F0201E4C4B008F9E1D /* VCHelp.swift */; };
		3CDAA4F3201E4C4B008F9E1D /* VCHelp.xib in Resources */ = {isa = PBXBuildFile; fileRef = 3CDAA4F1201E4C4B008F9E1D /* VCHelp.xib */; };
		3CDAA4F6201E4C5E008F9E1D /* VCSearch.swift in Sources */ = {isa = PBXBuildFile; fileRef = 3CDAA4F4201E4C5E008F9E1D /* VCSearch.swift */; };
		3CDAA4F7201E4C5E008F9E1D /* VCSearch.xib in Resources */ = {isa = PBXBuildFile; fileRef = 3CDAA4F5201E4C5E008F9E1D /* VCSearch.xib */; };
		3CDAA4FA201E4C71008F9E1D /* VCUser.swift in Sources */ = {isa = PBXBuildFile; fileRef = 3CDAA4F8201E4C71008F9E1D /* VCUser.swift */; };
		3CDAA4FB201E4C71008F9E1D /* VCUser.xib in Resources */ = {isa = PBXBuildFile; fileRef = 3CDAA4F9201E4C71008F9E1D /* VCUser.xib */; };
		3CDAA4FE201E4C8E008F9E1D /* VCTodo.swift in Sources */ = {isa = PBXBuildFile; fileRef = 3CDAA4FC201E4C8E008F9E1D /* VCTodo.swift */; };
		3CDAA4FF201E4C8E008F9E1D /* VCTodo.xib in Resources */ = {isa = PBXBuildFile; fileRef = 3CDAA4FD201E4C8E008F9E1D /* VCTodo.xib */; };
		3CDAA502201E4C9E008F9E1D /* VCConflicts.swift in Sources */ = {isa = PBXBuildFile; fileRef = 3CDAA500201E4C9E008F9E1D /* VCConflicts.swift */; };
		3CDAA503201E4C9E008F9E1D /* VCConflicts.xib in Resources */ = {isa = PBXBuildFile; fileRef = 3CDAA501201E4C9E008F9E1D /* VCConflicts.xib */; };
		3CDAA506201E4CB0008F9E1D /* VCUpdates.swift in Sources */ = {isa = PBXBuildFile; fileRef = 3CDAA504201E4CB0008F9E1D /* VCUpdates.swift */; };
		3CDAA507201E4CB0008F9E1D /* VCUpdates.xib in Resources */ = {isa = PBXBuildFile; fileRef = 3CDAA505201E4CB0008F9E1D /* VCUpdates.xib */; };
		3CDBAA97202341E10088B706 /* GetTask.swift in Sources */ = {isa = PBXBuildFile; fileRef = 3CDBAA96202341E10088B706 /* GetTask.swift */; };
		3CE435B020225B16009CCAB1 /* Locations.swift in Sources */ = {isa = PBXBuildFile; fileRef = 3CE435AF20225B16009CCAB1 /* Locations.swift */; };
		3CE435B220225FCB009CCAB1 /* ContactType.swift in Sources */ = {isa = PBXBuildFile; fileRef = 3CE435B120225FCB009CCAB1 /* ContactType.swift */; };
		3CE435B42022602F009CCAB1 /* Person.swift in Sources */ = {isa = PBXBuildFile; fileRef = 3CE435B32022602F009CCAB1 /* Person.swift */; };
		3CE435B820226269009CCAB1 /* Contact_Id.swift in Sources */ = {isa = PBXBuildFile; fileRef = 3CE435B720226269009CCAB1 /* Contact_Id.swift */; };
		3CE435BA2022643B009CCAB1 /* Resources.swift in Sources */ = {isa = PBXBuildFile; fileRef = 3CE435B92022643B009CCAB1 /* Resources.swift */; };
		3CE435BC20226478009CCAB1 /* Resource_Id.swift in Sources */ = {isa = PBXBuildFile; fileRef = 3CE435BB20226478009CCAB1 /* Resource_Id.swift */; };
		3CE435BE202264D6009CCAB1 /* ContactbookingType.swift in Sources */ = {isa = PBXBuildFile; fileRef = 3CE435BD202264D6009CCAB1 /* ContactbookingType.swift */; };
		3CE435C020226652009CCAB1 /* Groups.swift in Sources */ = {isa = PBXBuildFile; fileRef = 3CE435BF20226652009CCAB1 /* Groups.swift */; };
		3CECCF0220210C3000165319 /* Schedules.swift in Sources */ = {isa = PBXBuildFile; fileRef = 3CECCF0120210C3000165319 /* Schedules.swift */; };
		3CF358D920270D5400DD12E9 /* GetEvent_Id_Resourcebookings.swift in Sources */ = {isa = PBXBuildFile; fileRef = 3CF358D820270D5400DD12E9 /* GetEvent_Id_Resourcebookings.swift */; };
		3CF358DD20279A1200DD12E9 /* SwitchValue.swift in Sources */ = {isa = PBXBuildFile; fileRef = 3CF358DC20279A1200DD12E9 /* SwitchValue.swift */; };
		7BC1F0BB01E9F5B4D268EAA0 /* Pods_YesplanAppUITests.framework in Frameworks */ = {isa = PBXBuildFile; fileRef = 38FF9E26510767B6C242C605 /* Pods_YesplanAppUITests.framework */; };
		B4E5196603F802C1A737A633 /* Pods_YesplanApp.framework in Frameworks */ = {isa = PBXBuildFile; fileRef = AA458190FA2A36A120F35CA0 /* Pods_YesplanApp.framework */; };
		E2286E451FDDB9BA006CE49D /* Events.swift in Sources */ = {isa = PBXBuildFile; fileRef = E2286E441FDDB9BA006CE49D /* Events.swift */; };
		E2286E471FDDBA52006CE49D /* Pagination.swift in Sources */ = {isa = PBXBuildFile; fileRef = E2286E461FDDBA52006CE49D /* Pagination.swift */; };
		E2286E4F1FDDBC7B006CE49D /* JsonHelpers.swift in Sources */ = {isa = PBXBuildFile; fileRef = E2286E4E1FDDBC7B006CE49D /* JsonHelpers.swift */; };
		E22DE46D1FDB173300E0F499 /* AppDelegate.swift in Sources */ = {isa = PBXBuildFile; fileRef = E22DE46C1FDB173300E0F499 /* AppDelegate.swift */; };
		E22DE4791FDB173300E0F499 /* LaunchScreen.storyboard in Resources */ = {isa = PBXBuildFile; fileRef = E22DE4771FDB173300E0F499 /* LaunchScreen.storyboard */; };
		E22DE4841FDB173300E0F499 /* YesplanAppTests.swift in Sources */ = {isa = PBXBuildFile; fileRef = E22DE4831FDB173300E0F499 /* YesplanAppTests.swift */; };
		E22DE48F1FDB173300E0F499 /* YesplanAppUITests.swift in Sources */ = {isa = PBXBuildFile; fileRef = E22DE48E1FDB173300E0F499 /* YesplanAppUITests.swift */; };
		E22FB6AB1FE701EE006E7658 /* Customdata.swift in Sources */ = {isa = PBXBuildFile; fileRef = E22FB6AA1FE701EE006E7658 /* Customdata.swift */; };
		E23C6553201769E800ED40B5 /* TVCTasks.swift in Sources */ = {isa = PBXBuildFile; fileRef = E23C6551201769E800ED40B5 /* TVCTasks.swift */; };
		E23C6554201769E800ED40B5 /* TVCTasks.xib in Resources */ = {isa = PBXBuildFile; fileRef = E23C6552201769E800ED40B5 /* TVCTasks.xib */; };
		E2444C722015FD5A00556906 /* Task_Id.swift in Sources */ = {isa = PBXBuildFile; fileRef = E2444C712015FD5A00556906 /* Task_Id.swift */; };
		E2444C762015FE4200556906 /* User_Id.swift in Sources */ = {isa = PBXBuildFile; fileRef = E2444C752015FE4200556906 /* User_Id.swift */; };
		E2444C782015FE6700556906 /* Usergroup_Id.swift in Sources */ = {isa = PBXBuildFile; fileRef = E2444C772015FE6700556906 /* Usergroup_Id.swift */; };
		E2444C7A2015FEB900556906 /* Base.swift in Sources */ = {isa = PBXBuildFile; fileRef = E2444C792015FEB900556906 /* Base.swift */; };
		E24FB9291FDFFA0D00C5242B /* Resourcebooking_Id.swift in Sources */ = {isa = PBXBuildFile; fileRef = E24FB9281FDFFA0D00C5242B /* Resourcebooking_Id.swift */; };
		E24FB92D1FDFFA8900C5242B /* ResourceInstance_Id.swift in Sources */ = {isa = PBXBuildFile; fileRef = E24FB92C1FDFFA8900C5242B /* ResourceInstance_Id.swift */; };
		E24FB92F1FDFFB0000C5242B /* ResourcePlaceholder.swift in Sources */ = {isa = PBXBuildFile; fileRef = E24FB92E1FDFFB0000C5242B /* ResourcePlaceholder.swift */; };
		E24FB9311FDFFB8C00C5242B /* Costmodel.swift in Sources */ = {isa = PBXBuildFile; fileRef = E24FB9301FDFFB8B00C5242B /* Costmodel.swift */; };
		E24FB9331FDFFC0D00C5242B /* Discount_Formula.swift in Sources */ = {isa = PBXBuildFile; fileRef = E24FB9321FDFFC0D00C5242B /* Discount_Formula.swift */; };
		E24FB9351FDFFC3800C5242B /* Formula.swift in Sources */ = {isa = PBXBuildFile; fileRef = E24FB9341FDFFC3800C5242B /* Formula.swift */; };
		E24FB9371FDFFD1800C5242B /* Resource.swift in Sources */ = {isa = PBXBuildFile; fileRef = E24FB9361FDFFD1800C5242B /* Resource.swift */; };
		E24FB9391FDFFF0500C5242B /* CostFormula.swift in Sources */ = {isa = PBXBuildFile; fileRef = E24FB9381FDFFF0500C5242B /* CostFormula.swift */; };
		E24FB93B1FDFFF6E00C5242B /* Priceformula.swift in Sources */ = {isa = PBXBuildFile; fileRef = E24FB93A1FDFFF6E00C5242B /* Priceformula.swift */; };
		E25513F81FE856D400C76673 /* GetSchedule.swift in Sources */ = {isa = PBXBuildFile; fileRef = E25513F71FE856D400C76673 /* GetSchedule.swift */; };
		E25513FC1FE8588B00C76673 /* Schedule.swift in Sources */ = {isa = PBXBuildFile; fileRef = E25513FB1FE8588B00C76673 /* Schedule.swift */; };
		E25513FE1FE858D400C76673 /* Entry.swift in Sources */ = {isa = PBXBuildFile; fileRef = E25513FD1FE858D400C76673 /* Entry.swift */; };
		E2605970201688F800C8BE6A /* VCTasks.swift in Sources */ = {isa = PBXBuildFile; fileRef = E260596E201688F800C8BE6A /* VCTasks.swift */; };
		E2605971201688F800C8BE6A /* VCTasks.xib in Resources */ = {isa = PBXBuildFile; fileRef = E260596F201688F800C8BE6A /* VCTasks.xib */; };
		E262445E1FE9989E001CCE59 /* DVCEventInfo.swift in Sources */ = {isa = PBXBuildFile; fileRef = E262445C1FE9989E001CCE59 /* DVCEventInfo.swift */; };
		E262445F1FE9989E001CCE59 /* DVCEventInfo.xib in Resources */ = {isa = PBXBuildFile; fileRef = E262445D1FE9989E001CCE59 /* DVCEventInfo.xib */; };
		E26244621FE998DF001CCE59 /* DVCEventLocation.swift in Sources */ = {isa = PBXBuildFile; fileRef = E26244601FE998DF001CCE59 /* DVCEventLocation.swift */; };
		E26244631FE998DF001CCE59 /* DVCEventLocation.xib in Resources */ = {isa = PBXBuildFile; fileRef = E26244611FE998DF001CCE59 /* DVCEventLocation.xib */; };
		E26244661FE998F7001CCE59 /* DVCEventTeam.swift in Sources */ = {isa = PBXBuildFile; fileRef = E26244641FE998F7001CCE59 /* DVCEventTeam.swift */; };
		E26244671FE998F7001CCE59 /* DVCEventTeam.xib in Resources */ = {isa = PBXBuildFile; fileRef = E26244651FE998F7001CCE59 /* DVCEventTeam.xib */; };
		E262446A1FE9990E001CCE59 /* DVCEventResources.swift in Sources */ = {isa = PBXBuildFile; fileRef = E26244681FE9990E001CCE59 /* DVCEventResources.swift */; };
		E262446B1FE9990E001CCE59 /* DVCEventResources.xib in Resources */ = {isa = PBXBuildFile; fileRef = E26244691FE9990E001CCE59 /* DVCEventResources.xib */; };
		E262446E1FE99923001CCE59 /* DVCEventTasks.swift in Sources */ = {isa = PBXBuildFile; fileRef = E262446C1FE99923001CCE59 /* DVCEventTasks.swift */; };
		E262446F1FE99923001CCE59 /* DVCEventTasks.xib in Resources */ = {isa = PBXBuildFile; fileRef = E262446D1FE99923001CCE59 /* DVCEventTasks.xib */; };
		E26244721FE99945001CCE59 /* DVCEventContacts.swift in Sources */ = {isa = PBXBuildFile; fileRef = E26244701FE99945001CCE59 /* DVCEventContacts.swift */; };
		E26244731FE99945001CCE59 /* DVCEventContacts.xib in Resources */ = {isa = PBXBuildFile; fileRef = E26244711FE99945001CCE59 /* DVCEventContacts.xib */; };
		E26244761FE99966001CCE59 /* DVCEventAttachments.swift in Sources */ = {isa = PBXBuildFile; fileRef = E26244741FE99966001CCE59 /* DVCEventAttachments.swift */; };
		E26244771FE99966001CCE59 /* DVCEventAttachments.xib in Resources */ = {isa = PBXBuildFile; fileRef = E26244751FE99966001CCE59 /* DVCEventAttachments.xib */; };
		E262447A1FE9AD8E001CCE59 /* DVCEventCustomData.swift in Sources */ = {isa = PBXBuildFile; fileRef = E26244781FE9AD8E001CCE59 /* DVCEventCustomData.swift */; };
		E262447B1FE9AD8E001CCE59 /* DVCEventCustomData.xib in Resources */ = {isa = PBXBuildFile; fileRef = E26244791FE9AD8E001CCE59 /* DVCEventCustomData.xib */; };
		E262447D1FE9B5AB001CCE59 /* GetCustomData.swift in Sources */ = {isa = PBXBuildFile; fileRef = E262447C1FE9B5AB001CCE59 /* GetCustomData.swift */; };
		E265B3181FDF22AF0000591B /* ContactLink_Id.swift in Sources */ = {isa = PBXBuildFile; fileRef = E265B3171FDF22AF0000591B /* ContactLink_Id.swift */; };
		E265B31A1FDF25950000591B /* Contact.swift in Sources */ = {isa = PBXBuildFile; fileRef = E265B3191FDF25950000591B /* Contact.swift */; };
		E265B31C1FDF27290000591B /* Event_Id.swift in Sources */ = {isa = PBXBuildFile; fileRef = E265B31B1FDF27290000591B /* Event_Id.swift */; };
		E265B31E1FDF2AF70000591B /* Contacts.swift in Sources */ = {isa = PBXBuildFile; fileRef = E265B31D1FDF2AF70000591B /* Contacts.swift */; };
		E265B3201FDF2B7C0000591B /* Task.swift in Sources */ = {isa = PBXBuildFile; fileRef = E265B31F1FDF2B7C0000591B /* Task.swift */; };
		E265B3221FDF2BD50000591B /* Attributes.swift in Sources */ = {isa = PBXBuildFile; fileRef = E265B3211FDF2BD50000591B /* Attributes.swift */; };
		E265B3261FDF2C440000591B /* Own.swift in Sources */ = {isa = PBXBuildFile; fileRef = E265B3251FDF2C440000591B /* Own.swift */; };
		E265B3281FDF2C830000591B /* Profile_Id.swift in Sources */ = {isa = PBXBuildFile; fileRef = E265B3271FDF2C830000591B /* Profile_Id.swift */; };
		E265B32A1FDF2CA90000591B /* Status_Id.swift in Sources */ = {isa = PBXBuildFile; fileRef = E265B3291FDF2CA90000591B /* Status_Id.swift */; };
		E265B32C1FDF2CED0000591B /* LinkAttachment.swift in Sources */ = {isa = PBXBuildFile; fileRef = E265B32B1FDF2CED0000591B /* LinkAttachment.swift */; };
		E265B32E1FDF2D1A0000591B /* Organization.swift in Sources */ = {isa = PBXBuildFile; fileRef = E265B32D1FDF2D1A0000591B /* Organization.swift */; };
		E265B3301FDF2D520000591B /* Contactinfo.swift in Sources */ = {isa = PBXBuildFile; fileRef = E265B32F1FDF2D520000591B /* Contactinfo.swift */; };
		E265B3321FDF2D7B0000591B /* Address.swift in Sources */ = {isa = PBXBuildFile; fileRef = E265B3311FDF2D7B0000591B /* Address.swift */; };
		E26A7D451FDC53A900F55465 /* VCEvents.swift in Sources */ = {isa = PBXBuildFile; fileRef = E26A7D431FDC53A800F55465 /* VCEvents.swift */; };
		E26A7D461FDC53A900F55465 /* VCEvents.xib in Resources */ = {isa = PBXBuildFile; fileRef = E26A7D441FDC53A800F55465 /* VCEvents.xib */; };
		E26A7D4A1FDC55C600F55465 /* TVCEvents.swift in Sources */ = {isa = PBXBuildFile; fileRef = E26A7D481FDC55C600F55465 /* TVCEvents.swift */; };
		E26A7D4B1FDC55C600F55465 /* TVCEvents.xib in Resources */ = {isa = PBXBuildFile; fileRef = E26A7D491FDC55C600F55465 /* TVCEvents.xib */; };
		E29CF90A1FE152CC005038A8 /* Resourcebookings.swift in Sources */ = {isa = PBXBuildFile; fileRef = E29CF9091FE152CC005038A8 /* Resourcebookings.swift */; };
		E2A07FD51FDF308600F0D94B /* Group_Id.swift in Sources */ = {isa = PBXBuildFile; fileRef = E2A07FD41FDF308600F0D94B /* Group_Id.swift */; };
		E2A07FD71FDF317100F0D94B /* Child.swift in Sources */ = {isa = PBXBuildFile; fileRef = E2A07FD61FDF317100F0D94B /* Child.swift */; };
		E2A07FD91FDF319D00F0D94B /* Location_Id.swift in Sources */ = {isa = PBXBuildFile; fileRef = E2A07FD81FDF319D00F0D94B /* Location_Id.swift */; };
		E2A07FDB1FDF333B00F0D94B /* Tasks.swift in Sources */ = {isa = PBXBuildFile; fileRef = E2A07FDA1FDF333B00F0D94B /* Tasks.swift */; };
		E2A07FDD1FDF379500F0D94B /* Profiles.swift in Sources */ = {isa = PBXBuildFile; fileRef = E2A07FDC1FDF379500F0D94B /* Profiles.swift */; };
		E2A07FDF1FDF38E600F0D94B /* GetProfiles.swift in Sources */ = {isa = PBXBuildFile; fileRef = E2A07FDE1FDF38E600F0D94B /* GetProfiles.swift */; };
		E2AE9A681FE2940D00FD0C8A /* TBCEvent.swift in Sources */ = {isa = PBXBuildFile; fileRef = E2AE9A661FE2940D00FD0C8A /* TBCEvent.swift */; };
		E2AE9A691FE2940D00FD0C8A /* TBCEvent.xib in Resources */ = {isa = PBXBuildFile; fileRef = E2AE9A671FE2940D00FD0C8A /* TBCEvent.xib */; };
		E2B4AB791FDF1DBE00374830 /* Contactbooking_Id.swift in Sources */ = {isa = PBXBuildFile; fileRef = E2B4AB781FDF1DBE00374830 /* Contactbooking_Id.swift */; };
		E2FDE60F1FE00070006BA8DD /* Amount.swift in Sources */ = {isa = PBXBuildFile; fileRef = E2FDE60E1FE00070006BA8DD /* Amount.swift */; };
		E2FDE6111FE00185006BA8DD /* Contactbookings.swift in Sources */ = {isa = PBXBuildFile; fileRef = E2FDE6101FE00185006BA8DD /* Contactbookings.swift */; };
		E2FDE6131FE05EA2006BA8DD /* GetCurrentDate.swift in Sources */ = {isa = PBXBuildFile; fileRef = E2FDE6121FE05EA2006BA8DD /* GetCurrentDate.swift */; };
		E2FDE6191FE063AF006BA8DD /* GetEvents.swift in Sources */ = {isa = PBXBuildFile; fileRef = E2FDE6181FE063AF006BA8DD /* GetEvents.swift */; };
		E2FDE61D1FE06E1B006BA8DD /* EventSection.swift in Sources */ = {isa = PBXBuildFile; fileRef = E2FDE61C1FE06E1B006BA8DD /* EventSection.swift */; };
		E2FDE6221FE0706B006BA8DD /* public func stringToDate.swift in Sources */ = {isa = PBXBuildFile; fileRef = E2FDE61E1FE0706A006BA8DD /* public func stringToDate.swift */; };
		E2FDE6231FE0706B006BA8DD /* public func stringToSelectedDate.swift in Sources */ = {isa = PBXBuildFile; fileRef = E2FDE61F1FE0706B006BA8DD /* public func stringToSelectedDate.swift */; };
		E2FDE6241FE0706B006BA8DD /* public func stringToEventDate.swift in Sources */ = {isa = PBXBuildFile; fileRef = E2FDE6201FE0706B006BA8DD /* public func stringToEventDate.swift */; };
		E2FDE6251FE0706B006BA8DD /* public func stringToTime.swift in Sources */ = {isa = PBXBuildFile; fileRef = E2FDE6211FE0706B006BA8DD /* public func stringToTime.swift */; };
		E2FDE6271FE08486006BA8DD /* GetStatuses.swift in Sources */ = {isa = PBXBuildFile; fileRef = E2FDE6261FE08486006BA8DD /* GetStatuses.swift */; };
		E2FDE6291FE084F9006BA8DD /* Statuses.swift in Sources */ = {isa = PBXBuildFile; fileRef = E2FDE6281FE084F9006BA8DD /* Statuses.swift */; };
/* End PBXBuildFile section */

/* Begin PBXBuildRule section */
		E2797444200F8DA000DD5850 /* PBXBuildRule */ = {
			isa = PBXBuildRule;
			compilerSpec = com.apple.compilers.proxy.script;
			filePatterns = "*.stencil";
			fileType = pattern.proxy;
			isEditable = 1;
			outputFiles = (
				"${DERIVED_SOURCES_DIR}/${INPUT_FILE_BASE}.generated.swift",
			);
			script = "sh sources/stencil.sh \"${INPUT_FILE_DIR}/${INPUT_FILE_NAME}\" \"${DERIVED_SOURCES_DIR}/${INPUT_FILE_BASE}.generated.swift\"";
		};
/* End PBXBuildRule section */

/* Begin PBXContainerItemProxy section */
		E22DE4801FDB173300E0F499 /* PBXContainerItemProxy */ = {
			isa = PBXContainerItemProxy;
			containerPortal = E22DE4611FDB173200E0F499 /* Project object */;
			proxyType = 1;
			remoteGlobalIDString = E22DE4681FDB173300E0F499;
			remoteInfo = YesplanApp;
		};
		E22DE48B1FDB173300E0F499 /* PBXContainerItemProxy */ = {
			isa = PBXContainerItemProxy;
			containerPortal = E22DE4611FDB173200E0F499 /* Project object */;
			proxyType = 1;
			remoteGlobalIDString = E22DE4681FDB173300E0F499;
			remoteInfo = YesplanApp;
		};
/* End PBXContainerItemProxy section */

/* Begin PBXFileReference section */
		02A7028D2D3D95EBD87E92B7 /* Pods-YesplanAppUITests.release.xcconfig */ = {isa = PBXFileReference; includeInIndex = 1; lastKnownFileType = text.xcconfig; name = "Pods-YesplanAppUITests.release.xcconfig"; path = "Pods/Target Support Files/Pods-YesplanAppUITests/Pods-YesplanAppUITests.release.xcconfig"; sourceTree = "<group>"; };
		147817E49F524B145F2BD43F /* Pods-YesplanAppTests.debug.xcconfig */ = {isa = PBXFileReference; includeInIndex = 1; lastKnownFileType = text.xcconfig; name = "Pods-YesplanAppTests.debug.xcconfig"; path = "Pods/Target Support Files/Pods-YesplanAppTests/Pods-YesplanAppTests.debug.xcconfig"; sourceTree = "<group>"; };
		1CA4A1325DBB2A2E91623863 /* Pods_YesplanAppTests.framework */ = {isa = PBXFileReference; explicitFileType = wrapper.framework; includeInIndex = 0; path = Pods_YesplanAppTests.framework; sourceTree = BUILT_PRODUCTS_DIR; };
		38FF9E26510767B6C242C605 /* Pods_YesplanAppUITests.framework */ = {isa = PBXFileReference; explicitFileType = wrapper.framework; includeInIndex = 0; path = Pods_YesplanAppUITests.framework; sourceTree = BUILT_PRODUCTS_DIR; };
		3C257EA6201F8DAE00D23B3A /* DVCNav.swift */ = {isa = PBXFileReference; lastKnownFileType = sourcecode.swift; path = DVCNav.swift; sourceTree = "<group>"; };
		3C257EA7201F8DAE00D23B3A /* DVCNav.xib */ = {isa = PBXFileReference; lastKnownFileType = file.xib; path = DVCNav.xib; sourceTree = "<group>"; };
		3C2A4E942025D3630011A367 /* DVCTableView.swift */ = {isa = PBXFileReference; lastKnownFileType = sourcecode.swift; path = DVCTableView.swift; sourceTree = "<group>"; };
		3C2A4E962025D4E60011A367 /* GetJSON.swift */ = {isa = PBXFileReference; lastKnownFileType = sourcecode.swift; path = GetJSON.swift; sourceTree = "<group>"; };
		3C2A4E982025F0A40011A367 /* JSONValue.swift */ = {isa = PBXFileReference; lastKnownFileType = sourcecode.swift; path = JSONValue.swift; sourceTree = "<group>"; };
		3C2A4E9A2025F1A80011A367 /* JSONValues.swift */ = {isa = PBXFileReference; lastKnownFileType = sourcecode.swift; path = JSONValues.swift; sourceTree = "<group>"; };
		3C2A4E9C20265F980011A367 /* ExpandableNames.swift */ = {isa = PBXFileReference; lastKnownFileType = sourcecode.swift; path = ExpandableNames.swift; sourceTree = "<group>"; };
		3C53666720226A6800838E6D /* GlobalVariable.swift */ = {isa = PBXFileReference; lastKnownFileType = sourcecode.swift; path = GlobalVariable.swift; sourceTree = "<group>"; };
		3C536669202273D000838E6D /* GetLocation.swift */ = {isa = PBXFileReference; lastKnownFileType = sourcecode.swift; path = GetLocation.swift; sourceTree = "<group>"; };
		3C6DE9D5201F4D6400446ACD /* DVCEventOLD.swift */ = {isa = PBXFileReference; lastKnownFileType = sourcecode.swift; path = DVCEventOLD.swift; sourceTree = "<group>"; };
		3C6DE9D6201F4D6400446ACD /* DVCEventOLD.xib */ = {isa = PBXFileReference; lastKnownFileType = file.xib; path = DVCEventOLD.xib; sourceTree = "<group>"; };
		3C8CEDC72D233FE401C87D1E /* Pods-YesplanApp.debug.xcconfig */ = {isa = PBXFileReference; includeInIndex = 1; lastKnownFileType = text.xcconfig; name = "Pods-YesplanApp.debug.xcconfig"; path = "Pods/Target Support Files/Pods-YesplanApp/Pods-YesplanApp.debug.xcconfig"; sourceTree = "<group>"; };
		3CA6E793201FC55900499A3D /* DVCEventSchedule.swift */ = {isa = PBXFileReference; lastKnownFileType = sourcecode.swift; path = DVCEventSchedule.swift; sourceTree = "<group>"; };
		3CA6E794201FC55900499A3D /* DVCEventSchedule.xib */ = {isa = PBXFileReference; lastKnownFileType = file.xib; path = DVCEventSchedule.xib; sourceTree = "<group>"; };
		3CA6E797201FCF5600499A3D /* DVCEvent.swift */ = {isa = PBXFileReference; lastKnownFileType = sourcecode.swift; path = DVCEvent.swift; sourceTree = "<group>"; };
		3CA6E798201FCF5600499A3D /* DVCEvent.xib */ = {isa = PBXFileReference; lastKnownFileType = file.xib; path = DVCEvent.xib; sourceTree = "<group>"; };
		3CC1461D2018E9DB00ABE404 /* TasksSection.swift */ = {isa = PBXFileReference; lastKnownFileType = sourcecode.swift; path = TasksSection.swift; sourceTree = "<group>"; };
		3CC1461F2018EA5A00ABE404 /* GetTasks.swift */ = {isa = PBXFileReference; lastKnownFileType = sourcecode.swift; path = GetTasks.swift; sourceTree = "<group>"; };
		3CC1462120193CF400ABE404 /* func stringToDateShort.swift */ = {isa = PBXFileReference; lastKnownFileType = sourcecode.swift; path = "func stringToDateShort.swift"; sourceTree = "<group>"; };
		3CC14623201BB56200ABE404 /* DVCTask.swift */ = {isa = PBXFileReference; lastKnownFileType = sourcecode.swift; path = DVCTask.swift; sourceTree = "<group>"; };
		3CC14624201BB56200ABE404 /* DVCTask.xib */ = {isa = PBXFileReference; lastKnownFileType = file.xib; path = DVCTask.xib; sourceTree = "<group>"; };
		3CDAA4D2201E1E6F008F9E1D /* VCTeamplanner.swift */ = {isa = PBXFileReference; lastKnownFileType = sourcecode.swift; path = VCTeamplanner.swift; sourceTree = "<group>"; };
		3CDAA4D3201E1E6F008F9E1D /* VCTeamplanner.xib */ = {isa = PBXFileReference; lastKnownFileType = file.xib; path = VCTeamplanner.xib; sourceTree = "<group>"; };
		3CDAA4D6201E1E99008F9E1D /* VCResources.swift */ = {isa = PBXFileReference; lastKnownFileType = sourcecode.swift; path = VCResources.swift; sourceTree = "<group>"; };
		3CDAA4D7201E1E99008F9E1D /* VCResources.xib */ = {isa = PBXFileReference; lastKnownFileType = file.xib; path = VCResources.xib; sourceTree = "<group>"; };
		3CDAA4DA201E1EDA008F9E1D /* VCContacts.swift */ = {isa = PBXFileReference; lastKnownFileType = sourcecode.swift; path = VCContacts.swift; sourceTree = "<group>"; };
		3CDAA4DB201E1EDA008F9E1D /* VCContacts.xib */ = {isa = PBXFileReference; lastKnownFileType = file.xib; path = VCContacts.xib; sourceTree = "<group>"; };
		3CDAA4DE201E1EF7008F9E1D /* VCReports.swift */ = {isa = PBXFileReference; lastKnownFileType = sourcecode.swift; path = VCReports.swift; sourceTree = "<group>"; };
		3CDAA4DF201E1EF7008F9E1D /* VCReports.xib */ = {isa = PBXFileReference; lastKnownFileType = file.xib; path = VCReports.xib; sourceTree = "<group>"; };
		3CDAA4F0201E4C4B008F9E1D /* VCHelp.swift */ = {isa = PBXFileReference; lastKnownFileType = sourcecode.swift; path = VCHelp.swift; sourceTree = "<group>"; };
		3CDAA4F1201E4C4B008F9E1D /* VCHelp.xib */ = {isa = PBXFileReference; lastKnownFileType = file.xib; path = VCHelp.xib; sourceTree = "<group>"; };
		3CDAA4F4201E4C5E008F9E1D /* VCSearch.swift */ = {isa = PBXFileReference; lastKnownFileType = sourcecode.swift; path = VCSearch.swift; sourceTree = "<group>"; };
		3CDAA4F5201E4C5E008F9E1D /* VCSearch.xib */ = {isa = PBXFileReference; lastKnownFileType = file.xib; path = VCSearch.xib; sourceTree = "<group>"; };
		3CDAA4F8201E4C71008F9E1D /* VCUser.swift */ = {isa = PBXFileReference; lastKnownFileType = sourcecode.swift; path = VCUser.swift; sourceTree = "<group>"; };
		3CDAA4F9201E4C71008F9E1D /* VCUser.xib */ = {isa = PBXFileReference; lastKnownFileType = file.xib; path = VCUser.xib; sourceTree = "<group>"; };
		3CDAA4FC201E4C8E008F9E1D /* VCTodo.swift */ = {isa = PBXFileReference; lastKnownFileType = sourcecode.swift; path = VCTodo.swift; sourceTree = "<group>"; };
		3CDAA4FD201E4C8E008F9E1D /* VCTodo.xib */ = {isa = PBXFileReference; lastKnownFileType = file.xib; path = VCTodo.xib; sourceTree = "<group>"; };
		3CDAA500201E4C9E008F9E1D /* VCConflicts.swift */ = {isa = PBXFileReference; lastKnownFileType = sourcecode.swift; path = VCConflicts.swift; sourceTree = "<group>"; };
		3CDAA501201E4C9E008F9E1D /* VCConflicts.xib */ = {isa = PBXFileReference; lastKnownFileType = file.xib; path = VCConflicts.xib; sourceTree = "<group>"; };
		3CDAA504201E4CB0008F9E1D /* VCUpdates.swift */ = {isa = PBXFileReference; lastKnownFileType = sourcecode.swift; path = VCUpdates.swift; sourceTree = "<group>"; };
		3CDAA505201E4CB0008F9E1D /* VCUpdates.xib */ = {isa = PBXFileReference; lastKnownFileType = file.xib; path = VCUpdates.xib; sourceTree = "<group>"; };
		3CDBAA96202341E10088B706 /* GetTask.swift */ = {isa = PBXFileReference; lastKnownFileType = sourcecode.swift; path = GetTask.swift; sourceTree = "<group>"; };
		3CE435AF20225B16009CCAB1 /* Locations.swift */ = {isa = PBXFileReference; lastKnownFileType = sourcecode.swift; path = Locations.swift; sourceTree = "<group>"; };
		3CE435B120225FCB009CCAB1 /* ContactType.swift */ = {isa = PBXFileReference; lastKnownFileType = sourcecode.swift; path = ContactType.swift; sourceTree = "<group>"; };
		3CE435B32022602F009CCAB1 /* Person.swift */ = {isa = PBXFileReference; lastKnownFileType = sourcecode.swift; path = Person.swift; sourceTree = "<group>"; };
		3CE435B720226269009CCAB1 /* Contact_Id.swift */ = {isa = PBXFileReference; lastKnownFileType = sourcecode.swift; path = Contact_Id.swift; sourceTree = "<group>"; };
		3CE435B92022643B009CCAB1 /* Resources.swift */ = {isa = PBXFileReference; lastKnownFileType = sourcecode.swift; path = Resources.swift; sourceTree = "<group>"; };
		3CE435BB20226478009CCAB1 /* Resource_Id.swift */ = {isa = PBXFileReference; lastKnownFileType = sourcecode.swift; path = Resource_Id.swift; sourceTree = "<group>"; };
		3CE435BD202264D6009CCAB1 /* ContactbookingType.swift */ = {isa = PBXFileReference; lastKnownFileType = sourcecode.swift; path = ContactbookingType.swift; sourceTree = "<group>"; };
		3CE435BF20226652009CCAB1 /* Groups.swift */ = {isa = PBXFileReference; lastKnownFileType = sourcecode.swift; path = Groups.swift; sourceTree = "<group>"; };
		3CECCF0120210C3000165319 /* Schedules.swift */ = {isa = PBXFileReference; lastKnownFileType = sourcecode.swift; path = Schedules.swift; sourceTree = "<group>"; };
		3CF358D820270D5400DD12E9 /* GetEvent_Id_Resourcebookings.swift */ = {isa = PBXFileReference; lastKnownFileType = sourcecode.swift; path = GetEvent_Id_Resourcebookings.swift; sourceTree = "<group>"; };
		3CF358DC20279A1200DD12E9 /* SwitchValue.swift */ = {isa = PBXFileReference; lastKnownFileType = sourcecode.swift; path = SwitchValue.swift; sourceTree = "<group>"; };
		7052ED190F5DBC4E91F97142 /* Pods-YesplanAppUITests.debug.xcconfig */ = {isa = PBXFileReference; includeInIndex = 1; lastKnownFileType = text.xcconfig; name = "Pods-YesplanAppUITests.debug.xcconfig"; path = "Pods/Target Support Files/Pods-YesplanAppUITests/Pods-YesplanAppUITests.debug.xcconfig"; sourceTree = "<group>"; };
		A6A5641F6B10AD1FB8AA2E9D /* Pods-YesplanAppTests.release.xcconfig */ = {isa = PBXFileReference; includeInIndex = 1; lastKnownFileType = text.xcconfig; name = "Pods-YesplanAppTests.release.xcconfig"; path = "Pods/Target Support Files/Pods-YesplanAppTests/Pods-YesplanAppTests.release.xcconfig"; sourceTree = "<group>"; };
		AA458190FA2A36A120F35CA0 /* Pods_YesplanApp.framework */ = {isa = PBXFileReference; explicitFileType = wrapper.framework; includeInIndex = 0; path = Pods_YesplanApp.framework; sourceTree = BUILT_PRODUCTS_DIR; };
		E2286E441FDDB9BA006CE49D /* Events.swift */ = {isa = PBXFileReference; lastKnownFileType = sourcecode.swift; path = Events.swift; sourceTree = "<group>"; };
		E2286E461FDDBA52006CE49D /* Pagination.swift */ = {isa = PBXFileReference; lastKnownFileType = sourcecode.swift; path = Pagination.swift; sourceTree = "<group>"; };
		E2286E4E1FDDBC7B006CE49D /* JsonHelpers.swift */ = {isa = PBXFileReference; lastKnownFileType = sourcecode.swift; path = JsonHelpers.swift; sourceTree = "<group>"; };
		E22DE4691FDB173300E0F499 /* YesplanApp.app */ = {isa = PBXFileReference; explicitFileType = wrapper.application; includeInIndex = 0; path = YesplanApp.app; sourceTree = BUILT_PRODUCTS_DIR; };
		E22DE46C1FDB173300E0F499 /* AppDelegate.swift */ = {isa = PBXFileReference; lastKnownFileType = sourcecode.swift; path = AppDelegate.swift; sourceTree = "<group>"; };
		E22DE4751FDB173300E0F499 /* Assets.xcassets */ = {isa = PBXFileReference; lastKnownFileType = folder.assetcatalog; path = Assets.xcassets; sourceTree = "<group>"; };
		E22DE4781FDB173300E0F499 /* Base */ = {isa = PBXFileReference; lastKnownFileType = file.storyboard; name = Base; path = Base.lproj/LaunchScreen.storyboard; sourceTree = "<group>"; };
		E22DE47A1FDB173300E0F499 /* Info.plist */ = {isa = PBXFileReference; lastKnownFileType = text.plist.xml; path = Info.plist; sourceTree = "<group>"; };
		E22DE47F1FDB173300E0F499 /* YesplanAppTests.xctest */ = {isa = PBXFileReference; explicitFileType = wrapper.cfbundle; includeInIndex = 0; path = YesplanAppTests.xctest; sourceTree = BUILT_PRODUCTS_DIR; };
		E22DE4831FDB173300E0F499 /* YesplanAppTests.swift */ = {isa = PBXFileReference; lastKnownFileType = sourcecode.swift; path = YesplanAppTests.swift; sourceTree = "<group>"; };
		E22DE4851FDB173300E0F499 /* Info.plist */ = {isa = PBXFileReference; lastKnownFileType = text.plist.xml; path = Info.plist; sourceTree = "<group>"; };
		E22DE48A1FDB173300E0F499 /* YesplanAppUITests.xctest */ = {isa = PBXFileReference; explicitFileType = wrapper.cfbundle; includeInIndex = 0; path = YesplanAppUITests.xctest; sourceTree = BUILT_PRODUCTS_DIR; };
		E22DE48E1FDB173300E0F499 /* YesplanAppUITests.swift */ = {isa = PBXFileReference; lastKnownFileType = sourcecode.swift; path = YesplanAppUITests.swift; sourceTree = "<group>"; };
		E22DE4901FDB173300E0F499 /* Info.plist */ = {isa = PBXFileReference; lastKnownFileType = text.plist.xml; path = Info.plist; sourceTree = "<group>"; };
		E22FB6AA1FE701EE006E7658 /* Customdata.swift */ = {isa = PBXFileReference; lastKnownFileType = sourcecode.swift; path = Customdata.swift; sourceTree = "<group>"; };
		E23C6551201769E800ED40B5 /* TVCTasks.swift */ = {isa = PBXFileReference; lastKnownFileType = sourcecode.swift; path = TVCTasks.swift; sourceTree = "<group>"; };
		E23C6552201769E800ED40B5 /* TVCTasks.xib */ = {isa = PBXFileReference; lastKnownFileType = file.xib; path = TVCTasks.xib; sourceTree = "<group>"; };
		E2444C712015FD5A00556906 /* Task_Id.swift */ = {isa = PBXFileReference; lastKnownFileType = sourcecode.swift; path = Task_Id.swift; sourceTree = "<group>"; };
		E2444C752015FE4200556906 /* User_Id.swift */ = {isa = PBXFileReference; lastKnownFileType = sourcecode.swift; path = User_Id.swift; sourceTree = "<group>"; };
		E2444C772015FE6700556906 /* Usergroup_Id.swift */ = {isa = PBXFileReference; lastKnownFileType = sourcecode.swift; path = Usergroup_Id.swift; sourceTree = "<group>"; };
		E2444C792015FEB900556906 /* Base.swift */ = {isa = PBXFileReference; lastKnownFileType = sourcecode.swift; path = Base.swift; sourceTree = "<group>"; };
		E24FB9281FDFFA0D00C5242B /* Resourcebooking_Id.swift */ = {isa = PBXFileReference; lastKnownFileType = sourcecode.swift; path = Resourcebooking_Id.swift; sourceTree = "<group>"; };
		E24FB92C1FDFFA8900C5242B /* ResourceInstance_Id.swift */ = {isa = PBXFileReference; lastKnownFileType = sourcecode.swift; path = ResourceInstance_Id.swift; sourceTree = "<group>"; };
		E24FB92E1FDFFB0000C5242B /* ResourcePlaceholder.swift */ = {isa = PBXFileReference; lastKnownFileType = sourcecode.swift; path = ResourcePlaceholder.swift; sourceTree = "<group>"; };
		E24FB9301FDFFB8B00C5242B /* Costmodel.swift */ = {isa = PBXFileReference; lastKnownFileType = sourcecode.swift; path = Costmodel.swift; sourceTree = "<group>"; };
		E24FB9321FDFFC0D00C5242B /* Discount_Formula.swift */ = {isa = PBXFileReference; lastKnownFileType = sourcecode.swift; path = Discount_Formula.swift; sourceTree = "<group>"; };
		E24FB9341FDFFC3800C5242B /* Formula.swift */ = {isa = PBXFileReference; lastKnownFileType = sourcecode.swift; path = Formula.swift; sourceTree = "<group>"; };
		E24FB9361FDFFD1800C5242B /* Resource.swift */ = {isa = PBXFileReference; lastKnownFileType = sourcecode.swift; path = Resource.swift; sourceTree = "<group>"; };
		E24FB9381FDFFF0500C5242B /* CostFormula.swift */ = {isa = PBXFileReference; lastKnownFileType = sourcecode.swift; path = CostFormula.swift; sourceTree = "<group>"; };
		E24FB93A1FDFFF6E00C5242B /* Priceformula.swift */ = {isa = PBXFileReference; lastKnownFileType = sourcecode.swift; path = Priceformula.swift; sourceTree = "<group>"; };
		E25513F71FE856D400C76673 /* GetSchedule.swift */ = {isa = PBXFileReference; lastKnownFileType = sourcecode.swift; path = GetSchedule.swift; sourceTree = "<group>"; };
		E25513FB1FE8588B00C76673 /* Schedule.swift */ = {isa = PBXFileReference; lastKnownFileType = sourcecode.swift; path = Schedule.swift; sourceTree = "<group>"; };
		E25513FD1FE858D400C76673 /* Entry.swift */ = {isa = PBXFileReference; lastKnownFileType = sourcecode.swift; path = Entry.swift; sourceTree = "<group>"; };
		E260596E201688F800C8BE6A /* VCTasks.swift */ = {isa = PBXFileReference; lastKnownFileType = sourcecode.swift; path = VCTasks.swift; sourceTree = "<group>"; };
		E260596F201688F800C8BE6A /* VCTasks.xib */ = {isa = PBXFileReference; lastKnownFileType = file.xib; path = VCTasks.xib; sourceTree = "<group>"; };
		E262445C1FE9989E001CCE59 /* DVCEventInfo.swift */ = {isa = PBXFileReference; lastKnownFileType = sourcecode.swift; path = DVCEventInfo.swift; sourceTree = "<group>"; };
		E262445D1FE9989E001CCE59 /* DVCEventInfo.xib */ = {isa = PBXFileReference; lastKnownFileType = file.xib; path = DVCEventInfo.xib; sourceTree = "<group>"; };
		E26244601FE998DF001CCE59 /* DVCEventLocation.swift */ = {isa = PBXFileReference; lastKnownFileType = sourcecode.swift; path = DVCEventLocation.swift; sourceTree = "<group>"; };
		E26244611FE998DF001CCE59 /* DVCEventLocation.xib */ = {isa = PBXFileReference; lastKnownFileType = file.xib; path = DVCEventLocation.xib; sourceTree = "<group>"; };
		E26244641FE998F7001CCE59 /* DVCEventTeam.swift */ = {isa = PBXFileReference; lastKnownFileType = sourcecode.swift; path = DVCEventTeam.swift; sourceTree = "<group>"; };
		E26244651FE998F7001CCE59 /* DVCEventTeam.xib */ = {isa = PBXFileReference; lastKnownFileType = file.xib; path = DVCEventTeam.xib; sourceTree = "<group>"; };
		E26244681FE9990E001CCE59 /* DVCEventResources.swift */ = {isa = PBXFileReference; lastKnownFileType = sourcecode.swift; path = DVCEventResources.swift; sourceTree = "<group>"; };
		E26244691FE9990E001CCE59 /* DVCEventResources.xib */ = {isa = PBXFileReference; lastKnownFileType = file.xib; path = DVCEventResources.xib; sourceTree = "<group>"; };
		E262446C1FE99923001CCE59 /* DVCEventTasks.swift */ = {isa = PBXFileReference; lastKnownFileType = sourcecode.swift; path = DVCEventTasks.swift; sourceTree = "<group>"; };
		E262446D1FE99923001CCE59 /* DVCEventTasks.xib */ = {isa = PBXFileReference; lastKnownFileType = file.xib; path = DVCEventTasks.xib; sourceTree = "<group>"; };
		E26244701FE99945001CCE59 /* DVCEventContacts.swift */ = {isa = PBXFileReference; lastKnownFileType = sourcecode.swift; path = DVCEventContacts.swift; sourceTree = "<group>"; };
		E26244711FE99945001CCE59 /* DVCEventContacts.xib */ = {isa = PBXFileReference; lastKnownFileType = file.xib; path = DVCEventContacts.xib; sourceTree = "<group>"; };
		E26244741FE99966001CCE59 /* DVCEventAttachments.swift */ = {isa = PBXFileReference; lastKnownFileType = sourcecode.swift; path = DVCEventAttachments.swift; sourceTree = "<group>"; };
		E26244751FE99966001CCE59 /* DVCEventAttachments.xib */ = {isa = PBXFileReference; lastKnownFileType = file.xib; path = DVCEventAttachments.xib; sourceTree = "<group>"; };
		E26244781FE9AD8E001CCE59 /* DVCEventCustomData.swift */ = {isa = PBXFileReference; lastKnownFileType = sourcecode.swift; path = DVCEventCustomData.swift; sourceTree = "<group>"; };
		E26244791FE9AD8E001CCE59 /* DVCEventCustomData.xib */ = {isa = PBXFileReference; lastKnownFileType = file.xib; path = DVCEventCustomData.xib; sourceTree = "<group>"; };
		E262447C1FE9B5AB001CCE59 /* GetCustomData.swift */ = {isa = PBXFileReference; lastKnownFileType = sourcecode.swift; path = GetCustomData.swift; sourceTree = "<group>"; };
		E265B3171FDF22AF0000591B /* ContactLink_Id.swift */ = {isa = PBXFileReference; lastKnownFileType = sourcecode.swift; path = ContactLink_Id.swift; sourceTree = "<group>"; };
		E265B3191FDF25950000591B /* Contact.swift */ = {isa = PBXFileReference; lastKnownFileType = sourcecode.swift; path = Contact.swift; sourceTree = "<group>"; };
		E265B31B1FDF27290000591B /* Event_Id.swift */ = {isa = PBXFileReference; lastKnownFileType = sourcecode.swift; path = Event_Id.swift; sourceTree = "<group>"; };
		E265B31D1FDF2AF70000591B /* Contacts.swift */ = {isa = PBXFileReference; lastKnownFileType = sourcecode.swift; path = Contacts.swift; sourceTree = "<group>"; };
		E265B31F1FDF2B7C0000591B /* Task.swift */ = {isa = PBXFileReference; lastKnownFileType = sourcecode.swift; path = Task.swift; sourceTree = "<group>"; };
		E265B3211FDF2BD50000591B /* Attributes.swift */ = {isa = PBXFileReference; lastKnownFileType = sourcecode.swift; path = Attributes.swift; sourceTree = "<group>"; };
		E265B3251FDF2C440000591B /* Own.swift */ = {isa = PBXFileReference; lastKnownFileType = sourcecode.swift; path = Own.swift; sourceTree = "<group>"; };
		E265B3271FDF2C830000591B /* Profile_Id.swift */ = {isa = PBXFileReference; lastKnownFileType = sourcecode.swift; path = Profile_Id.swift; sourceTree = "<group>"; };
		E265B3291FDF2CA90000591B /* Status_Id.swift */ = {isa = PBXFileReference; lastKnownFileType = sourcecode.swift; path = Status_Id.swift; sourceTree = "<group>"; };
		E265B32B1FDF2CED0000591B /* LinkAttachment.swift */ = {isa = PBXFileReference; lastKnownFileType = sourcecode.swift; path = LinkAttachment.swift; sourceTree = "<group>"; };
		E265B32D1FDF2D1A0000591B /* Organization.swift */ = {isa = PBXFileReference; lastKnownFileType = sourcecode.swift; path = Organization.swift; sourceTree = "<group>"; };
		E265B32F1FDF2D520000591B /* Contactinfo.swift */ = {isa = PBXFileReference; lastKnownFileType = sourcecode.swift; path = Contactinfo.swift; sourceTree = "<group>"; };
		E265B3311FDF2D7B0000591B /* Address.swift */ = {isa = PBXFileReference; lastKnownFileType = sourcecode.swift; path = Address.swift; sourceTree = "<group>"; };
		E26A7D431FDC53A800F55465 /* VCEvents.swift */ = {isa = PBXFileReference; fileEncoding = 4; lastKnownFileType = sourcecode.swift; path = VCEvents.swift; sourceTree = "<group>"; };
		E26A7D441FDC53A800F55465 /* VCEvents.xib */ = {isa = PBXFileReference; fileEncoding = 4; lastKnownFileType = file.xib; path = VCEvents.xib; sourceTree = "<group>"; };
		E26A7D481FDC55C600F55465 /* TVCEvents.swift */ = {isa = PBXFileReference; lastKnownFileType = sourcecode.swift; path = TVCEvents.swift; sourceTree = "<group>"; };
		E26A7D491FDC55C600F55465 /* TVCEvents.xib */ = {isa = PBXFileReference; lastKnownFileType = file.xib; path = TVCEvents.xib; sourceTree = "<group>"; };
		E29CF9091FE152CC005038A8 /* Resourcebookings.swift */ = {isa = PBXFileReference; lastKnownFileType = sourcecode.swift; path = Resourcebookings.swift; sourceTree = "<group>"; };
		E2A07FD41FDF308600F0D94B /* Group_Id.swift */ = {isa = PBXFileReference; lastKnownFileType = sourcecode.swift; path = Group_Id.swift; sourceTree = "<group>"; };
		E2A07FD61FDF317100F0D94B /* Child.swift */ = {isa = PBXFileReference; lastKnownFileType = sourcecode.swift; path = Child.swift; sourceTree = "<group>"; };
		E2A07FD81FDF319D00F0D94B /* Location_Id.swift */ = {isa = PBXFileReference; lastKnownFileType = sourcecode.swift; path = Location_Id.swift; sourceTree = "<group>"; };
		E2A07FDA1FDF333B00F0D94B /* Tasks.swift */ = {isa = PBXFileReference; lastKnownFileType = sourcecode.swift; path = Tasks.swift; sourceTree = "<group>"; };
		E2A07FDC1FDF379500F0D94B /* Profiles.swift */ = {isa = PBXFileReference; lastKnownFileType = sourcecode.swift; path = Profiles.swift; sourceTree = "<group>"; };
		E2A07FDE1FDF38E600F0D94B /* GetProfiles.swift */ = {isa = PBXFileReference; lastKnownFileType = sourcecode.swift; path = GetProfiles.swift; sourceTree = "<group>"; };
		E2AE9A661FE2940D00FD0C8A /* TBCEvent.swift */ = {isa = PBXFileReference; lastKnownFileType = sourcecode.swift; path = TBCEvent.swift; sourceTree = "<group>"; };
		E2AE9A671FE2940D00FD0C8A /* TBCEvent.xib */ = {isa = PBXFileReference; lastKnownFileType = file.xib; path = TBCEvent.xib; sourceTree = "<group>"; };
		E2B4AB781FDF1DBE00374830 /* Contactbooking_Id.swift */ = {isa = PBXFileReference; lastKnownFileType = sourcecode.swift; path = Contactbooking_Id.swift; sourceTree = "<group>"; };
		E2FDE60E1FE00070006BA8DD /* Amount.swift */ = {isa = PBXFileReference; lastKnownFileType = sourcecode.swift; path = Amount.swift; sourceTree = "<group>"; };
		E2FDE6101FE00185006BA8DD /* Contactbookings.swift */ = {isa = PBXFileReference; lastKnownFileType = sourcecode.swift; path = Contactbookings.swift; sourceTree = "<group>"; };
		E2FDE6121FE05EA2006BA8DD /* GetCurrentDate.swift */ = {isa = PBXFileReference; lastKnownFileType = sourcecode.swift; path = GetCurrentDate.swift; sourceTree = "<group>"; };
		E2FDE6181FE063AF006BA8DD /* GetEvents.swift */ = {isa = PBXFileReference; lastKnownFileType = sourcecode.swift; path = GetEvents.swift; sourceTree = "<group>"; };
		E2FDE61C1FE06E1B006BA8DD /* EventSection.swift */ = {isa = PBXFileReference; lastKnownFileType = sourcecode.swift; path = EventSection.swift; sourceTree = "<group>"; };
		E2FDE61E1FE0706A006BA8DD /* public func stringToDate.swift */ = {isa = PBXFileReference; fileEncoding = 4; lastKnownFileType = sourcecode.swift; path = "public func stringToDate.swift"; sourceTree = "<group>"; };
		E2FDE61F1FE0706B006BA8DD /* public func stringToSelectedDate.swift */ = {isa = PBXFileReference; fileEncoding = 4; lastKnownFileType = sourcecode.swift; path = "public func stringToSelectedDate.swift"; sourceTree = "<group>"; };
		E2FDE6201FE0706B006BA8DD /* public func stringToEventDate.swift */ = {isa = PBXFileReference; fileEncoding = 4; lastKnownFileType = sourcecode.swift; path = "public func stringToEventDate.swift"; sourceTree = "<group>"; };
		E2FDE6211FE0706B006BA8DD /* public func stringToTime.swift */ = {isa = PBXFileReference; fileEncoding = 4; lastKnownFileType = sourcecode.swift; path = "public func stringToTime.swift"; sourceTree = "<group>"; };
		E2FDE6261FE08486006BA8DD /* GetStatuses.swift */ = {isa = PBXFileReference; lastKnownFileType = sourcecode.swift; path = GetStatuses.swift; sourceTree = "<group>"; };
		E2FDE6281FE084F9006BA8DD /* Statuses.swift */ = {isa = PBXFileReference; lastKnownFileType = sourcecode.swift; path = Statuses.swift; sourceTree = "<group>"; };
		EDED9D47BBA83523959751D6 /* Pods-YesplanApp.release.xcconfig */ = {isa = PBXFileReference; includeInIndex = 1; lastKnownFileType = text.xcconfig; name = "Pods-YesplanApp.release.xcconfig"; path = "Pods/Target Support Files/Pods-YesplanApp/Pods-YesplanApp.release.xcconfig"; sourceTree = "<group>"; };
/* End PBXFileReference section */

/* Begin PBXFrameworksBuildPhase section */
		E22DE4661FDB173300E0F499 /* Frameworks */ = {
			isa = PBXFrameworksBuildPhase;
			buildActionMask = 2147483647;
			files = (
				B4E5196603F802C1A737A633 /* Pods_YesplanApp.framework in Frameworks */,
			);
			runOnlyForDeploymentPostprocessing = 0;
		};
		E22DE47C1FDB173300E0F499 /* Frameworks */ = {
			isa = PBXFrameworksBuildPhase;
			buildActionMask = 2147483647;
			files = (
				04A60B1D7314139C6AE84D2C /* Pods_YesplanAppTests.framework in Frameworks */,
			);
			runOnlyForDeploymentPostprocessing = 0;
		};
		E22DE4871FDB173300E0F499 /* Frameworks */ = {
			isa = PBXFrameworksBuildPhase;
			buildActionMask = 2147483647;
			files = (
				7BC1F0BB01E9F5B4D268EAA0 /* Pods_YesplanAppUITests.framework in Frameworks */,
			);
			runOnlyForDeploymentPostprocessing = 0;
		};
/* End PBXFrameworksBuildPhase section */

/* Begin PBXGroup section */
		85C1F0BA76B2B9D244C1F73F /* Pods */ = {
			isa = PBXGroup;
			children = (
				3C8CEDC72D233FE401C87D1E /* Pods-YesplanApp.debug.xcconfig */,
				EDED9D47BBA83523959751D6 /* Pods-YesplanApp.release.xcconfig */,
				147817E49F524B145F2BD43F /* Pods-YesplanAppTests.debug.xcconfig */,
				A6A5641F6B10AD1FB8AA2E9D /* Pods-YesplanAppTests.release.xcconfig */,
				7052ED190F5DBC4E91F97142 /* Pods-YesplanAppUITests.debug.xcconfig */,
				02A7028D2D3D95EBD87E92B7 /* Pods-YesplanAppUITests.release.xcconfig */,
			);
			name = Pods;
			sourceTree = "<group>";
		};
		E2286E431FDDB98E006CE49D /* Classes&Structs */ = {
			isa = PBXGroup;
			children = (
				3C53666720226A6800838E6D /* GlobalVariable.swift */,
				E2286E4E1FDDBC7B006CE49D /* JsonHelpers.swift */,
				E2286E441FDDB9BA006CE49D /* Events.swift */,
				3CE435BF20226652009CCAB1 /* Groups.swift */,
				E265B31D1FDF2AF70000591B /* Contacts.swift */,
				E2FDE6101FE00185006BA8DD /* Contactbookings.swift */,
				E2A07FDA1FDF333B00F0D94B /* Tasks.swift */,
				E2A07FDC1FDF379500F0D94B /* Profiles.swift */,
				E2FDE6281FE084F9006BA8DD /* Statuses.swift */,
				E29CF9091FE152CC005038A8 /* Resourcebookings.swift */,
				3CE435B92022643B009CCAB1 /* Resources.swift */,
				E2FDE61C1FE06E1B006BA8DD /* EventSection.swift */,
				3CECCF0120210C3000165319 /* Schedules.swift */,
				E25513FB1FE8588B00C76673 /* Schedule.swift */,
				E2286E461FDDBA52006CE49D /* Pagination.swift */,
				E265B3311FDF2D7B0000591B /* Address.swift */,
				E265B3211FDF2BD50000591B /* Attributes.swift */,
				E2444C712015FD5A00556906 /* Task_Id.swift */,
				E2444C792015FEB900556906 /* Base.swift */,
				E2444C772015FE6700556906 /* Usergroup_Id.swift */,
				E2444C752015FE4200556906 /* User_Id.swift */,
				E2A07FD61FDF317100F0D94B /* Child.swift */,
				E2B4AB781FDF1DBE00374830 /* Contactbooking_Id.swift */,
				3CE435BD202264D6009CCAB1 /* ContactbookingType.swift */,
				3CE435B120225FCB009CCAB1 /* ContactType.swift */,
				E2A07FD41FDF308600F0D94B /* Group_Id.swift */,
				E265B32F1FDF2D520000591B /* Contactinfo.swift */,
				E265B3171FDF22AF0000591B /* ContactLink_Id.swift */,
				E265B3191FDF25950000591B /* Contact.swift */,
				3CE435B720226269009CCAB1 /* Contact_Id.swift */,
				E25513FD1FE858D400C76673 /* Entry.swift */,
				E265B31B1FDF27290000591B /* Event_Id.swift */,
				E265B32B1FDF2CED0000591B /* LinkAttachment.swift */,
				E265B32D1FDF2D1A0000591B /* Organization.swift */,
				E265B3251FDF2C440000591B /* Own.swift */,
				E265B3271FDF2C830000591B /* Profile_Id.swift */,
				E265B3291FDF2CA90000591B /* Status_Id.swift */,
				E265B31F1FDF2B7C0000591B /* Task.swift */,
				E2A07FD81FDF319D00F0D94B /* Location_Id.swift */,
				3CE435AF20225B16009CCAB1 /* Locations.swift */,
				E24FB9361FDFFD1800C5242B /* Resource.swift */,
				3CE435BB20226478009CCAB1 /* Resource_Id.swift */,
				E24FB9281FDFFA0D00C5242B /* Resourcebooking_Id.swift */,
				E24FB92C1FDFFA8900C5242B /* ResourceInstance_Id.swift */,
				E24FB92E1FDFFB0000C5242B /* ResourcePlaceholder.swift */,
				E24FB9301FDFFB8B00C5242B /* Costmodel.swift */,
				E24FB9321FDFFC0D00C5242B /* Discount_Formula.swift */,
				E24FB9341FDFFC3800C5242B /* Formula.swift */,
				E24FB9381FDFFF0500C5242B /* CostFormula.swift */,
				E24FB93A1FDFFF6E00C5242B /* Priceformula.swift */,
				E2FDE60E1FE00070006BA8DD /* Amount.swift */,
				E22FB6AA1FE701EE006E7658 /* Customdata.swift */,
				3CC1461D2018E9DB00ABE404 /* TasksSection.swift */,
				3CE435B32022602F009CCAB1 /* Person.swift */,
				3C2A4E9A2025F1A80011A367 /* JSONValues.swift */,
				3C2A4E982025F0A40011A367 /* JSONValue.swift */,
				3C2A4E9C20265F980011A367 /* ExpandableNames.swift */,
			);
			path = "Classes&Structs";
			sourceTree = "<group>";
		};
		E22DE4601FDB173200E0F499 = {
			isa = PBXGroup;
			children = (
				E22DE46B1FDB173300E0F499 /* YesplanApp */,
				E22DE47A1FDB173300E0F499 /* Info.plist */,
				E22DE4821FDB173300E0F499 /* YesplanAppTests */,
				E22DE48D1FDB173300E0F499 /* YesplanAppUITests */,
				E22DE46A1FDB173300E0F499 /* Products */,
				85C1F0BA76B2B9D244C1F73F /* Pods */,
				EF9E0C6E881BF05A3A8AD39B /* Frameworks */,
			);
			sourceTree = "<group>";
		};
		E22DE46A1FDB173300E0F499 /* Products */ = {
			isa = PBXGroup;
			children = (
				E22DE4691FDB173300E0F499 /* YesplanApp.app */,
				E22DE47F1FDB173300E0F499 /* YesplanAppTests.xctest */,
				E22DE48A1FDB173300E0F499 /* YesplanAppUITests.xctest */,
			);
			name = Products;
			sourceTree = "<group>";
		};
		E22DE46B1FDB173300E0F499 /* YesplanApp */ = {
			isa = PBXGroup;
			children = (
				E2286E431FDDB98E006CE49D /* Classes&Structs */,
				E22DE46C1FDB173300E0F499 /* AppDelegate.swift */,
				E22DE4751FDB173300E0F499 /* Assets.xcassets */,
				E2DAC6AB1FDC188D00B5B81B /* MainStoryboards */,
				E26A7D471FDC53B700F55465 /* VCs */,
				E29CF9131FE1B93A005038A8 /* DVC */,
				E2AE9A6A1FE2941700FD0C8A /* TBC */,
				E26A7D4C1FDC55D100F55465 /* Cells */,
				E2A07FE01FDF38EE00F0D94B /* functions */,
			);
			path = YesplanApp;
			sourceTree = "<group>";
		};
		E22DE4821FDB173300E0F499 /* YesplanAppTests */ = {
			isa = PBXGroup;
			children = (
				E22DE4831FDB173300E0F499 /* YesplanAppTests.swift */,
				E22DE4851FDB173300E0F499 /* Info.plist */,
			);
			path = YesplanAppTests;
			sourceTree = "<group>";
		};
		E22DE48D1FDB173300E0F499 /* YesplanAppUITests */ = {
			isa = PBXGroup;
			children = (
				E22DE48E1FDB173300E0F499 /* YesplanAppUITests.swift */,
				E22DE4901FDB173300E0F499 /* Info.plist */,
			);
			path = YesplanAppUITests;
			sourceTree = "<group>";
		};
		E26A7D471FDC53B700F55465 /* VCs */ = {
			isa = PBXGroup;
			children = (
				E26A7D431FDC53A800F55465 /* VCEvents.swift */,
				E26A7D441FDC53A800F55465 /* VCEvents.xib */,
				3CDAA4D2201E1E6F008F9E1D /* VCTeamplanner.swift */,
				3CDAA4D3201E1E6F008F9E1D /* VCTeamplanner.xib */,
				3CDAA4D6201E1E99008F9E1D /* VCResources.swift */,
				3CDAA4D7201E1E99008F9E1D /* VCResources.xib */,
				3CDAA4DA201E1EDA008F9E1D /* VCContacts.swift */,
				3CDAA4DB201E1EDA008F9E1D /* VCContacts.xib */,
				E260596E201688F800C8BE6A /* VCTasks.swift */,
				E260596F201688F800C8BE6A /* VCTasks.xib */,
				3CDAA4DE201E1EF7008F9E1D /* VCReports.swift */,
				3CDAA4DF201E1EF7008F9E1D /* VCReports.xib */,
				3CDAA4F0201E4C4B008F9E1D /* VCHelp.swift */,
				3CDAA4F1201E4C4B008F9E1D /* VCHelp.xib */,
				3CDAA4F4201E4C5E008F9E1D /* VCSearch.swift */,
				3CDAA4F5201E4C5E008F9E1D /* VCSearch.xib */,
				3CDAA4F8201E4C71008F9E1D /* VCUser.swift */,
				3CDAA4F9201E4C71008F9E1D /* VCUser.xib */,
				3CDAA4FC201E4C8E008F9E1D /* VCTodo.swift */,
				3CDAA4FD201E4C8E008F9E1D /* VCTodo.xib */,
				3CDAA500201E4C9E008F9E1D /* VCConflicts.swift */,
				3CDAA501201E4C9E008F9E1D /* VCConflicts.xib */,
				3CDAA504201E4CB0008F9E1D /* VCUpdates.swift */,
				3CDAA505201E4CB0008F9E1D /* VCUpdates.xib */,
			);
			path = VCs;
			sourceTree = "<group>";
		};
		E26A7D4C1FDC55D100F55465 /* Cells */ = {
			isa = PBXGroup;
			children = (
				E26A7D481FDC55C600F55465 /* TVCEvents.swift */,
				E26A7D491FDC55C600F55465 /* TVCEvents.xib */,
				E23C6551201769E800ED40B5 /* TVCTasks.swift */,
				E23C6552201769E800ED40B5 /* TVCTasks.xib */,
			);
			path = Cells;
			sourceTree = "<group>";
		};
		E29CF9131FE1B93A005038A8 /* DVC */ = {
			isa = PBXGroup;
			children = (
				3C6DE9D5201F4D6400446ACD /* DVCEventOLD.swift */,
				3C6DE9D6201F4D6400446ACD /* DVCEventOLD.xib */,
				3CA6E797201FCF5600499A3D /* DVCEvent.swift */,
				3CA6E798201FCF5600499A3D /* DVCEvent.xib */,
				3C257EA6201F8DAE00D23B3A /* DVCNav.swift */,
				3C257EA7201F8DAE00D23B3A /* DVCNav.xib */,
				E262445C1FE9989E001CCE59 /* DVCEventInfo.swift */,
				E262445D1FE9989E001CCE59 /* DVCEventInfo.xib */,
				3CA6E793201FC55900499A3D /* DVCEventSchedule.swift */,
				3CA6E794201FC55900499A3D /* DVCEventSchedule.xib */,
				E26244601FE998DF001CCE59 /* DVCEventLocation.swift */,
				E26244611FE998DF001CCE59 /* DVCEventLocation.xib */,
				E26244641FE998F7001CCE59 /* DVCEventTeam.swift */,
				E26244651FE998F7001CCE59 /* DVCEventTeam.xib */,
				E26244681FE9990E001CCE59 /* DVCEventResources.swift */,
				E26244691FE9990E001CCE59 /* DVCEventResources.xib */,
				E262446C1FE99923001CCE59 /* DVCEventTasks.swift */,
				E262446D1FE99923001CCE59 /* DVCEventTasks.xib */,
				E26244701FE99945001CCE59 /* DVCEventContacts.swift */,
				E26244711FE99945001CCE59 /* DVCEventContacts.xib */,
				E26244741FE99966001CCE59 /* DVCEventAttachments.swift */,
				E26244751FE99966001CCE59 /* DVCEventAttachments.xib */,
				E26244781FE9AD8E001CCE59 /* DVCEventCustomData.swift */,
				E26244791FE9AD8E001CCE59 /* DVCEventCustomData.xib */,
				3CC14623201BB56200ABE404 /* DVCTask.swift */,
				3CC14624201BB56200ABE404 /* DVCTask.xib */,
				3C2A4E942025D3630011A367 /* DVCTableView.swift */,
			);
			path = DVC;
			sourceTree = "<group>";
		};
		E2A07FE01FDF38EE00F0D94B /* functions */ = {
			isa = PBXGroup;
			children = (
				3C2A4E962025D4E60011A367 /* GetJSON.swift */,
				3CF358DC20279A1200DD12E9 /* SwitchValue.swift */,
				E2FDE61E1FE0706A006BA8DD /* public func stringToDate.swift */,
				3CC1462120193CF400ABE404 /* func stringToDateShort.swift */,
				E2FDE6201FE0706B006BA8DD /* public func stringToEventDate.swift */,
				E2FDE61F1FE0706B006BA8DD /* public func stringToSelectedDate.swift */,
				E2FDE6211FE0706B006BA8DD /* public func stringToTime.swift */,
				E2A07FDE1FDF38E600F0D94B /* GetProfiles.swift */,
				E2FDE6261FE08486006BA8DD /* GetStatuses.swift */,
				E2FDE6121FE05EA2006BA8DD /* GetCurrentDate.swift */,
				E2FDE6181FE063AF006BA8DD /* GetEvents.swift */,
				3CF358D820270D5400DD12E9 /* GetEvent_Id_Resourcebookings.swift */,
				3CDBAA96202341E10088B706 /* GetTask.swift */,
				3CC1461F2018EA5A00ABE404 /* GetTasks.swift */,
				E25513F71FE856D400C76673 /* GetSchedule.swift */,
				3C536669202273D000838E6D /* GetLocation.swift */,
				E262447C1FE9B5AB001CCE59 /* GetCustomData.swift */,
			);
			path = functions;
			sourceTree = "<group>";
		};
		E2AE9A6A1FE2941700FD0C8A /* TBC */ = {
			isa = PBXGroup;
			children = (
				E2AE9A661FE2940D00FD0C8A /* TBCEvent.swift */,
				E2AE9A671FE2940D00FD0C8A /* TBCEvent.xib */,
			);
			path = TBC;
			sourceTree = "<group>";
		};
		E2DAC6AB1FDC188D00B5B81B /* MainStoryboards */ = {
			isa = PBXGroup;
			children = (
				E22DE4771FDB173300E0F499 /* LaunchScreen.storyboard */,
			);
			path = MainStoryboards;
			sourceTree = "<group>";
		};
		EF9E0C6E881BF05A3A8AD39B /* Frameworks */ = {
			isa = PBXGroup;
			children = (
				AA458190FA2A36A120F35CA0 /* Pods_YesplanApp.framework */,
				1CA4A1325DBB2A2E91623863 /* Pods_YesplanAppTests.framework */,
				38FF9E26510767B6C242C605 /* Pods_YesplanAppUITests.framework */,
			);
			name = Frameworks;
			sourceTree = "<group>";
		};
/* End PBXGroup section */

/* Begin PBXNativeTarget section */
		E22DE4681FDB173300E0F499 /* YesplanApp */ = {
			isa = PBXNativeTarget;
			buildConfigurationList = E22DE4931FDB173300E0F499 /* Build configuration list for PBXNativeTarget "YesplanApp" */;
			buildPhases = (
				667B5AE74CD41C6E72A6F1CE /* [CP] Check Pods Manifest.lock */,
				E22DE4651FDB173300E0F499 /* Sources */,
				E22DE4661FDB173300E0F499 /* Frameworks */,
				E22DE4671FDB173300E0F499 /* Resources */,
				18633CAB849B8C83AA2FF949 /* [CP] Embed Pods Frameworks */,
				2D1E08675B7080829AC89435 /* [CP] Copy Pods Resources */,
			);
			buildRules = (
				E2797444200F8DA000DD5850 /* PBXBuildRule */,
			);
			dependencies = (
			);
			name = YesplanApp;
			productName = YesplanApp;
			productReference = E22DE4691FDB173300E0F499 /* YesplanApp.app */;
			productType = "com.apple.product-type.application";
		};
		E22DE47E1FDB173300E0F499 /* YesplanAppTests */ = {
			isa = PBXNativeTarget;
			buildConfigurationList = E22DE4961FDB173300E0F499 /* Build configuration list for PBXNativeTarget "YesplanAppTests" */;
			buildPhases = (
				DECB15FF0169B028E222E7B0 /* [CP] Check Pods Manifest.lock */,
				E22DE47B1FDB173300E0F499 /* Sources */,
				E22DE47C1FDB173300E0F499 /* Frameworks */,
				E22DE47D1FDB173300E0F499 /* Resources */,
				5EABB7CA6B57D2C5D0BB27D9 /* [CP] Embed Pods Frameworks */,
				58FBEFD2815561F3ED6A9DC7 /* [CP] Copy Pods Resources */,
			);
			buildRules = (
			);
			dependencies = (
				E22DE4811FDB173300E0F499 /* PBXTargetDependency */,
			);
			name = YesplanAppTests;
			productName = YesplanAppTests;
			productReference = E22DE47F1FDB173300E0F499 /* YesplanAppTests.xctest */;
			productType = "com.apple.product-type.bundle.unit-test";
		};
		E22DE4891FDB173300E0F499 /* YesplanAppUITests */ = {
			isa = PBXNativeTarget;
			buildConfigurationList = E22DE4991FDB173300E0F499 /* Build configuration list for PBXNativeTarget "YesplanAppUITests" */;
			buildPhases = (
				9BB917380DE42CA28E8C34B5 /* [CP] Check Pods Manifest.lock */,
				E22DE4861FDB173300E0F499 /* Sources */,
				E22DE4871FDB173300E0F499 /* Frameworks */,
				E22DE4881FDB173300E0F499 /* Resources */,
				8A769105AB827FAC9B7CDD2F /* [CP] Embed Pods Frameworks */,
				EEF2CD21A1525261EF7D49FE /* [CP] Copy Pods Resources */,
			);
			buildRules = (
			);
			dependencies = (
				E22DE48C1FDB173300E0F499 /* PBXTargetDependency */,
			);
			name = YesplanAppUITests;
			productName = YesplanAppUITests;
			productReference = E22DE48A1FDB173300E0F499 /* YesplanAppUITests.xctest */;
			productType = "com.apple.product-type.bundle.ui-testing";
		};
/* End PBXNativeTarget section */

/* Begin PBXProject section */
		E22DE4611FDB173200E0F499 /* Project object */ = {
			isa = PBXProject;
			attributes = {
				LastSwiftUpdateCheck = 0920;
				LastUpgradeCheck = 0920;
				ORGANIZATIONNAME = TomPlan;
				TargetAttributes = {
					E22DE4681FDB173300E0F499 = {
						CreatedOnToolsVersion = 9.2;
						ProvisioningStyle = Automatic;
					};
					E22DE47E1FDB173300E0F499 = {
						CreatedOnToolsVersion = 9.2;
						ProvisioningStyle = Automatic;
						TestTargetID = E22DE4681FDB173300E0F499;
					};
					E22DE4891FDB173300E0F499 = {
						CreatedOnToolsVersion = 9.2;
						ProvisioningStyle = Automatic;
						TestTargetID = E22DE4681FDB173300E0F499;
					};
				};
			};
			buildConfigurationList = E22DE4641FDB173300E0F499 /* Build configuration list for PBXProject "yesplanapp" */;
			compatibilityVersion = "Xcode 8.0";
			developmentRegion = en;
			hasScannedForEncodings = 0;
			knownRegions = (
				en,
				Base,
			);
			mainGroup = E22DE4601FDB173200E0F499;
			productRefGroup = E22DE46A1FDB173300E0F499 /* Products */;
			projectDirPath = "";
			projectRoot = "";
			targets = (
				E22DE4681FDB173300E0F499 /* YesplanApp */,
				E22DE47E1FDB173300E0F499 /* YesplanAppTests */,
				E22DE4891FDB173300E0F499 /* YesplanAppUITests */,
			);
		};
/* End PBXProject section */

/* Begin PBXResourcesBuildPhase section */
		E22DE4671FDB173300E0F499 /* Resources */ = {
			isa = PBXResourcesBuildPhase;
			buildActionMask = 2147483647;
			files = (
				E22DE4791FDB173300E0F499 /* LaunchScreen.storyboard in Resources */,
				3CDAA503201E4C9E008F9E1D /* VCConflicts.xib in Resources */,
				3CDAA4FF201E4C8E008F9E1D /* VCTodo.xib in Resources */,
				3CA6E796201FC55900499A3D /* DVCEventSchedule.xib in Resources */,
				E2605971201688F800C8BE6A /* VCTasks.xib in Resources */,
				3CDAA4D1201C7D34008F9E1D /* Assets.xcassets in Resources */,
				3C6DE9D8201F4D6400446ACD /* DVCEventOLD.xib in Resources */,
				3C257EA9201F8DAE00D23B3A /* DVCNav.xib in Resources */,
				3CC14626201BB56200ABE404 /* DVCTask.xib in Resources */,
				3CDAA4F7201E4C5E008F9E1D /* VCSearch.xib in Resources */,
				E26244771FE99966001CCE59 /* DVCEventAttachments.xib in Resources */,
				E26244731FE99945001CCE59 /* DVCEventContacts.xib in Resources */,
				E262445F1FE9989E001CCE59 /* DVCEventInfo.xib in Resources */,
				E2AE9A691FE2940D00FD0C8A /* TBCEvent.xib in Resources */,
				E23C6554201769E800ED40B5 /* TVCTasks.xib in Resources */,
				3CDAA4DD201E1EDA008F9E1D /* VCContacts.xib in Resources */,
				3CDAA4E1201E1EF7008F9E1D /* VCReports.xib in Resources */,
				E26A7D4B1FDC55C600F55465 /* TVCEvents.xib in Resources */,
				E26244671FE998F7001CCE59 /* DVCEventTeam.xib in Resources */,
				3CDAA4D9201E1E99008F9E1D /* VCResources.xib in Resources */,
				E262446F1FE99923001CCE59 /* DVCEventTasks.xib in Resources */,
				3CDAA4F3201E4C4B008F9E1D /* VCHelp.xib in Resources */,
				E262446B1FE9990E001CCE59 /* DVCEventResources.xib in Resources */,
				3CDAA4FB201E4C71008F9E1D /* VCUser.xib in Resources */,
				E26244631FE998DF001CCE59 /* DVCEventLocation.xib in Resources */,
				E26A7D461FDC53A900F55465 /* VCEvents.xib in Resources */,
				E262447B1FE9AD8E001CCE59 /* DVCEventCustomData.xib in Resources */,
				3CDAA507201E4CB0008F9E1D /* VCUpdates.xib in Resources */,
				3CA6E79A201FCF5600499A3D /* DVCEvent.xib in Resources */,
				3CDAA4D5201E1E6F008F9E1D /* VCTeamplanner.xib in Resources */,
			);
			runOnlyForDeploymentPostprocessing = 0;
		};
		E22DE47D1FDB173300E0F499 /* Resources */ = {
			isa = PBXResourcesBuildPhase;
			buildActionMask = 2147483647;
			files = (
			);
			runOnlyForDeploymentPostprocessing = 0;
		};
		E22DE4881FDB173300E0F499 /* Resources */ = {
			isa = PBXResourcesBuildPhase;
			buildActionMask = 2147483647;
			files = (
			);
			runOnlyForDeploymentPostprocessing = 0;
		};
/* End PBXResourcesBuildPhase section */

/* Begin PBXShellScriptBuildPhase section */
		18633CAB849B8C83AA2FF949 /* [CP] Embed Pods Frameworks */ = {
			isa = PBXShellScriptBuildPhase;
			buildActionMask = 2147483647;
			files = (
			);
			inputPaths = (
				"${SRCROOT}/Pods/Target Support Files/Pods-YesplanApp/Pods-YesplanApp-frameworks.sh",
				"${BUILT_PRODUCTS_DIR}/Sourcery-AutoJSONSerializable/Sourcery_AutoJSONSerializable.framework",
			);
			name = "[CP] Embed Pods Frameworks";
			outputPaths = (
				"${TARGET_BUILD_DIR}/${FRAMEWORKS_FOLDER_PATH}/Sourcery_AutoJSONSerializable.framework",
			);
			runOnlyForDeploymentPostprocessing = 0;
			shellPath = /bin/sh;
			shellScript = "\"${SRCROOT}/Pods/Target Support Files/Pods-YesplanApp/Pods-YesplanApp-frameworks.sh\"\n";
			showEnvVarsInLog = 0;
		};
		2D1E08675B7080829AC89435 /* [CP] Copy Pods Resources */ = {
			isa = PBXShellScriptBuildPhase;
			buildActionMask = 2147483647;
			files = (
			);
			inputPaths = (
			);
			name = "[CP] Copy Pods Resources";
			outputPaths = (
			);
			runOnlyForDeploymentPostprocessing = 0;
			shellPath = /bin/sh;
			shellScript = "\"${SRCROOT}/Pods/Target Support Files/Pods-YesplanApp/Pods-YesplanApp-resources.sh\"\n";
			showEnvVarsInLog = 0;
		};
		58FBEFD2815561F3ED6A9DC7 /* [CP] Copy Pods Resources */ = {
			isa = PBXShellScriptBuildPhase;
			buildActionMask = 2147483647;
			files = (
			);
			inputPaths = (
			);
			name = "[CP] Copy Pods Resources";
			outputPaths = (
			);
			runOnlyForDeploymentPostprocessing = 0;
			shellPath = /bin/sh;
			shellScript = "\"${SRCROOT}/Pods/Target Support Files/Pods-YesplanAppTests/Pods-YesplanAppTests-resources.sh\"\n";
			showEnvVarsInLog = 0;
		};
		5EABB7CA6B57D2C5D0BB27D9 /* [CP] Embed Pods Frameworks */ = {
			isa = PBXShellScriptBuildPhase;
			buildActionMask = 2147483647;
			files = (
			);
			inputPaths = (
			);
			name = "[CP] Embed Pods Frameworks";
			outputPaths = (
			);
			runOnlyForDeploymentPostprocessing = 0;
			shellPath = /bin/sh;
			shellScript = "\"${SRCROOT}/Pods/Target Support Files/Pods-YesplanAppTests/Pods-YesplanAppTests-frameworks.sh\"\n";
			showEnvVarsInLog = 0;
		};
		667B5AE74CD41C6E72A6F1CE /* [CP] Check Pods Manifest.lock */ = {
			isa = PBXShellScriptBuildPhase;
			buildActionMask = 2147483647;
			files = (
			);
			inputPaths = (
				"${PODS_PODFILE_DIR_PATH}/Podfile.lock",
				"${PODS_ROOT}/Manifest.lock",
			);
			name = "[CP] Check Pods Manifest.lock";
			outputPaths = (
				"$(DERIVED_FILE_DIR)/Pods-YesplanApp-checkManifestLockResult.txt",
			);
			runOnlyForDeploymentPostprocessing = 0;
			shellPath = /bin/sh;
			shellScript = "diff \"${PODS_PODFILE_DIR_PATH}/Podfile.lock\" \"${PODS_ROOT}/Manifest.lock\" > /dev/null\nif [ $? != 0 ] ; then\n    # print error to STDERR\n    echo \"error: The sandbox is not in sync with the Podfile.lock. Run 'pod install' or update your CocoaPods installation.\" >&2\n    exit 1\nfi\n# This output is used by Xcode 'outputs' to avoid re-running this script phase.\necho \"SUCCESS\" > \"${SCRIPT_OUTPUT_FILE_0}\"\n";
			showEnvVarsInLog = 0;
		};
		8A769105AB827FAC9B7CDD2F /* [CP] Embed Pods Frameworks */ = {
			isa = PBXShellScriptBuildPhase;
			buildActionMask = 2147483647;
			files = (
			);
			inputPaths = (
			);
			name = "[CP] Embed Pods Frameworks";
			outputPaths = (
			);
			runOnlyForDeploymentPostprocessing = 0;
			shellPath = /bin/sh;
			shellScript = "\"${SRCROOT}/Pods/Target Support Files/Pods-YesplanAppUITests/Pods-YesplanAppUITests-frameworks.sh\"\n";
			showEnvVarsInLog = 0;
		};
		9BB917380DE42CA28E8C34B5 /* [CP] Check Pods Manifest.lock */ = {
			isa = PBXShellScriptBuildPhase;
			buildActionMask = 2147483647;
			files = (
			);
			inputPaths = (
				"${PODS_PODFILE_DIR_PATH}/Podfile.lock",
				"${PODS_ROOT}/Manifest.lock",
			);
			name = "[CP] Check Pods Manifest.lock";
			outputPaths = (
				"$(DERIVED_FILE_DIR)/Pods-YesplanAppUITests-checkManifestLockResult.txt",
			);
			runOnlyForDeploymentPostprocessing = 0;
			shellPath = /bin/sh;
			shellScript = "diff \"${PODS_PODFILE_DIR_PATH}/Podfile.lock\" \"${PODS_ROOT}/Manifest.lock\" > /dev/null\nif [ $? != 0 ] ; then\n    # print error to STDERR\n    echo \"error: The sandbox is not in sync with the Podfile.lock. Run 'pod install' or update your CocoaPods installation.\" >&2\n    exit 1\nfi\n# This output is used by Xcode 'outputs' to avoid re-running this script phase.\necho \"SUCCESS\" > \"${SCRIPT_OUTPUT_FILE_0}\"\n";
			showEnvVarsInLog = 0;
		};
		DECB15FF0169B028E222E7B0 /* [CP] Check Pods Manifest.lock */ = {
			isa = PBXShellScriptBuildPhase;
			buildActionMask = 2147483647;
			files = (
			);
			inputPaths = (
				"${PODS_PODFILE_DIR_PATH}/Podfile.lock",
				"${PODS_ROOT}/Manifest.lock",
			);
			name = "[CP] Check Pods Manifest.lock";
			outputPaths = (
				"$(DERIVED_FILE_DIR)/Pods-YesplanAppTests-checkManifestLockResult.txt",
			);
			runOnlyForDeploymentPostprocessing = 0;
			shellPath = /bin/sh;
			shellScript = "diff \"${PODS_PODFILE_DIR_PATH}/Podfile.lock\" \"${PODS_ROOT}/Manifest.lock\" > /dev/null\nif [ $? != 0 ] ; then\n    # print error to STDERR\n    echo \"error: The sandbox is not in sync with the Podfile.lock. Run 'pod install' or update your CocoaPods installation.\" >&2\n    exit 1\nfi\n# This output is used by Xcode 'outputs' to avoid re-running this script phase.\necho \"SUCCESS\" > \"${SCRIPT_OUTPUT_FILE_0}\"\n";
			showEnvVarsInLog = 0;
		};
		EEF2CD21A1525261EF7D49FE /* [CP] Copy Pods Resources */ = {
			isa = PBXShellScriptBuildPhase;
			buildActionMask = 2147483647;
			files = (
			);
			inputPaths = (
			);
			name = "[CP] Copy Pods Resources";
			outputPaths = (
			);
			runOnlyForDeploymentPostprocessing = 0;
			shellPath = /bin/sh;
			shellScript = "\"${SRCROOT}/Pods/Target Support Files/Pods-YesplanAppUITests/Pods-YesplanAppUITests-resources.sh\"\n";
			showEnvVarsInLog = 0;
		};
/* End PBXShellScriptBuildPhase section */

/* Begin PBXSourcesBuildPhase section */
		E22DE4651FDB173300E0F499 /* Sources */ = {
			isa = PBXSourcesBuildPhase;
			buildActionMask = 2147483647;
			files = (
				E265B31A1FDF25950000591B /* Contact.swift in Sources */,
				E265B3181FDF22AF0000591B /* ContactLink_Id.swift in Sources */,
				E2FDE6131FE05EA2006BA8DD /* GetCurrentDate.swift in Sources */,
				3C2A4E972025D4E60011A367 /* GetJSON.swift in Sources */,
				E2FDE6241FE0706B006BA8DD /* public func stringToEventDate.swift in Sources */,
				E2FDE6251FE0706B006BA8DD /* public func stringToTime.swift in Sources */,
				E29CF90A1FE152CC005038A8 /* Resourcebookings.swift in Sources */,
				E26244761FE99966001CCE59 /* DVCEventAttachments.swift in Sources */,
				E2B4AB791FDF1DBE00374830 /* Contactbooking_Id.swift in Sources */,
				E24FB9311FDFFB8C00C5242B /* Costmodel.swift in Sources */,
				3CC1462220193CF400ABE404 /* func stringToDateShort.swift in Sources */,
				3CF358DD20279A1200DD12E9 /* SwitchValue.swift in Sources */,
				3CDAA4F2201E4C4B008F9E1D /* VCHelp.swift in Sources */,
				E26244721FE99945001CCE59 /* DVCEventContacts.swift in Sources */,
				E265B32A1FDF2CA90000591B /* Status_Id.swift in Sources */,
				3CA6E795201FC55900499A3D /* DVCEventSchedule.swift in Sources */,
				E262445E1FE9989E001CCE59 /* DVCEventInfo.swift in Sources */,
				3C2A4E9B2025F1A80011A367 /* JSONValues.swift in Sources */,
				3CE435B820226269009CCAB1 /* Contact_Id.swift in Sources */,
				3CE435B020225B16009CCAB1 /* Locations.swift in Sources */,
				E26244661FE998F7001CCE59 /* DVCEventTeam.swift in Sources */,
				E2A07FDB1FDF333B00F0D94B /* Tasks.swift in Sources */,
				3C2A4E952025D3630011A367 /* DVCTableView.swift in Sources */,
				3CDBAA97202341E10088B706 /* GetTask.swift in Sources */,
				3CF358D920270D5400DD12E9 /* GetEvent_Id_Resourcebookings.swift in Sources */,
				3CE435B220225FCB009CCAB1 /* ContactType.swift in Sources */,
				E2FDE6191FE063AF006BA8DD /* GetEvents.swift in Sources */,
				3C6DE9D7201F4D6400446ACD /* DVCEventOLD.swift in Sources */,
				E2FDE6111FE00185006BA8DD /* Contactbookings.swift in Sources */,
				E2FDE6231FE0706B006BA8DD /* public func stringToSelectedDate.swift in Sources */,
				E2286E4F1FDDBC7B006CE49D /* JsonHelpers.swift in Sources */,
				E2FDE6221FE0706B006BA8DD /* public func stringToDate.swift in Sources */,
				3C2A4E9D20265F980011A367 /* ExpandableNames.swift in Sources */,
				E25513FC1FE8588B00C76673 /* Schedule.swift in Sources */,
				3CA6E799201FCF5600499A3D /* DVCEvent.swift in Sources */,
				3CDAA4D4201E1E6F008F9E1D /* VCTeamplanner.swift in Sources */,
				E262446A1FE9990E001CCE59 /* DVCEventResources.swift in Sources */,
				E265B3201FDF2B7C0000591B /* Task.swift in Sources */,
				3CC14625201BB56200ABE404 /* DVCTask.swift in Sources */,
				E265B3321FDF2D7B0000591B /* Address.swift in Sources */,
				3CDAA502201E4C9E008F9E1D /* VCConflicts.swift in Sources */,
				3CDAA4DC201E1EDA008F9E1D /* VCContacts.swift in Sources */,
				E24FB92D1FDFFA8900C5242B /* ResourceInstance_Id.swift in Sources */,
				3CDAA4D8201E1E99008F9E1D /* VCResources.swift in Sources */,
				3CE435BE202264D6009CCAB1 /* ContactbookingType.swift in Sources */,
				E265B31C1FDF27290000591B /* Event_Id.swift in Sources */,
				E23C6553201769E800ED40B5 /* TVCTasks.swift in Sources */,
				E26A7D4A1FDC55C600F55465 /* TVCEvents.swift in Sources */,
				E26244621FE998DF001CCE59 /* DVCEventLocation.swift in Sources */,
				E2FDE61D1FE06E1B006BA8DD /* EventSection.swift in Sources */,
				E24FB92F1FDFFB0000C5242B /* ResourcePlaceholder.swift in Sources */,
				E2605970201688F800C8BE6A /* VCTasks.swift in Sources */,
				E2FDE6291FE084F9006BA8DD /* Statuses.swift in Sources */,
				E2A07FD71FDF317100F0D94B /* Child.swift in Sources */,
				E2A07FD91FDF319D00F0D94B /* Location_Id.swift in Sources */,
				3CC146202018EA5A00ABE404 /* GetTasks.swift in Sources */,
				3CE435BC20226478009CCAB1 /* Resource_Id.swift in Sources */,
				E2AE9A681FE2940D00FD0C8A /* TBCEvent.swift in Sources */,
				E265B3261FDF2C440000591B /* Own.swift in Sources */,
				3C257EA8201F8DAE00D23B3A /* DVCNav.swift in Sources */,
				3CE435BA2022643B009CCAB1 /* Resources.swift in Sources */,
				E262446E1FE99923001CCE59 /* DVCEventTasks.swift in Sources */,
				E265B32E1FDF2D1A0000591B /* Organization.swift in Sources */,
				E2444C7A2015FEB900556906 /* Base.swift in Sources */,
				E24FB93B1FDFFF6E00C5242B /* Priceformula.swift in Sources */,
				E24FB9331FDFFC0D00C5242B /* Discount_Formula.swift in Sources */,
				E25513F81FE856D400C76673 /* GetSchedule.swift in Sources */,
				E24FB9391FDFFF0500C5242B /* CostFormula.swift in Sources */,
				3CE435B42022602F009CCAB1 /* Person.swift in Sources */,
				3CDAA4E0201E1EF7008F9E1D /* VCReports.swift in Sources */,
				E2A07FDD1FDF379500F0D94B /* Profiles.swift in Sources */,
				E265B3281FDF2C830000591B /* Profile_Id.swift in Sources */,
				E2A07FDF1FDF38E600F0D94B /* GetProfiles.swift in Sources */,
				3C53666820226A6800838E6D /* GlobalVariable.swift in Sources */,
				E2A07FD51FDF308600F0D94B /* Group_Id.swift in Sources */,
				E265B3221FDF2BD50000591B /* Attributes.swift in Sources */,
				3C53666A202273D000838E6D /* GetLocation.swift in Sources */,
				E2444C762015FE4200556906 /* User_Id.swift in Sources */,
				E265B31E1FDF2AF70000591B /* Contacts.swift in Sources */,
				E2444C722015FD5A00556906 /* Task_Id.swift in Sources */,
				E22DE46D1FDB173300E0F499 /* AppDelegate.swift in Sources */,
				E25513FE1FE858D400C76673 /* Entry.swift in Sources */,
				E262447A1FE9AD8E001CCE59 /* DVCEventCustomData.swift in Sources */,
				E2286E471FDDBA52006CE49D /* Pagination.swift in Sources */,
				E265B3301FDF2D520000591B /* Contactinfo.swift in Sources */,
				E2444C782015FE6700556906 /* Usergroup_Id.swift in Sources */,
				3CDAA4F6201E4C5E008F9E1D /* VCSearch.swift in Sources */,
				E2FDE6271FE08486006BA8DD /* GetStatuses.swift in Sources */,
				E22FB6AB1FE701EE006E7658 /* Customdata.swift in Sources */,
				3CDAA4FA201E4C71008F9E1D /* VCUser.swift in Sources */,
				3CDAA506201E4CB0008F9E1D /* VCUpdates.swift in Sources */,
				3CDAA4FE201E4C8E008F9E1D /* VCTodo.swift in Sources */,
				E265B32C1FDF2CED0000591B /* LinkAttachment.swift in Sources */,
				3C2A4E992025F0A40011A367 /* JSONValue.swift in Sources */,
				E24FB9351FDFFC3800C5242B /* Formula.swift in Sources */,
				3CC1461E2018E9DB00ABE404 /* TasksSection.swift in Sources */,
				E2286E451FDDB9BA006CE49D /* Events.swift in Sources */,
				3CE435C020226652009CCAB1 /* Groups.swift in Sources */,
				E26A7D451FDC53A900F55465 /* VCEvents.swift in Sources */,
				E2FDE60F1FE00070006BA8DD /* Amount.swift in Sources */,
				3CECCF0220210C3000165319 /* Schedules.swift in Sources */,
				E24FB9291FDFFA0D00C5242B /* Resourcebooking_Id.swift in Sources */,
				E24FB9371FDFFD1800C5242B /* Resource.swift in Sources */,
				E262447D1FE9B5AB001CCE59 /* GetCustomData.swift in Sources */,
			);
			runOnlyForDeploymentPostprocessing = 0;
		};
		E22DE47B1FDB173300E0F499 /* Sources */ = {
			isa = PBXSourcesBuildPhase;
			buildActionMask = 2147483647;
			files = (
				E22DE4841FDB173300E0F499 /* YesplanAppTests.swift in Sources */,
			);
			runOnlyForDeploymentPostprocessing = 0;
		};
		E22DE4861FDB173300E0F499 /* Sources */ = {
			isa = PBXSourcesBuildPhase;
			buildActionMask = 2147483647;
			files = (
				E22DE48F1FDB173300E0F499 /* YesplanAppUITests.swift in Sources */,
			);
			runOnlyForDeploymentPostprocessing = 0;
		};
/* End PBXSourcesBuildPhase section */

/* Begin PBXTargetDependency section */
		E22DE4811FDB173300E0F499 /* PBXTargetDependency */ = {
			isa = PBXTargetDependency;
			target = E22DE4681FDB173300E0F499 /* YesplanApp */;
			targetProxy = E22DE4801FDB173300E0F499 /* PBXContainerItemProxy */;
		};
		E22DE48C1FDB173300E0F499 /* PBXTargetDependency */ = {
			isa = PBXTargetDependency;
			target = E22DE4681FDB173300E0F499 /* YesplanApp */;
			targetProxy = E22DE48B1FDB173300E0F499 /* PBXContainerItemProxy */;
		};
/* End PBXTargetDependency section */

/* Begin PBXVariantGroup section */
		E22DE4771FDB173300E0F499 /* LaunchScreen.storyboard */ = {
			isa = PBXVariantGroup;
			children = (
				E22DE4781FDB173300E0F499 /* Base */,
			);
			name = LaunchScreen.storyboard;
			sourceTree = "<group>";
		};
/* End PBXVariantGroup section */

/* Begin XCBuildConfiguration section */
		E22DE4911FDB173300E0F499 /* Debug */ = {
			isa = XCBuildConfiguration;
			buildSettings = {
				ALWAYS_SEARCH_USER_PATHS = NO;
				CLANG_ANALYZER_NONNULL = YES;
				CLANG_ANALYZER_NUMBER_OBJECT_CONVERSION = YES_AGGRESSIVE;
				CLANG_CXX_LANGUAGE_STANDARD = "gnu++14";
				CLANG_CXX_LIBRARY = "libc++";
				CLANG_ENABLE_MODULES = YES;
				CLANG_ENABLE_OBJC_ARC = YES;
				CLANG_WARN_BLOCK_CAPTURE_AUTORELEASING = YES;
				CLANG_WARN_BOOL_CONVERSION = YES;
				CLANG_WARN_COMMA = YES;
				CLANG_WARN_CONSTANT_CONVERSION = YES;
				CLANG_WARN_DIRECT_OBJC_ISA_USAGE = YES_ERROR;
				CLANG_WARN_DOCUMENTATION_COMMENTS = YES;
				CLANG_WARN_EMPTY_BODY = YES;
				CLANG_WARN_ENUM_CONVERSION = YES;
				CLANG_WARN_INFINITE_RECURSION = YES;
				CLANG_WARN_INT_CONVERSION = YES;
				CLANG_WARN_NON_LITERAL_NULL_CONVERSION = YES;
				CLANG_WARN_OBJC_LITERAL_CONVERSION = YES;
				CLANG_WARN_OBJC_ROOT_CLASS = YES_ERROR;
				CLANG_WARN_RANGE_LOOP_ANALYSIS = YES;
				CLANG_WARN_STRICT_PROTOTYPES = YES;
				CLANG_WARN_SUSPICIOUS_MOVE = YES;
				CLANG_WARN_UNGUARDED_AVAILABILITY = YES_AGGRESSIVE;
				CLANG_WARN_UNREACHABLE_CODE = YES;
				CLANG_WARN__DUPLICATE_METHOD_MATCH = YES;
				CODE_SIGN_IDENTITY = "iPhone Developer";
				COPY_PHASE_STRIP = NO;
				DEBUG_INFORMATION_FORMAT = dwarf;
				ENABLE_STRICT_OBJC_MSGSEND = YES;
				ENABLE_TESTABILITY = YES;
				GCC_C_LANGUAGE_STANDARD = gnu11;
				GCC_DYNAMIC_NO_PIC = NO;
				GCC_NO_COMMON_BLOCKS = YES;
				GCC_OPTIMIZATION_LEVEL = 0;
				GCC_PREPROCESSOR_DEFINITIONS = (
					"DEBUG=1",
					"$(inherited)",
				);
				GCC_WARN_64_TO_32_BIT_CONVERSION = YES;
				GCC_WARN_ABOUT_RETURN_TYPE = YES_ERROR;
				GCC_WARN_UNDECLARED_SELECTOR = YES;
				GCC_WARN_UNINITIALIZED_AUTOS = YES_AGGRESSIVE;
				GCC_WARN_UNUSED_FUNCTION = YES;
				GCC_WARN_UNUSED_VARIABLE = YES;
				IPHONEOS_DEPLOYMENT_TARGET = 11.2;
				MTL_ENABLE_DEBUG_INFO = YES;
				ONLY_ACTIVE_ARCH = YES;
				SDKROOT = iphoneos;
				SWIFT_ACTIVE_COMPILATION_CONDITIONS = DEBUG;
				SWIFT_OPTIMIZATION_LEVEL = "-Onone";
			};
			name = Debug;
		};
		E22DE4921FDB173300E0F499 /* Release */ = {
			isa = XCBuildConfiguration;
			buildSettings = {
				ALWAYS_SEARCH_USER_PATHS = NO;
				CLANG_ANALYZER_NONNULL = YES;
				CLANG_ANALYZER_NUMBER_OBJECT_CONVERSION = YES_AGGRESSIVE;
				CLANG_CXX_LANGUAGE_STANDARD = "gnu++14";
				CLANG_CXX_LIBRARY = "libc++";
				CLANG_ENABLE_MODULES = YES;
				CLANG_ENABLE_OBJC_ARC = YES;
				CLANG_WARN_BLOCK_CAPTURE_AUTORELEASING = YES;
				CLANG_WARN_BOOL_CONVERSION = YES;
				CLANG_WARN_COMMA = YES;
				CLANG_WARN_CONSTANT_CONVERSION = YES;
				CLANG_WARN_DIRECT_OBJC_ISA_USAGE = YES_ERROR;
				CLANG_WARN_DOCUMENTATION_COMMENTS = YES;
				CLANG_WARN_EMPTY_BODY = YES;
				CLANG_WARN_ENUM_CONVERSION = YES;
				CLANG_WARN_INFINITE_RECURSION = YES;
				CLANG_WARN_INT_CONVERSION = YES;
				CLANG_WARN_NON_LITERAL_NULL_CONVERSION = YES;
				CLANG_WARN_OBJC_LITERAL_CONVERSION = YES;
				CLANG_WARN_OBJC_ROOT_CLASS = YES_ERROR;
				CLANG_WARN_RANGE_LOOP_ANALYSIS = YES;
				CLANG_WARN_STRICT_PROTOTYPES = YES;
				CLANG_WARN_SUSPICIOUS_MOVE = YES;
				CLANG_WARN_UNGUARDED_AVAILABILITY = YES_AGGRESSIVE;
				CLANG_WARN_UNREACHABLE_CODE = YES;
				CLANG_WARN__DUPLICATE_METHOD_MATCH = YES;
				CODE_SIGN_IDENTITY = "iPhone Developer";
				COPY_PHASE_STRIP = NO;
				DEBUG_INFORMATION_FORMAT = "dwarf-with-dsym";
				ENABLE_NS_ASSERTIONS = NO;
				ENABLE_STRICT_OBJC_MSGSEND = YES;
				GCC_C_LANGUAGE_STANDARD = gnu11;
				GCC_NO_COMMON_BLOCKS = YES;
				GCC_WARN_64_TO_32_BIT_CONVERSION = YES;
				GCC_WARN_ABOUT_RETURN_TYPE = YES_ERROR;
				GCC_WARN_UNDECLARED_SELECTOR = YES;
				GCC_WARN_UNINITIALIZED_AUTOS = YES_AGGRESSIVE;
				GCC_WARN_UNUSED_FUNCTION = YES;
				GCC_WARN_UNUSED_VARIABLE = YES;
				IPHONEOS_DEPLOYMENT_TARGET = 11.2;
				MTL_ENABLE_DEBUG_INFO = NO;
				SDKROOT = iphoneos;
				SWIFT_OPTIMIZATION_LEVEL = "-Owholemodule";
				VALIDATE_PRODUCT = YES;
			};
			name = Release;
		};
		E22DE4941FDB173300E0F499 /* Debug */ = {
			isa = XCBuildConfiguration;
			baseConfigurationReference = 3C8CEDC72D233FE401C87D1E /* Pods-YesplanApp.debug.xcconfig */;
			buildSettings = {
				ASSETCATALOG_COMPILER_APPICON_NAME = AppIcon;
				CODE_SIGN_STYLE = Automatic;
				DEVELOPMENT_TEAM = 9WC44CBGXS;
				INFOPLIST_FILE = YesplanApp/Info.plist;
				IPHONEOS_DEPLOYMENT_TARGET = 11.1;
				LD_RUNPATH_SEARCH_PATHS = "$(inherited) @executable_path/Frameworks";
				PRODUCT_BUNDLE_IDENTIFIER = TomPlan.YesplanApp;
				PRODUCT_NAME = "$(TARGET_NAME)";
				SWIFT_VERSION = 4.0;
				TARGETED_DEVICE_FAMILY = "1,2";
			};
			name = Debug;
		};
		E22DE4951FDB173300E0F499 /* Release */ = {
			isa = XCBuildConfiguration;
			baseConfigurationReference = EDED9D47BBA83523959751D6 /* Pods-YesplanApp.release.xcconfig */;
			buildSettings = {
				ASSETCATALOG_COMPILER_APPICON_NAME = AppIcon;
				CODE_SIGN_STYLE = Automatic;
				DEVELOPMENT_TEAM = 9WC44CBGXS;
				INFOPLIST_FILE = YesplanApp/Info.plist;
				IPHONEOS_DEPLOYMENT_TARGET = 11.1;
				LD_RUNPATH_SEARCH_PATHS = "$(inherited) @executable_path/Frameworks";
				PRODUCT_BUNDLE_IDENTIFIER = TomPlan.YesplanApp;
				PRODUCT_NAME = "$(TARGET_NAME)";
				SWIFT_VERSION = 4.0;
				TARGETED_DEVICE_FAMILY = "1,2";
			};
			name = Release;
		};
		E22DE4971FDB173300E0F499 /* Debug */ = {
			isa = XCBuildConfiguration;
			baseConfigurationReference = 147817E49F524B145F2BD43F /* Pods-YesplanAppTests.debug.xcconfig */;
			buildSettings = {
				ALWAYS_EMBED_SWIFT_STANDARD_LIBRARIES = YES;
				BUNDLE_LOADER = "$(TEST_HOST)";
				CODE_SIGN_STYLE = Automatic;
				DEVELOPMENT_TEAM = 9WC44CBGXS;
				INFOPLIST_FILE = YesplanAppTests/Info.plist;
				LD_RUNPATH_SEARCH_PATHS = "$(inherited) @executable_path/Frameworks @loader_path/Frameworks";
				PRODUCT_BUNDLE_IDENTIFIER = TomPlan.YesplanAppTests;
				PRODUCT_NAME = "$(TARGET_NAME)";
				SWIFT_VERSION = 4.0;
				TARGETED_DEVICE_FAMILY = "1,2";
				TEST_HOST = "$(BUILT_PRODUCTS_DIR)/YesplanApp.app/YesplanApp";
			};
			name = Debug;
		};
		E22DE4981FDB173300E0F499 /* Release */ = {
			isa = XCBuildConfiguration;
			baseConfigurationReference = A6A5641F6B10AD1FB8AA2E9D /* Pods-YesplanAppTests.release.xcconfig */;
			buildSettings = {
				ALWAYS_EMBED_SWIFT_STANDARD_LIBRARIES = YES;
				BUNDLE_LOADER = "$(TEST_HOST)";
				CODE_SIGN_STYLE = Automatic;
				DEVELOPMENT_TEAM = 9WC44CBGXS;
				INFOPLIST_FILE = YesplanAppTests/Info.plist;
				LD_RUNPATH_SEARCH_PATHS = "$(inherited) @executable_path/Frameworks @loader_path/Frameworks";
				PRODUCT_BUNDLE_IDENTIFIER = TomPlan.YesplanAppTests;
				PRODUCT_NAME = "$(TARGET_NAME)";
				SWIFT_VERSION = 4.0;
				TARGETED_DEVICE_FAMILY = "1,2";
				TEST_HOST = "$(BUILT_PRODUCTS_DIR)/YesplanApp.app/YesplanApp";
			};
			name = Release;
		};
		E22DE49A1FDB173300E0F499 /* Debug */ = {
			isa = XCBuildConfiguration;
			baseConfigurationReference = 7052ED190F5DBC4E91F97142 /* Pods-YesplanAppUITests.debug.xcconfig */;
			buildSettings = {
				ALWAYS_EMBED_SWIFT_STANDARD_LIBRARIES = YES;
				CODE_SIGN_STYLE = Automatic;
				DEVELOPMENT_TEAM = 9WC44CBGXS;
				INFOPLIST_FILE = YesplanAppUITests/Info.plist;
				LD_RUNPATH_SEARCH_PATHS = "$(inherited) @executable_path/Frameworks @loader_path/Frameworks";
				PRODUCT_BUNDLE_IDENTIFIER = TomPlan.YesplanAppUITests;
				PRODUCT_NAME = "$(TARGET_NAME)";
				SWIFT_VERSION = 4.0;
				TARGETED_DEVICE_FAMILY = "1,2";
				TEST_TARGET_NAME = YesplanApp;
			};
			name = Debug;
		};
		E22DE49B1FDB173300E0F499 /* Release */ = {
			isa = XCBuildConfiguration;
			baseConfigurationReference = 02A7028D2D3D95EBD87E92B7 /* Pods-YesplanAppUITests.release.xcconfig */;
			buildSettings = {
				ALWAYS_EMBED_SWIFT_STANDARD_LIBRARIES = YES;
				CODE_SIGN_STYLE = Automatic;
				DEVELOPMENT_TEAM = 9WC44CBGXS;
				INFOPLIST_FILE = YesplanAppUITests/Info.plist;
				LD_RUNPATH_SEARCH_PATHS = "$(inherited) @executable_path/Frameworks @loader_path/Frameworks";
				PRODUCT_BUNDLE_IDENTIFIER = TomPlan.YesplanAppUITests;
				PRODUCT_NAME = "$(TARGET_NAME)";
				SWIFT_VERSION = 4.0;
				TARGETED_DEVICE_FAMILY = "1,2";
				TEST_TARGET_NAME = YesplanApp;
			};
			name = Release;
		};
/* End XCBuildConfiguration section */

/* Begin XCConfigurationList section */
		E22DE4641FDB173300E0F499 /* Build configuration list for PBXProject "yesplanapp" */ = {
			isa = XCConfigurationList;
			buildConfigurations = (
				E22DE4911FDB173300E0F499 /* Debug */,
				E22DE4921FDB173300E0F499 /* Release */,
			);
			defaultConfigurationIsVisible = 0;
			defaultConfigurationName = Release;
		};
		E22DE4931FDB173300E0F499 /* Build configuration list for PBXNativeTarget "YesplanApp" */ = {
			isa = XCConfigurationList;
			buildConfigurations = (
				E22DE4941FDB173300E0F499 /* Debug */,
				E22DE4951FDB173300E0F499 /* Release */,
			);
			defaultConfigurationIsVisible = 0;
			defaultConfigurationName = Release;
		};
		E22DE4961FDB173300E0F499 /* Build configuration list for PBXNativeTarget "YesplanAppTests" */ = {
			isa = XCConfigurationList;
			buildConfigurations = (
				E22DE4971FDB173300E0F499 /* Debug */,
				E22DE4981FDB173300E0F499 /* Release */,
			);
			defaultConfigurationIsVisible = 0;
			defaultConfigurationName = Release;
		};
		E22DE4991FDB173300E0F499 /* Build configuration list for PBXNativeTarget "YesplanAppUITests" */ = {
			isa = XCConfigurationList;
			buildConfigurations = (
				E22DE49A1FDB173300E0F499 /* Debug */,
				E22DE49B1FDB173300E0F499 /* Release */,
			);
			defaultConfigurationIsVisible = 0;
			defaultConfigurationName = Release;
		};
/* End XCConfigurationList section */
	};
	rootObject = E22DE4611FDB173200E0F499 /* Project object */;
}
