// !$*UTF8*$!
{
	archiveVersion = 1;
	classes = {
	};
	objectVersion = 48;
	objects = {

/* Begin PBXBuildFile section */
		E2286E451FDDB9BA006CE49D /* Events.swift in Sources */ = {isa = PBXBuildFile; fileRef = E2286E441FDDB9BA006CE49D /* Events.swift */; };
		E2286E471FDDBA52006CE49D /* Pagination.swift in Sources */ = {isa = PBXBuildFile; fileRef = E2286E461FDDBA52006CE49D /* Pagination.swift */; };
		E2286E4F1FDDBC7B006CE49D /* JsonHelpers.swift in Sources */ = {isa = PBXBuildFile; fileRef = E2286E4E1FDDBC7B006CE49D /* JsonHelpers.swift */; };
		E22DE46D1FDB173300E0F499 /* AppDelegate.swift in Sources */ = {isa = PBXBuildFile; fileRef = E22DE46C1FDB173300E0F499 /* AppDelegate.swift */; };
		E22DE4741FDB173300E0F499 /* Main.storyboard in Resources */ = {isa = PBXBuildFile; fileRef = E22DE4721FDB173300E0F499 /* Main.storyboard */; };
		E22DE4761FDB173300E0F499 /* Assets.xcassets in Resources */ = {isa = PBXBuildFile; fileRef = E22DE4751FDB173300E0F499 /* Assets.xcassets */; };
		E22DE4791FDB173300E0F499 /* LaunchScreen.storyboard in Resources */ = {isa = PBXBuildFile; fileRef = E22DE4771FDB173300E0F499 /* LaunchScreen.storyboard */; };
		E22DE4841FDB173300E0F499 /* YesplanAppTests.swift in Sources */ = {isa = PBXBuildFile; fileRef = E22DE4831FDB173300E0F499 /* YesplanAppTests.swift */; };
		E22DE48F1FDB173300E0F499 /* YesplanAppUITests.swift in Sources */ = {isa = PBXBuildFile; fileRef = E22DE48E1FDB173300E0F499 /* YesplanAppUITests.swift */; };
		E22FB6AB1FE701EE006E7658 /* Customdata.swift in Sources */ = {isa = PBXBuildFile; fileRef = E22FB6AA1FE701EE006E7658 /* Customdata.swift */; };
		E24FB9291FDFFA0D00C5242B /* Resourcebooking.swift in Sources */ = {isa = PBXBuildFile; fileRef = E24FB9281FDFFA0D00C5242B /* Resourcebooking.swift */; };
		E24FB92D1FDFFA8900C5242B /* ResourceInstance.swift in Sources */ = {isa = PBXBuildFile; fileRef = E24FB92C1FDFFA8900C5242B /* ResourceInstance.swift */; };
		E24FB92F1FDFFB0000C5242B /* Placeholder.swift in Sources */ = {isa = PBXBuildFile; fileRef = E24FB92E1FDFFB0000C5242B /* Placeholder.swift */; };
		E24FB9311FDFFB8C00C5242B /* Costmodel.swift in Sources */ = {isa = PBXBuildFile; fileRef = E24FB9301FDFFB8B00C5242B /* Costmodel.swift */; };
		E24FB9331FDFFC0D00C5242B /* Discount.swift in Sources */ = {isa = PBXBuildFile; fileRef = E24FB9321FDFFC0D00C5242B /* Discount.swift */; };
		E24FB9351FDFFC3800C5242B /* Formula.swift in Sources */ = {isa = PBXBuildFile; fileRef = E24FB9341FDFFC3800C5242B /* Formula.swift */; };
		E24FB9371FDFFD1800C5242B /* Resource.swift in Sources */ = {isa = PBXBuildFile; fileRef = E24FB9361FDFFD1800C5242B /* Resource.swift */; };
		E24FB9391FDFFF0500C5242B /* CostFormula.swift in Sources */ = {isa = PBXBuildFile; fileRef = E24FB9381FDFFF0500C5242B /* CostFormula.swift */; };
		E24FB93B1FDFFF6E00C5242B /* Priceformula.swift in Sources */ = {isa = PBXBuildFile; fileRef = E24FB93A1FDFFF6E00C5242B /* Priceformula.swift */; };
		E25513F51FE854A300C76673 /* DVCEventTimeSchedules.swift in Sources */ = {isa = PBXBuildFile; fileRef = E25513F31FE854A300C76673 /* DVCEventTimeSchedules.swift */; };
		E25513F61FE854A300C76673 /* DVCEventTimeSchedules.xib in Resources */ = {isa = PBXBuildFile; fileRef = E25513F41FE854A300C76673 /* DVCEventTimeSchedules.xib */; };
		E25513F81FE856D400C76673 /* GetSchedule.swift in Sources */ = {isa = PBXBuildFile; fileRef = E25513F71FE856D400C76673 /* GetSchedule.swift */; };
		E25513FC1FE8588B00C76673 /* Schedule.swift in Sources */ = {isa = PBXBuildFile; fileRef = E25513FB1FE8588B00C76673 /* Schedule.swift */; };
		E25513FE1FE858D400C76673 /* Entry.swift in Sources */ = {isa = PBXBuildFile; fileRef = E25513FD1FE858D400C76673 /* Entry.swift */; };
		E262445E1FE9989E001CCE59 /* DVCEventInfo.swift in Sources */ = {isa = PBXBuildFile; fileRef = E262445C1FE9989E001CCE59 /* DVCEventInfo.swift */; };
		E262445F1FE9989E001CCE59 /* DVCEventInfo.xib in Resources */ = {isa = PBXBuildFile; fileRef = E262445D1FE9989E001CCE59 /* DVCEventInfo.xib */; };
		E26244621FE998DF001CCE59 /* DVCEventLocation.swift in Sources */ = {isa = PBXBuildFile; fileRef = E26244601FE998DF001CCE59 /* DVCEventLocation.swift */; };
		E26244631FE998DF001CCE59 /* DVCEventLocation.xib in Resources */ = {isa = PBXBuildFile; fileRef = E26244611FE998DF001CCE59 /* DVCEventLocation.xib */; };
		E26244661FE998F7001CCE59 /* DVCEventTeam.swift in Sources */ = {isa = PBXBuildFile; fileRef = E26244641FE998F7001CCE59 /* DVCEventTeam.swift */; };
		E26244671FE998F7001CCE59 /* DVCEventTeam.xib in Resources */ = {isa = PBXBuildFile; fileRef = E26244651FE998F7001CCE59 /* DVCEventTeam.xib */; };
		E262446A1FE9990E001CCE59 /* DVCEventResources.swift in Sources */ = {isa = PBXBuildFile; fileRef = E26244681FE9990E001CCE59 /* DVCEventResources.swift */; };
		E262446B1FE9990E001CCE59 /* DVCEventResources.xib in Resources */ = {isa = PBXBuildFile; fileRef = E26244691FE9990E001CCE59 /* DVCEventResources.xib */; };
		E262446E1FE99923001CCE59 /* DVCEventTasks.swift in Sources */ = {isa = PBXBuildFile; fileRef = E262446C1FE99923001CCE59 /* DVCEventTasks.swift */; };
		E262446F1FE99923001CCE59 /* DVCEventTasks.xib in Resources */ = {isa = PBXBuildFile; fileRef = E262446D1FE99923001CCE59 /* DVCEventTasks.xib */; };
		E26244721FE99945001CCE59 /* DVCEventContacts.swift in Sources */ = {isa = PBXBuildFile; fileRef = E26244701FE99945001CCE59 /* DVCEventContacts.swift */; };
		E26244731FE99945001CCE59 /* DVCEventContacts.xib in Resources */ = {isa = PBXBuildFile; fileRef = E26244711FE99945001CCE59 /* DVCEventContacts.xib */; };
		E26244761FE99966001CCE59 /* DVCEventAttachments.swift in Sources */ = {isa = PBXBuildFile; fileRef = E26244741FE99966001CCE59 /* DVCEventAttachments.swift */; };
		E26244771FE99966001CCE59 /* DVCEventAttachments.xib in Resources */ = {isa = PBXBuildFile; fileRef = E26244751FE99966001CCE59 /* DVCEventAttachments.xib */; };
		E262447A1FE9AD8E001CCE59 /* DVCEventCustomData.swift in Sources */ = {isa = PBXBuildFile; fileRef = E26244781FE9AD8E001CCE59 /* DVCEventCustomData.swift */; };
		E262447B1FE9AD8E001CCE59 /* DVCEventCustomData.xib in Resources */ = {isa = PBXBuildFile; fileRef = E26244791FE9AD8E001CCE59 /* DVCEventCustomData.xib */; };
		E262447D1FE9B5AB001CCE59 /* GetCustomData.swift in Sources */ = {isa = PBXBuildFile; fileRef = E262447C1FE9B5AB001CCE59 /* GetCustomData.swift */; };
		E265B3181FDF22AF0000591B /* ContactLink.swift in Sources */ = {isa = PBXBuildFile; fileRef = E265B3171FDF22AF0000591B /* ContactLink.swift */; };
		E265B31A1FDF25950000591B /* Contact.swift in Sources */ = {isa = PBXBuildFile; fileRef = E265B3191FDF25950000591B /* Contact.swift */; };
		E265B31C1FDF27290000591B /* Event.swift in Sources */ = {isa = PBXBuildFile; fileRef = E265B31B1FDF27290000591B /* Event.swift */; };
		E265B31E1FDF2AF70000591B /* Contacts.swift in Sources */ = {isa = PBXBuildFile; fileRef = E265B31D1FDF2AF70000591B /* Contacts.swift */; };
		E265B3201FDF2B7C0000591B /* Task.swift in Sources */ = {isa = PBXBuildFile; fileRef = E265B31F1FDF2B7C0000591B /* Task.swift */; };
		E265B3221FDF2BD50000591B /* Attributes.swift in Sources */ = {isa = PBXBuildFile; fileRef = E265B3211FDF2BD50000591B /* Attributes.swift */; };
		E265B3261FDF2C440000591B /* Own.swift in Sources */ = {isa = PBXBuildFile; fileRef = E265B3251FDF2C440000591B /* Own.swift */; };
		E265B3281FDF2C830000591B /* Profile.swift in Sources */ = {isa = PBXBuildFile; fileRef = E265B3271FDF2C830000591B /* Profile.swift */; };
		E265B32A1FDF2CA90000591B /* Status.swift in Sources */ = {isa = PBXBuildFile; fileRef = E265B3291FDF2CA90000591B /* Status.swift */; };
		E265B32C1FDF2CED0000591B /* Link.swift in Sources */ = {isa = PBXBuildFile; fileRef = E265B32B1FDF2CED0000591B /* Link.swift */; };
		E265B32E1FDF2D1A0000591B /* Organization.swift in Sources */ = {isa = PBXBuildFile; fileRef = E265B32D1FDF2D1A0000591B /* Organization.swift */; };
		E265B3301FDF2D520000591B /* Contactinfo.swift in Sources */ = {isa = PBXBuildFile; fileRef = E265B32F1FDF2D520000591B /* Contactinfo.swift */; };
		E265B3321FDF2D7B0000591B /* Address.swift in Sources */ = {isa = PBXBuildFile; fileRef = E265B3311FDF2D7B0000591B /* Address.swift */; };
		E26A7D451FDC53A900F55465 /* VCEvents.swift in Sources */ = {isa = PBXBuildFile; fileRef = E26A7D431FDC53A800F55465 /* VCEvents.swift */; };
		E26A7D461FDC53A900F55465 /* VCEvents.xib in Resources */ = {isa = PBXBuildFile; fileRef = E26A7D441FDC53A800F55465 /* VCEvents.xib */; };
		E26A7D4A1FDC55C600F55465 /* TVCEvents.swift in Sources */ = {isa = PBXBuildFile; fileRef = E26A7D481FDC55C600F55465 /* TVCEvents.swift */; };
		E26A7D4B1FDC55C600F55465 /* TVCEvents.xib in Resources */ = {isa = PBXBuildFile; fileRef = E26A7D491FDC55C600F55465 /* TVCEvents.xib */; };
		E29CF90A1FE152CC005038A8 /* Resourcebookings.swift in Sources */ = {isa = PBXBuildFile; fileRef = E29CF9091FE152CC005038A8 /* Resourcebookings.swift */; };
		E2A07FD51FDF308600F0D94B /* Group.swift in Sources */ = {isa = PBXBuildFile; fileRef = E2A07FD41FDF308600F0D94B /* Group.swift */; };
		E2A07FD71FDF317100F0D94B /* Child.swift in Sources */ = {isa = PBXBuildFile; fileRef = E2A07FD61FDF317100F0D94B /* Child.swift */; };
		E2A07FD91FDF319D00F0D94B /* Location.swift in Sources */ = {isa = PBXBuildFile; fileRef = E2A07FD81FDF319D00F0D94B /* Location.swift */; };
		E2A07FDB1FDF333B00F0D94B /* Tasks.swift in Sources */ = {isa = PBXBuildFile; fileRef = E2A07FDA1FDF333B00F0D94B /* Tasks.swift */; };
		E2A07FDD1FDF379500F0D94B /* Profiles.swift in Sources */ = {isa = PBXBuildFile; fileRef = E2A07FDC1FDF379500F0D94B /* Profiles.swift */; };
		E2A07FDF1FDF38E600F0D94B /* GetProfiles.swift in Sources */ = {isa = PBXBuildFile; fileRef = E2A07FDE1FDF38E600F0D94B /* GetProfiles.swift */; };
		E2AE9A681FE2940D00FD0C8A /* TBCEvent.swift in Sources */ = {isa = PBXBuildFile; fileRef = E2AE9A661FE2940D00FD0C8A /* TBCEvent.swift */; };
		E2AE9A691FE2940D00FD0C8A /* TBCEvent.xib in Resources */ = {isa = PBXBuildFile; fileRef = E2AE9A671FE2940D00FD0C8A /* TBCEvent.xib */; };
		E2B4AB791FDF1DBE00374830 /* Contactbooking.swift in Sources */ = {isa = PBXBuildFile; fileRef = E2B4AB781FDF1DBE00374830 /* Contactbooking.swift */; };
		E2DAC6F11FDC261F00B5B81B /* Updates.storyboard in Resources */ = {isa = PBXBuildFile; fileRef = E2DAC6F31FDC261F00B5B81B /* Updates.storyboard */; };
		E2DAC6F41FDC262500B5B81B /* To Do.storyboard in Resources */ = {isa = PBXBuildFile; fileRef = E2DAC6F61FDC262500B5B81B /* To Do.storyboard */; };
		E2DAC6F71FDC262A00B5B81B /* User.storyboard in Resources */ = {isa = PBXBuildFile; fileRef = E2DAC6F91FDC262A00B5B81B /* User.storyboard */; };
		E2DAC6FA1FDC262F00B5B81B /* Conflicts.storyboard in Resources */ = {isa = PBXBuildFile; fileRef = E2DAC6FC1FDC262F00B5B81B /* Conflicts.storyboard */; };
		E2DAC6FD1FDC263400B5B81B /* Search.storyboard in Resources */ = {isa = PBXBuildFile; fileRef = E2DAC6FF1FDC263400B5B81B /* Search.storyboard */; };
		E2DAC7001FDC263800B5B81B /* Help.storyboard in Resources */ = {isa = PBXBuildFile; fileRef = E2DAC7021FDC263800B5B81B /* Help.storyboard */; };
		E2DAC7031FDC263E00B5B81B /* Reports.storyboard in Resources */ = {isa = PBXBuildFile; fileRef = E2DAC7051FDC263E00B5B81B /* Reports.storyboard */; };
		E2DAC7061FDC264200B5B81B /* Tasks.storyboard in Resources */ = {isa = PBXBuildFile; fileRef = E2DAC7081FDC264200B5B81B /* Tasks.storyboard */; };
		E2DAC7091FDC264600B5B81B /* Contacts.storyboard in Resources */ = {isa = PBXBuildFile; fileRef = E2DAC70B1FDC264600B5B81B /* Contacts.storyboard */; };
		E2DAC70C1FDC264A00B5B81B /* Resources.storyboard in Resources */ = {isa = PBXBuildFile; fileRef = E2DAC70E1FDC264A00B5B81B /* Resources.storyboard */; };
		E2DAC70F1FDC265000B5B81B /* Events.storyboard in Resources */ = {isa = PBXBuildFile; fileRef = E2DAC7111FDC265000B5B81B /* Events.storyboard */; };
		E2DAC7121FDC265500B5B81B /* Teamplanner.storyboard in Resources */ = {isa = PBXBuildFile; fileRef = E2DAC7141FDC265500B5B81B /* Teamplanner.storyboard */; };
		E2FDE60F1FE00070006BA8DD /* Amount.swift in Sources */ = {isa = PBXBuildFile; fileRef = E2FDE60E1FE00070006BA8DD /* Amount.swift */; };
		E2FDE6111FE00185006BA8DD /* Contactbookings.swift in Sources */ = {isa = PBXBuildFile; fileRef = E2FDE6101FE00185006BA8DD /* Contactbookings.swift */; };
		E2FDE6131FE05EA2006BA8DD /* GetCurrentDate.swift in Sources */ = {isa = PBXBuildFile; fileRef = E2FDE6121FE05EA2006BA8DD /* GetCurrentDate.swift */; };
		E2FDE6191FE063AF006BA8DD /* GetEvents.swift in Sources */ = {isa = PBXBuildFile; fileRef = E2FDE6181FE063AF006BA8DD /* GetEvents.swift */; };
		E2FDE61D1FE06E1B006BA8DD /* EventSection.swift in Sources */ = {isa = PBXBuildFile; fileRef = E2FDE61C1FE06E1B006BA8DD /* EventSection.swift */; };
		E2FDE6221FE0706B006BA8DD /* public func stringToDate.swift in Sources */ = {isa = PBXBuildFile; fileRef = E2FDE61E1FE0706A006BA8DD /* public func stringToDate.swift */; };
		E2FDE6231FE0706B006BA8DD /* public func stringToSelectedDate.swift in Sources */ = {isa = PBXBuildFile; fileRef = E2FDE61F1FE0706B006BA8DD /* public func stringToSelectedDate.swift */; };
		E2FDE6241FE0706B006BA8DD /* public func stringToEventDate.swift in Sources */ = {isa = PBXBuildFile; fileRef = E2FDE6201FE0706B006BA8DD /* public func stringToEventDate.swift */; };
		E2FDE6251FE0706B006BA8DD /* public func stringToTime.swift in Sources */ = {isa = PBXBuildFile; fileRef = E2FDE6211FE0706B006BA8DD /* public func stringToTime.swift */; };
		E2FDE6271FE08486006BA8DD /* GetStatuses.swift in Sources */ = {isa = PBXBuildFile; fileRef = E2FDE6261FE08486006BA8DD /* GetStatuses.swift */; };
		E2FDE6291FE084F9006BA8DD /* Statuses.swift in Sources */ = {isa = PBXBuildFile; fileRef = E2FDE6281FE084F9006BA8DD /* Statuses.swift */; };
/* End PBXBuildFile section */

/* Begin PBXContainerItemProxy section */
		E22DE4801FDB173300E0F499 /* PBXContainerItemProxy */ = {
			isa = PBXContainerItemProxy;
			containerPortal = E22DE4611FDB173200E0F499 /* Project object */;
			proxyType = 1;
			remoteGlobalIDString = E22DE4681FDB173300E0F499;
			remoteInfo = YesplanApp;
		};
		E22DE48B1FDB173300E0F499 /* PBXContainerItemProxy */ = {
			isa = PBXContainerItemProxy;
			containerPortal = E22DE4611FDB173200E0F499 /* Project object */;
			proxyType = 1;
			remoteGlobalIDString = E22DE4681FDB173300E0F499;
			remoteInfo = YesplanApp;
		};
/* End PBXContainerItemProxy section */

/* Begin PBXFileReference section */
		E2286E441FDDB9BA006CE49D /* Events.swift */ = {isa = PBXFileReference; lastKnownFileType = sourcecode.swift; path = Events.swift; sourceTree = "<group>"; };
		E2286E461FDDBA52006CE49D /* Pagination.swift */ = {isa = PBXFileReference; lastKnownFileType = sourcecode.swift; path = Pagination.swift; sourceTree = "<group>"; };
		E2286E4E1FDDBC7B006CE49D /* JsonHelpers.swift */ = {isa = PBXFileReference; lastKnownFileType = sourcecode.swift; path = JsonHelpers.swift; sourceTree = "<group>"; };
		E22DE4691FDB173300E0F499 /* YesplanApp.app */ = {isa = PBXFileReference; explicitFileType = wrapper.application; includeInIndex = 0; path = YesplanApp.app; sourceTree = BUILT_PRODUCTS_DIR; };
		E22DE46C1FDB173300E0F499 /* AppDelegate.swift */ = {isa = PBXFileReference; lastKnownFileType = sourcecode.swift; path = AppDelegate.swift; sourceTree = "<group>"; };
		E22DE4731FDB173300E0F499 /* Base */ = {isa = PBXFileReference; lastKnownFileType = file.storyboard; name = Base; path = Base.lproj/Main.storyboard; sourceTree = "<group>"; };
		E22DE4751FDB173300E0F499 /* Assets.xcassets */ = {isa = PBXFileReference; lastKnownFileType = folder.assetcatalog; path = Assets.xcassets; sourceTree = "<group>"; };
		E22DE4781FDB173300E0F499 /* Base */ = {isa = PBXFileReference; lastKnownFileType = file.storyboard; name = Base; path = Base.lproj/LaunchScreen.storyboard; sourceTree = "<group>"; };
		E22DE47A1FDB173300E0F499 /* Info.plist */ = {isa = PBXFileReference; lastKnownFileType = text.plist.xml; path = Info.plist; sourceTree = "<group>"; };
		E22DE47F1FDB173300E0F499 /* YesplanAppTests.xctest */ = {isa = PBXFileReference; explicitFileType = wrapper.cfbundle; includeInIndex = 0; path = YesplanAppTests.xctest; sourceTree = BUILT_PRODUCTS_DIR; };
		E22DE4831FDB173300E0F499 /* YesplanAppTests.swift */ = {isa = PBXFileReference; lastKnownFileType = sourcecode.swift; path = YesplanAppTests.swift; sourceTree = "<group>"; };
		E22DE4851FDB173300E0F499 /* Info.plist */ = {isa = PBXFileReference; lastKnownFileType = text.plist.xml; path = Info.plist; sourceTree = "<group>"; };
		E22DE48A1FDB173300E0F499 /* YesplanAppUITests.xctest */ = {isa = PBXFileReference; explicitFileType = wrapper.cfbundle; includeInIndex = 0; path = YesplanAppUITests.xctest; sourceTree = BUILT_PRODUCTS_DIR; };
		E22DE48E1FDB173300E0F499 /* YesplanAppUITests.swift */ = {isa = PBXFileReference; lastKnownFileType = sourcecode.swift; path = YesplanAppUITests.swift; sourceTree = "<group>"; };
		E22DE4901FDB173300E0F499 /* Info.plist */ = {isa = PBXFileReference; lastKnownFileType = text.plist.xml; path = Info.plist; sourceTree = "<group>"; };
		E22FB6AA1FE701EE006E7658 /* Customdata.swift */ = {isa = PBXFileReference; lastKnownFileType = sourcecode.swift; path = Customdata.swift; sourceTree = "<group>"; };
		E24FB9281FDFFA0D00C5242B /* Resourcebooking.swift */ = {isa = PBXFileReference; lastKnownFileType = sourcecode.swift; path = Resourcebooking.swift; sourceTree = "<group>"; };
		E24FB92C1FDFFA8900C5242B /* ResourceInstance.swift */ = {isa = PBXFileReference; lastKnownFileType = sourcecode.swift; path = ResourceInstance.swift; sourceTree = "<group>"; };
		E24FB92E1FDFFB0000C5242B /* Placeholder.swift */ = {isa = PBXFileReference; lastKnownFileType = sourcecode.swift; path = Placeholder.swift; sourceTree = "<group>"; };
		E24FB9301FDFFB8B00C5242B /* Costmodel.swift */ = {isa = PBXFileReference; lastKnownFileType = sourcecode.swift; path = Costmodel.swift; sourceTree = "<group>"; };
		E24FB9321FDFFC0D00C5242B /* Discount.swift */ = {isa = PBXFileReference; lastKnownFileType = sourcecode.swift; path = Discount.swift; sourceTree = "<group>"; };
		E24FB9341FDFFC3800C5242B /* Formula.swift */ = {isa = PBXFileReference; lastKnownFileType = sourcecode.swift; path = Formula.swift; sourceTree = "<group>"; };
		E24FB9361FDFFD1800C5242B /* Resource.swift */ = {isa = PBXFileReference; lastKnownFileType = sourcecode.swift; path = Resource.swift; sourceTree = "<group>"; };
		E24FB9381FDFFF0500C5242B /* CostFormula.swift */ = {isa = PBXFileReference; lastKnownFileType = sourcecode.swift; path = CostFormula.swift; sourceTree = "<group>"; };
		E24FB93A1FDFFF6E00C5242B /* Priceformula.swift */ = {isa = PBXFileReference; lastKnownFileType = sourcecode.swift; path = Priceformula.swift; sourceTree = "<group>"; };
		E25513F31FE854A300C76673 /* DVCEventTimeSchedules.swift */ = {isa = PBXFileReference; lastKnownFileType = sourcecode.swift; path = DVCEventTimeSchedules.swift; sourceTree = "<group>"; };
		E25513F41FE854A300C76673 /* DVCEventTimeSchedules.xib */ = {isa = PBXFileReference; lastKnownFileType = file.xib; path = DVCEventTimeSchedules.xib; sourceTree = "<group>"; };
		E25513F71FE856D400C76673 /* GetSchedule.swift */ = {isa = PBXFileReference; lastKnownFileType = sourcecode.swift; path = GetSchedule.swift; sourceTree = "<group>"; };
		E25513FB1FE8588B00C76673 /* Schedule.swift */ = {isa = PBXFileReference; lastKnownFileType = sourcecode.swift; path = Schedule.swift; sourceTree = "<group>"; };
		E25513FD1FE858D400C76673 /* Entry.swift */ = {isa = PBXFileReference; lastKnownFileType = sourcecode.swift; path = Entry.swift; sourceTree = "<group>"; };
		E262445C1FE9989E001CCE59 /* DVCEventInfo.swift */ = {isa = PBXFileReference; lastKnownFileType = sourcecode.swift; path = DVCEventInfo.swift; sourceTree = "<group>"; };
		E262445D1FE9989E001CCE59 /* DVCEventInfo.xib */ = {isa = PBXFileReference; lastKnownFileType = file.xib; path = DVCEventInfo.xib; sourceTree = "<group>"; };
		E26244601FE998DF001CCE59 /* DVCEventLocation.swift */ = {isa = PBXFileReference; lastKnownFileType = sourcecode.swift; path = DVCEventLocation.swift; sourceTree = "<group>"; };
		E26244611FE998DF001CCE59 /* DVCEventLocation.xib */ = {isa = PBXFileReference; lastKnownFileType = file.xib; path = DVCEventLocation.xib; sourceTree = "<group>"; };
		E26244641FE998F7001CCE59 /* DVCEventTeam.swift */ = {isa = PBXFileReference; lastKnownFileType = sourcecode.swift; path = DVCEventTeam.swift; sourceTree = "<group>"; };
		E26244651FE998F7001CCE59 /* DVCEventTeam.xib */ = {isa = PBXFileReference; lastKnownFileType = file.xib; path = DVCEventTeam.xib; sourceTree = "<group>"; };
		E26244681FE9990E001CCE59 /* DVCEventResources.swift */ = {isa = PBXFileReference; lastKnownFileType = sourcecode.swift; path = DVCEventResources.swift; sourceTree = "<group>"; };
		E26244691FE9990E001CCE59 /* DVCEventResources.xib */ = {isa = PBXFileReference; lastKnownFileType = file.xib; path = DVCEventResources.xib; sourceTree = "<group>"; };
		E262446C1FE99923001CCE59 /* DVCEventTasks.swift */ = {isa = PBXFileReference; lastKnownFileType = sourcecode.swift; path = DVCEventTasks.swift; sourceTree = "<group>"; };
		E262446D1FE99923001CCE59 /* DVCEventTasks.xib */ = {isa = PBXFileReference; lastKnownFileType = file.xib; path = DVCEventTasks.xib; sourceTree = "<group>"; };
		E26244701FE99945001CCE59 /* DVCEventContacts.swift */ = {isa = PBXFileReference; lastKnownFileType = sourcecode.swift; path = DVCEventContacts.swift; sourceTree = "<group>"; };
		E26244711FE99945001CCE59 /* DVCEventContacts.xib */ = {isa = PBXFileReference; lastKnownFileType = file.xib; path = DVCEventContacts.xib; sourceTree = "<group>"; };
		E26244741FE99966001CCE59 /* DVCEventAttachments.swift */ = {isa = PBXFileReference; lastKnownFileType = sourcecode.swift; path = DVCEventAttachments.swift; sourceTree = "<group>"; };
		E26244751FE99966001CCE59 /* DVCEventAttachments.xib */ = {isa = PBXFileReference; lastKnownFileType = file.xib; path = DVCEventAttachments.xib; sourceTree = "<group>"; };
		E26244781FE9AD8E001CCE59 /* DVCEventCustomData.swift */ = {isa = PBXFileReference; lastKnownFileType = sourcecode.swift; path = DVCEventCustomData.swift; sourceTree = "<group>"; };
		E26244791FE9AD8E001CCE59 /* DVCEventCustomData.xib */ = {isa = PBXFileReference; lastKnownFileType = file.xib; path = DVCEventCustomData.xib; sourceTree = "<group>"; };
		E262447C1FE9B5AB001CCE59 /* GetCustomData.swift */ = {isa = PBXFileReference; lastKnownFileType = sourcecode.swift; path = GetCustomData.swift; sourceTree = "<group>"; };
		E265B3171FDF22AF0000591B /* ContactLink.swift */ = {isa = PBXFileReference; lastKnownFileType = sourcecode.swift; path = ContactLink.swift; sourceTree = "<group>"; };
		E265B3191FDF25950000591B /* Contact.swift */ = {isa = PBXFileReference; lastKnownFileType = sourcecode.swift; path = Contact.swift; sourceTree = "<group>"; };
		E265B31B1FDF27290000591B /* Event.swift */ = {isa = PBXFileReference; lastKnownFileType = sourcecode.swift; path = Event.swift; sourceTree = "<group>"; };
		E265B31D1FDF2AF70000591B /* Contacts.swift */ = {isa = PBXFileReference; lastKnownFileType = sourcecode.swift; path = Contacts.swift; sourceTree = "<group>"; };
		E265B31F1FDF2B7C0000591B /* Task.swift */ = {isa = PBXFileReference; lastKnownFileType = sourcecode.swift; path = Task.swift; sourceTree = "<group>"; };
		E265B3211FDF2BD50000591B /* Attributes.swift */ = {isa = PBXFileReference; lastKnownFileType = sourcecode.swift; path = Attributes.swift; sourceTree = "<group>"; };
		E265B3251FDF2C440000591B /* Own.swift */ = {isa = PBXFileReference; lastKnownFileType = sourcecode.swift; path = Own.swift; sourceTree = "<group>"; };
		E265B3271FDF2C830000591B /* Profile.swift */ = {isa = PBXFileReference; lastKnownFileType = sourcecode.swift; path = Profile.swift; sourceTree = "<group>"; };
		E265B3291FDF2CA90000591B /* Status.swift */ = {isa = PBXFileReference; lastKnownFileType = sourcecode.swift; path = Status.swift; sourceTree = "<group>"; };
		E265B32B1FDF2CED0000591B /* Link.swift */ = {isa = PBXFileReference; lastKnownFileType = sourcecode.swift; path = Link.swift; sourceTree = "<group>"; };
		E265B32D1FDF2D1A0000591B /* Organization.swift */ = {isa = PBXFileReference; lastKnownFileType = sourcecode.swift; path = Organization.swift; sourceTree = "<group>"; };
		E265B32F1FDF2D520000591B /* Contactinfo.swift */ = {isa = PBXFileReference; lastKnownFileType = sourcecode.swift; path = Contactinfo.swift; sourceTree = "<group>"; };
		E265B3311FDF2D7B0000591B /* Address.swift */ = {isa = PBXFileReference; lastKnownFileType = sourcecode.swift; path = Address.swift; sourceTree = "<group>"; };
		E26A7D431FDC53A800F55465 /* VCEvents.swift */ = {isa = PBXFileReference; fileEncoding = 4; lastKnownFileType = sourcecode.swift; path = VCEvents.swift; sourceTree = "<group>"; };
		E26A7D441FDC53A800F55465 /* VCEvents.xib */ = {isa = PBXFileReference; fileEncoding = 4; lastKnownFileType = file.xib; path = VCEvents.xib; sourceTree = "<group>"; };
		E26A7D481FDC55C600F55465 /* TVCEvents.swift */ = {isa = PBXFileReference; lastKnownFileType = sourcecode.swift; path = TVCEvents.swift; sourceTree = "<group>"; };
		E26A7D491FDC55C600F55465 /* TVCEvents.xib */ = {isa = PBXFileReference; lastKnownFileType = file.xib; path = TVCEvents.xib; sourceTree = "<group>"; };
		E29CF9091FE152CC005038A8 /* Resourcebookings.swift */ = {isa = PBXFileReference; lastKnownFileType = sourcecode.swift; path = Resourcebookings.swift; sourceTree = "<group>"; };
		E2A07FD41FDF308600F0D94B /* Group.swift */ = {isa = PBXFileReference; lastKnownFileType = sourcecode.swift; path = Group.swift; sourceTree = "<group>"; };
		E2A07FD61FDF317100F0D94B /* Child.swift */ = {isa = PBXFileReference; lastKnownFileType = sourcecode.swift; path = Child.swift; sourceTree = "<group>"; };
		E2A07FD81FDF319D00F0D94B /* Location.swift */ = {isa = PBXFileReference; lastKnownFileType = sourcecode.swift; path = Location.swift; sourceTree = "<group>"; };
		E2A07FDA1FDF333B00F0D94B /* Tasks.swift */ = {isa = PBXFileReference; lastKnownFileType = sourcecode.swift; path = Tasks.swift; sourceTree = "<group>"; };
		E2A07FDC1FDF379500F0D94B /* Profiles.swift */ = {isa = PBXFileReference; lastKnownFileType = sourcecode.swift; path = Profiles.swift; sourceTree = "<group>"; };
		E2A07FDE1FDF38E600F0D94B /* GetProfiles.swift */ = {isa = PBXFileReference; lastKnownFileType = sourcecode.swift; path = GetProfiles.swift; sourceTree = "<group>"; };
		E2AE9A661FE2940D00FD0C8A /* TBCEvent.swift */ = {isa = PBXFileReference; lastKnownFileType = sourcecode.swift; path = TBCEvent.swift; sourceTree = "<group>"; };
		E2AE9A671FE2940D00FD0C8A /* TBCEvent.xib */ = {isa = PBXFileReference; lastKnownFileType = file.xib; path = TBCEvent.xib; sourceTree = "<group>"; };
		E2B4AB781FDF1DBE00374830 /* Contactbooking.swift */ = {isa = PBXFileReference; lastKnownFileType = sourcecode.swift; path = Contactbooking.swift; sourceTree = "<group>"; };
		E2DAC6F21FDC261F00B5B81B /* Base */ = {isa = PBXFileReference; lastKnownFileType = file.storyboard; name = Base; path = Base.lproj/Updates.storyboard; sourceTree = "<group>"; };
		E2DAC6F51FDC262500B5B81B /* Base */ = {isa = PBXFileReference; lastKnownFileType = file.storyboard; name = Base; path = "Base.lproj/To Do.storyboard"; sourceTree = "<group>"; };
		E2DAC6F81FDC262A00B5B81B /* Base */ = {isa = PBXFileReference; lastKnownFileType = file.storyboard; name = Base; path = Base.lproj/User.storyboard; sourceTree = "<group>"; };
		E2DAC6FB1FDC262F00B5B81B /* Base */ = {isa = PBXFileReference; lastKnownFileType = file.storyboard; name = Base; path = Base.lproj/Conflicts.storyboard; sourceTree = "<group>"; };
		E2DAC6FE1FDC263400B5B81B /* Base */ = {isa = PBXFileReference; lastKnownFileType = file.storyboard; name = Base; path = Base.lproj/Search.storyboard; sourceTree = "<group>"; };
		E2DAC7011FDC263800B5B81B /* Base */ = {isa = PBXFileReference; lastKnownFileType = file.storyboard; name = Base; path = Base.lproj/Help.storyboard; sourceTree = "<group>"; };
		E2DAC7041FDC263E00B5B81B /* Base */ = {isa = PBXFileReference; lastKnownFileType = file.storyboard; name = Base; path = Base.lproj/Reports.storyboard; sourceTree = "<group>"; };
		E2DAC7071FDC264200B5B81B /* Base */ = {isa = PBXFileReference; lastKnownFileType = file.storyboard; name = Base; path = Base.lproj/Tasks.storyboard; sourceTree = "<group>"; };
		E2DAC70A1FDC264600B5B81B /* Base */ = {isa = PBXFileReference; lastKnownFileType = file.storyboard; name = Base; path = Base.lproj/Contacts.storyboard; sourceTree = "<group>"; };
		E2DAC70D1FDC264A00B5B81B /* Base */ = {isa = PBXFileReference; lastKnownFileType = file.storyboard; name = Base; path = Base.lproj/Resources.storyboard; sourceTree = "<group>"; };
		E2DAC7101FDC265000B5B81B /* Base */ = {isa = PBXFileReference; lastKnownFileType = file.storyboard; name = Base; path = Base.lproj/Events.storyboard; sourceTree = "<group>"; };
		E2DAC7131FDC265500B5B81B /* Base */ = {isa = PBXFileReference; lastKnownFileType = file.storyboard; name = Base; path = Base.lproj/Teamplanner.storyboard; sourceTree = "<group>"; };
		E2FDE60E1FE00070006BA8DD /* Amount.swift */ = {isa = PBXFileReference; lastKnownFileType = sourcecode.swift; path = Amount.swift; sourceTree = "<group>"; };
		E2FDE6101FE00185006BA8DD /* Contactbookings.swift */ = {isa = PBXFileReference; lastKnownFileType = sourcecode.swift; path = Contactbookings.swift; sourceTree = "<group>"; };
		E2FDE6121FE05EA2006BA8DD /* GetCurrentDate.swift */ = {isa = PBXFileReference; lastKnownFileType = sourcecode.swift; path = GetCurrentDate.swift; sourceTree = "<group>"; };
		E2FDE6181FE063AF006BA8DD /* GetEvents.swift */ = {isa = PBXFileReference; lastKnownFileType = sourcecode.swift; path = GetEvents.swift; sourceTree = "<group>"; };
		E2FDE61C1FE06E1B006BA8DD /* EventSection.swift */ = {isa = PBXFileReference; lastKnownFileType = sourcecode.swift; path = EventSection.swift; sourceTree = "<group>"; };
		E2FDE61E1FE0706A006BA8DD /* public func stringToDate.swift */ = {isa = PBXFileReference; fileEncoding = 4; lastKnownFileType = sourcecode.swift; path = "public func stringToDate.swift"; sourceTree = "<group>"; };
		E2FDE61F1FE0706B006BA8DD /* public func stringToSelectedDate.swift */ = {isa = PBXFileReference; fileEncoding = 4; lastKnownFileType = sourcecode.swift; path = "public func stringToSelectedDate.swift"; sourceTree = "<group>"; };
		E2FDE6201FE0706B006BA8DD /* public func stringToEventDate.swift */ = {isa = PBXFileReference; fileEncoding = 4; lastKnownFileType = sourcecode.swift; path = "public func stringToEventDate.swift"; sourceTree = "<group>"; };
		E2FDE6211FE0706B006BA8DD /* public func stringToTime.swift */ = {isa = PBXFileReference; fileEncoding = 4; lastKnownFileType = sourcecode.swift; path = "public func stringToTime.swift"; sourceTree = "<group>"; };
		E2FDE6261FE08486006BA8DD /* GetStatuses.swift */ = {isa = PBXFileReference; lastKnownFileType = sourcecode.swift; path = GetStatuses.swift; sourceTree = "<group>"; };
		E2FDE6281FE084F9006BA8DD /* Statuses.swift */ = {isa = PBXFileReference; lastKnownFileType = sourcecode.swift; path = Statuses.swift; sourceTree = "<group>"; };
/* End PBXFileReference section */

/* Begin PBXFrameworksBuildPhase section */
		E22DE4661FDB173300E0F499 /* Frameworks */ = {
			isa = PBXFrameworksBuildPhase;
			buildActionMask = 2147483647;
			files = (
			);
			runOnlyForDeploymentPostprocessing = 0;
		};
		E22DE47C1FDB173300E0F499 /* Frameworks */ = {
			isa = PBXFrameworksBuildPhase;
			buildActionMask = 2147483647;
			files = (
			);
			runOnlyForDeploymentPostprocessing = 0;
		};
		E22DE4871FDB173300E0F499 /* Frameworks */ = {
			isa = PBXFrameworksBuildPhase;
			buildActionMask = 2147483647;
			files = (
			);
			runOnlyForDeploymentPostprocessing = 0;
		};
/* End PBXFrameworksBuildPhase section */

/* Begin PBXGroup section */
		E2286E431FDDB98E006CE49D /* Classes */ = {
			isa = PBXGroup;
			children = (
				E2286E4E1FDDBC7B006CE49D /* JsonHelpers.swift */,
				E2286E441FDDB9BA006CE49D /* Events.swift */,
				E265B31D1FDF2AF70000591B /* Contacts.swift */,
				E2FDE6101FE00185006BA8DD /* Contactbookings.swift */,
				E2A07FDA1FDF333B00F0D94B /* Tasks.swift */,
				E2A07FDC1FDF379500F0D94B /* Profiles.swift */,
				E2FDE6281FE084F9006BA8DD /* Statuses.swift */,
				E29CF9091FE152CC005038A8 /* Resourcebookings.swift */,
				E25513FB1FE8588B00C76673 /* Schedule.swift */,
				E2286E461FDDBA52006CE49D /* Pagination.swift */,
				E265B3311FDF2D7B0000591B /* Address.swift */,
				E265B3211FDF2BD50000591B /* Attributes.swift */,
				E2A07FD61FDF317100F0D94B /* Child.swift */,
				E2B4AB781FDF1DBE00374830 /* Contactbooking.swift */,
				E265B32F1FDF2D520000591B /* Contactinfo.swift */,
				E265B3171FDF22AF0000591B /* ContactLink.swift */,
				E265B3191FDF25950000591B /* Contact.swift */,
				E25513FD1FE858D400C76673 /* Entry.swift */,
				E265B31B1FDF27290000591B /* Event.swift */,
				E2FDE61C1FE06E1B006BA8DD /* EventSection.swift */,
				E265B32B1FDF2CED0000591B /* Link.swift */,
				E265B32D1FDF2D1A0000591B /* Organization.swift */,
				E265B3251FDF2C440000591B /* Own.swift */,
				E265B3271FDF2C830000591B /* Profile.swift */,
				E265B3291FDF2CA90000591B /* Status.swift */,
				E265B31F1FDF2B7C0000591B /* Task.swift */,
				E2A07FD41FDF308600F0D94B /* Group.swift */,
				E2A07FD81FDF319D00F0D94B /* Location.swift */,
				E24FB9281FDFFA0D00C5242B /* Resourcebooking.swift */,
				E24FB92C1FDFFA8900C5242B /* ResourceInstance.swift */,
				E24FB92E1FDFFB0000C5242B /* Placeholder.swift */,
				E24FB9301FDFFB8B00C5242B /* Costmodel.swift */,
				E24FB9321FDFFC0D00C5242B /* Discount.swift */,
				E24FB9341FDFFC3800C5242B /* Formula.swift */,
				E24FB9361FDFFD1800C5242B /* Resource.swift */,
				E24FB9381FDFFF0500C5242B /* CostFormula.swift */,
				E24FB93A1FDFFF6E00C5242B /* Priceformula.swift */,
				E2FDE60E1FE00070006BA8DD /* Amount.swift */,
				E22FB6AA1FE701EE006E7658 /* Customdata.swift */,
			);
			path = Classes;
			sourceTree = "<group>";
		};
		E22DE4601FDB173200E0F499 = {
			isa = PBXGroup;
			children = (
				E22DE46B1FDB173300E0F499 /* YesplanApp */,
				E22DE47A1FDB173300E0F499 /* Info.plist */,
				E22DE4821FDB173300E0F499 /* YesplanAppTests */,
				E22DE48D1FDB173300E0F499 /* YesplanAppUITests */,
				E22DE46A1FDB173300E0F499 /* Products */,
			);
			sourceTree = "<group>";
		};
		E22DE46A1FDB173300E0F499 /* Products */ = {
			isa = PBXGroup;
			children = (
				E22DE4691FDB173300E0F499 /* YesplanApp.app */,
				E22DE47F1FDB173300E0F499 /* YesplanAppTests.xctest */,
				E22DE48A1FDB173300E0F499 /* YesplanAppUITests.xctest */,
			);
			name = Products;
			sourceTree = "<group>";
		};
		E22DE46B1FDB173300E0F499 /* YesplanApp */ = {
			isa = PBXGroup;
			children = (
				E2286E431FDDB98E006CE49D /* Classes */,
				E22DE46C1FDB173300E0F499 /* AppDelegate.swift */,
				E22DE4751FDB173300E0F499 /* Assets.xcassets */,
				E2DAC6DC1FDC21FE00B5B81B /* Storyboards */,
				E2DAC6AB1FDC188D00B5B81B /* MainStoryboards */,
				E26A7D471FDC53B700F55465 /* VCs */,
				E29CF9131FE1B93A005038A8 /* DVC */,
				E2AE9A6A1FE2941700FD0C8A /* TBC */,
				E26A7D4C1FDC55D100F55465 /* Cells */,
				E2A07FE01FDF38EE00F0D94B /* functions */,
			);
			path = YesplanApp;
			sourceTree = "<group>";
		};
		E22DE4821FDB173300E0F499 /* YesplanAppTests */ = {
			isa = PBXGroup;
			children = (
				E22DE4831FDB173300E0F499 /* YesplanAppTests.swift */,
				E22DE4851FDB173300E0F499 /* Info.plist */,
			);
			path = YesplanAppTests;
			sourceTree = "<group>";
		};
		E22DE48D1FDB173300E0F499 /* YesplanAppUITests */ = {
			isa = PBXGroup;
			children = (
				E22DE48E1FDB173300E0F499 /* YesplanAppUITests.swift */,
				E22DE4901FDB173300E0F499 /* Info.plist */,
			);
			path = YesplanAppUITests;
			sourceTree = "<group>";
		};
		E26A7D471FDC53B700F55465 /* VCs */ = {
			isa = PBXGroup;
			children = (
				E26A7D431FDC53A800F55465 /* VCEvents.swift */,
				E26A7D441FDC53A800F55465 /* VCEvents.xib */,
			);
			path = VCs;
			sourceTree = "<group>";
		};
		E26A7D4C1FDC55D100F55465 /* Cells */ = {
			isa = PBXGroup;
			children = (
				E26A7D481FDC55C600F55465 /* TVCEvents.swift */,
				E26A7D491FDC55C600F55465 /* TVCEvents.xib */,
			);
			path = Cells;
			sourceTree = "<group>";
		};
		E29CF9131FE1B93A005038A8 /* DVC */ = {
			isa = PBXGroup;
			children = (
				E262445C1FE9989E001CCE59 /* DVCEventInfo.swift */,
				E262445D1FE9989E001CCE59 /* DVCEventInfo.xib */,
				E25513F31FE854A300C76673 /* DVCEventTimeSchedules.swift */,
				E25513F41FE854A300C76673 /* DVCEventTimeSchedules.xib */,
				E26244601FE998DF001CCE59 /* DVCEventLocation.swift */,
				E26244611FE998DF001CCE59 /* DVCEventLocation.xib */,
				E26244641FE998F7001CCE59 /* DVCEventTeam.swift */,
				E26244651FE998F7001CCE59 /* DVCEventTeam.xib */,
				E26244681FE9990E001CCE59 /* DVCEventResources.swift */,
				E26244691FE9990E001CCE59 /* DVCEventResources.xib */,
				E262446C1FE99923001CCE59 /* DVCEventTasks.swift */,
				E262446D1FE99923001CCE59 /* DVCEventTasks.xib */,
				E26244701FE99945001CCE59 /* DVCEventContacts.swift */,
				E26244711FE99945001CCE59 /* DVCEventContacts.xib */,
				E26244741FE99966001CCE59 /* DVCEventAttachments.swift */,
				E26244751FE99966001CCE59 /* DVCEventAttachments.xib */,
				E26244781FE9AD8E001CCE59 /* DVCEventCustomData.swift */,
				E26244791FE9AD8E001CCE59 /* DVCEventCustomData.xib */,
			);
			path = DVC;
			sourceTree = "<group>";
		};
		E2A07FE01FDF38EE00F0D94B /* functions */ = {
			isa = PBXGroup;
			children = (
				E2FDE61E1FE0706A006BA8DD /* public func stringToDate.swift */,
				E2FDE6201FE0706B006BA8DD /* public func stringToEventDate.swift */,
				E2FDE61F1FE0706B006BA8DD /* public func stringToSelectedDate.swift */,
				E2FDE6211FE0706B006BA8DD /* public func stringToTime.swift */,
				E2A07FDE1FDF38E600F0D94B /* GetProfiles.swift */,
				E2FDE6261FE08486006BA8DD /* GetStatuses.swift */,
				E2FDE6121FE05EA2006BA8DD /* GetCurrentDate.swift */,
				E2FDE6181FE063AF006BA8DD /* GetEvents.swift */,
				E25513F71FE856D400C76673 /* GetSchedule.swift */,
				E262447C1FE9B5AB001CCE59 /* GetCustomData.swift */,
			);
			path = functions;
			sourceTree = "<group>";
		};
		E2AE9A6A1FE2941700FD0C8A /* TBC */ = {
			isa = PBXGroup;
			children = (
				E2AE9A661FE2940D00FD0C8A /* TBCEvent.swift */,
				E2AE9A671FE2940D00FD0C8A /* TBCEvent.xib */,
			);
			path = TBC;
			sourceTree = "<group>";
		};
		E2DAC6AB1FDC188D00B5B81B /* MainStoryboards */ = {
			isa = PBXGroup;
			children = (
				E22DE4771FDB173300E0F499 /* LaunchScreen.storyboard */,
				E22DE4721FDB173300E0F499 /* Main.storyboard */,
			);
			path = MainStoryboards;
			sourceTree = "<group>";
		};
		E2DAC6DC1FDC21FE00B5B81B /* Storyboards */ = {
			isa = PBXGroup;
			children = (
				E2DAC7111FDC265000B5B81B /* Events.storyboard */,
				E2DAC7141FDC265500B5B81B /* Teamplanner.storyboard */,
				E2DAC70E1FDC264A00B5B81B /* Resources.storyboard */,
				E2DAC70B1FDC264600B5B81B /* Contacts.storyboard */,
				E2DAC7081FDC264200B5B81B /* Tasks.storyboard */,
				E2DAC7051FDC263E00B5B81B /* Reports.storyboard */,
				E2DAC7021FDC263800B5B81B /* Help.storyboard */,
				E2DAC6FF1FDC263400B5B81B /* Search.storyboard */,
				E2DAC6F91FDC262A00B5B81B /* User.storyboard */,
				E2DAC6F61FDC262500B5B81B /* To Do.storyboard */,
				E2DAC6FC1FDC262F00B5B81B /* Conflicts.storyboard */,
				E2DAC6F31FDC261F00B5B81B /* Updates.storyboard */,
			);
			path = Storyboards;
			sourceTree = "<group>";
		};
/* End PBXGroup section */

/* Begin PBXNativeTarget section */
		E22DE4681FDB173300E0F499 /* YesplanApp */ = {
			isa = PBXNativeTarget;
			buildConfigurationList = E22DE4931FDB173300E0F499 /* Build configuration list for PBXNativeTarget "YesplanApp" */;
			buildPhases = (
				E22DE4651FDB173300E0F499 /* Sources */,
				E22DE4661FDB173300E0F499 /* Frameworks */,
				E22DE4671FDB173300E0F499 /* Resources */,
			);
			buildRules = (
			);
			dependencies = (
			);
			name = YesplanApp;
			productName = YesplanApp;
			productReference = E22DE4691FDB173300E0F499 /* YesplanApp.app */;
			productType = "com.apple.product-type.application";
		};
		E22DE47E1FDB173300E0F499 /* YesplanAppTests */ = {
			isa = PBXNativeTarget;
			buildConfigurationList = E22DE4961FDB173300E0F499 /* Build configuration list for PBXNativeTarget "YesplanAppTests" */;
			buildPhases = (
				E22DE47B1FDB173300E0F499 /* Sources */,
				E22DE47C1FDB173300E0F499 /* Frameworks */,
				E22DE47D1FDB173300E0F499 /* Resources */,
			);
			buildRules = (
			);
			dependencies = (
				E22DE4811FDB173300E0F499 /* PBXTargetDependency */,
			);
			name = YesplanAppTests;
			productName = YesplanAppTests;
			productReference = E22DE47F1FDB173300E0F499 /* YesplanAppTests.xctest */;
			productType = "com.apple.product-type.bundle.unit-test";
		};
		E22DE4891FDB173300E0F499 /* YesplanAppUITests */ = {
			isa = PBXNativeTarget;
			buildConfigurationList = E22DE4991FDB173300E0F499 /* Build configuration list for PBXNativeTarget "YesplanAppUITests" */;
			buildPhases = (
				E22DE4861FDB173300E0F499 /* Sources */,
				E22DE4871FDB173300E0F499 /* Frameworks */,
				E22DE4881FDB173300E0F499 /* Resources */,
			);
			buildRules = (
			);
			dependencies = (
				E22DE48C1FDB173300E0F499 /* PBXTargetDependency */,
			);
			name = YesplanAppUITests;
			productName = YesplanAppUITests;
			productReference = E22DE48A1FDB173300E0F499 /* YesplanAppUITests.xctest */;
			productType = "com.apple.product-type.bundle.ui-testing";
		};
/* End PBXNativeTarget section */

/* Begin PBXProject section */
		E22DE4611FDB173200E0F499 /* Project object */ = {
			isa = PBXProject;
			attributes = {
				LastSwiftUpdateCheck = 0920;
				LastUpgradeCheck = 0920;
				ORGANIZATIONNAME = TomPlan;
				TargetAttributes = {
					E22DE4681FDB173300E0F499 = {
						CreatedOnToolsVersion = 9.2;
						ProvisioningStyle = Automatic;
					};
					E22DE47E1FDB173300E0F499 = {
						CreatedOnToolsVersion = 9.2;
						ProvisioningStyle = Automatic;
						TestTargetID = E22DE4681FDB173300E0F499;
					};
					E22DE4891FDB173300E0F499 = {
						CreatedOnToolsVersion = 9.2;
						ProvisioningStyle = Automatic;
						TestTargetID = E22DE4681FDB173300E0F499;
					};
				};
			};
			buildConfigurationList = E22DE4641FDB173300E0F499 /* Build configuration list for PBXProject "YesplanApp" */;
			compatibilityVersion = "Xcode 8.0";
			developmentRegion = en;
			hasScannedForEncodings = 0;
			knownRegions = (
				en,
				Base,
			);
			mainGroup = E22DE4601FDB173200E0F499;
			productRefGroup = E22DE46A1FDB173300E0F499 /* Products */;
			projectDirPath = "";
			projectRoot = "";
			targets = (
				E22DE4681FDB173300E0F499 /* YesplanApp */,
				E22DE47E1FDB173300E0F499 /* YesplanAppTests */,
				E22DE4891FDB173300E0F499 /* YesplanAppUITests */,
			);
		};
/* End PBXProject section */

/* Begin PBXResourcesBuildPhase section */
		E22DE4671FDB173300E0F499 /* Resources */ = {
			isa = PBXResourcesBuildPhase;
			buildActionMask = 2147483647;
			files = (
				E22DE4791FDB173300E0F499 /* LaunchScreen.storyboard in Resources */,
				E2DAC7121FDC265500B5B81B /* Teamplanner.storyboard in Resources */,
				E2DAC70C1FDC264A00B5B81B /* Resources.storyboard in Resources */,
				E2DAC6F41FDC262500B5B81B /* To Do.storyboard in Resources */,
				E2DAC6FA1FDC262F00B5B81B /* Conflicts.storyboard in Resources */,
				E2DAC6F11FDC261F00B5B81B /* Updates.storyboard in Resources */,
				E2DAC70F1FDC265000B5B81B /* Events.storyboard in Resources */,
				E26244771FE99966001CCE59 /* DVCEventAttachments.xib in Resources */,
				E22DE4761FDB173300E0F499 /* Assets.xcassets in Resources */,
				E26244731FE99945001CCE59 /* DVCEventContacts.xib in Resources */,
				E262445F1FE9989E001CCE59 /* DVCEventInfo.xib in Resources */,
				E2AE9A691FE2940D00FD0C8A /* TBCEvent.xib in Resources */,
				E2DAC6F71FDC262A00B5B81B /* User.storyboard in Resources */,
				E2DAC7061FDC264200B5B81B /* Tasks.storyboard in Resources */,
				E26A7D4B1FDC55C600F55465 /* TVCEvents.xib in Resources */,
				E26244671FE998F7001CCE59 /* DVCEventTeam.xib in Resources */,
				E2DAC7091FDC264600B5B81B /* Contacts.storyboard in Resources */,
				E262446F1FE99923001CCE59 /* DVCEventTasks.xib in Resources */,
				E25513F61FE854A300C76673 /* DVCEventTimeSchedules.xib in Resources */,
				E2DAC6FD1FDC263400B5B81B /* Search.storyboard in Resources */,
				E262446B1FE9990E001CCE59 /* DVCEventResources.xib in Resources */,
				E26244631FE998DF001CCE59 /* DVCEventLocation.xib in Resources */,
				E2DAC7001FDC263800B5B81B /* Help.storyboard in Resources */,
				E26A7D461FDC53A900F55465 /* VCEvents.xib in Resources */,
				E262447B1FE9AD8E001CCE59 /* DVCEventCustomData.xib in Resources */,
				E22DE4741FDB173300E0F499 /* Main.storyboard in Resources */,
				E2DAC7031FDC263E00B5B81B /* Reports.storyboard in Resources */,
			);
			runOnlyForDeploymentPostprocessing = 0;
		};
		E22DE47D1FDB173300E0F499 /* Resources */ = {
			isa = PBXResourcesBuildPhase;
			buildActionMask = 2147483647;
			files = (
			);
			runOnlyForDeploymentPostprocessing = 0;
		};
		E22DE4881FDB173300E0F499 /* Resources */ = {
			isa = PBXResourcesBuildPhase;
			buildActionMask = 2147483647;
			files = (
			);
			runOnlyForDeploymentPostprocessing = 0;
		};
/* End PBXResourcesBuildPhase section */

/* Begin PBXSourcesBuildPhase section */
		E22DE4651FDB173300E0F499 /* Sources */ = {
			isa = PBXSourcesBuildPhase;
			buildActionMask = 2147483647;
			files = (
				E265B31A1FDF25950000591B /* Contact.swift in Sources */,
				E265B3181FDF22AF0000591B /* ContactLink.swift in Sources */,
				E2FDE6131FE05EA2006BA8DD /* GetCurrentDate.swift in Sources */,
				E2FDE6241FE0706B006BA8DD /* public func stringToEventDate.swift in Sources */,
				E2FDE6251FE0706B006BA8DD /* public func stringToTime.swift in Sources */,
				E29CF90A1FE152CC005038A8 /* Resourcebookings.swift in Sources */,
				E25513F51FE854A300C76673 /* DVCEventTimeSchedules.swift in Sources */,
				E26244761FE99966001CCE59 /* DVCEventAttachments.swift in Sources */,
				E2B4AB791FDF1DBE00374830 /* Contactbooking.swift in Sources */,
				E24FB9311FDFFB8C00C5242B /* Costmodel.swift in Sources */,
				E26244721FE99945001CCE59 /* DVCEventContacts.swift in Sources */,
				E265B32A1FDF2CA90000591B /* Status.swift in Sources */,
				E262445E1FE9989E001CCE59 /* DVCEventInfo.swift in Sources */,
				E26244661FE998F7001CCE59 /* DVCEventTeam.swift in Sources */,
				E2A07FDB1FDF333B00F0D94B /* Tasks.swift in Sources */,
				E2FDE6191FE063AF006BA8DD /* GetEvents.swift in Sources */,
				E2FDE6111FE00185006BA8DD /* Contactbookings.swift in Sources */,
				E2FDE6231FE0706B006BA8DD /* public func stringToSelectedDate.swift in Sources */,
				E2286E4F1FDDBC7B006CE49D /* JsonHelpers.swift in Sources */,
				E2FDE6221FE0706B006BA8DD /* public func stringToDate.swift in Sources */,
				E25513FC1FE8588B00C76673 /* Schedule.swift in Sources */,
				E262446A1FE9990E001CCE59 /* DVCEventResources.swift in Sources */,
				E265B3201FDF2B7C0000591B /* Task.swift in Sources */,
				E265B3321FDF2D7B0000591B /* Address.swift in Sources */,
				E24FB92D1FDFFA8900C5242B /* ResourceInstance.swift in Sources */,
				E265B31C1FDF27290000591B /* Event.swift in Sources */,
				E26A7D4A1FDC55C600F55465 /* TVCEvents.swift in Sources */,
				E26244621FE998DF001CCE59 /* DVCEventLocation.swift in Sources */,
				E2FDE61D1FE06E1B006BA8DD /* EventSection.swift in Sources */,
				E24FB92F1FDFFB0000C5242B /* Placeholder.swift in Sources */,
				E2FDE6291FE084F9006BA8DD /* Statuses.swift in Sources */,
				E2A07FD71FDF317100F0D94B /* Child.swift in Sources */,
				E2A07FD91FDF319D00F0D94B /* Location.swift in Sources */,
				E2AE9A681FE2940D00FD0C8A /* TBCEvent.swift in Sources */,
				E265B3261FDF2C440000591B /* Own.swift in Sources */,
				E262446E1FE99923001CCE59 /* DVCEventTasks.swift in Sources */,
				E265B32E1FDF2D1A0000591B /* Organization.swift in Sources */,
				E24FB93B1FDFFF6E00C5242B /* Priceformula.swift in Sources */,
				E24FB9331FDFFC0D00C5242B /* Discount.swift in Sources */,
				E25513F81FE856D400C76673 /* GetSchedule.swift in Sources */,
				E24FB9391FDFFF0500C5242B /* CostFormula.swift in Sources */,
				E2A07FDD1FDF379500F0D94B /* Profiles.swift in Sources */,
				E265B3281FDF2C830000591B /* Profile.swift in Sources */,
				E2A07FDF1FDF38E600F0D94B /* GetProfiles.swift in Sources */,
				E2A07FD51FDF308600F0D94B /* Group.swift in Sources */,
				E265B3221FDF2BD50000591B /* Attributes.swift in Sources */,
				E265B31E1FDF2AF70000591B /* Contacts.swift in Sources */,
				E22DE46D1FDB173300E0F499 /* AppDelegate.swift in Sources */,
				E25513FE1FE858D400C76673 /* Entry.swift in Sources */,
				E262447A1FE9AD8E001CCE59 /* DVCEventCustomData.swift in Sources */,
				E2286E471FDDBA52006CE49D /* Pagination.swift in Sources */,
				E265B3301FDF2D520000591B /* Contactinfo.swift in Sources */,
				E2FDE6271FE08486006BA8DD /* GetStatuses.swift in Sources */,
				E22FB6AB1FE701EE006E7658 /* Customdata.swift in Sources */,
				E265B32C1FDF2CED0000591B /* Link.swift in Sources */,
				E24FB9351FDFFC3800C5242B /* Formula.swift in Sources */,
				E2286E451FDDB9BA006CE49D /* Events.swift in Sources */,
				E26A7D451FDC53A900F55465 /* VCEvents.swift in Sources */,
				E2FDE60F1FE00070006BA8DD /* Amount.swift in Sources */,
				E24FB9291FDFFA0D00C5242B /* Resourcebooking.swift in Sources */,
				E24FB9371FDFFD1800C5242B /* Resource.swift in Sources */,
				E262447D1FE9B5AB001CCE59 /* GetCustomData.swift in Sources */,
			);
			runOnlyForDeploymentPostprocessing = 0;
		};
		E22DE47B1FDB173300E0F499 /* Sources */ = {
			isa = PBXSourcesBuildPhase;
			buildActionMask = 2147483647;
			files = (
				E22DE4841FDB173300E0F499 /* YesplanAppTests.swift in Sources */,
			);
			runOnlyForDeploymentPostprocessing = 0;
		};
		E22DE4861FDB173300E0F499 /* Sources */ = {
			isa = PBXSourcesBuildPhase;
			buildActionMask = 2147483647;
			files = (
				E22DE48F1FDB173300E0F499 /* YesplanAppUITests.swift in Sources */,
			);
			runOnlyForDeploymentPostprocessing = 0;
		};
/* End PBXSourcesBuildPhase section */

/* Begin PBXTargetDependency section */
		E22DE4811FDB173300E0F499 /* PBXTargetDependency */ = {
			isa = PBXTargetDependency;
			target = E22DE4681FDB173300E0F499 /* YesplanApp */;
			targetProxy = E22DE4801FDB173300E0F499 /* PBXContainerItemProxy */;
		};
		E22DE48C1FDB173300E0F499 /* PBXTargetDependency */ = {
			isa = PBXTargetDependency;
			target = E22DE4681FDB173300E0F499 /* YesplanApp */;
			targetProxy = E22DE48B1FDB173300E0F499 /* PBXContainerItemProxy */;
		};
/* End PBXTargetDependency section */

/* Begin PBXVariantGroup section */
		E22DE4721FDB173300E0F499 /* Main.storyboard */ = {
			isa = PBXVariantGroup;
			children = (
				E22DE4731FDB173300E0F499 /* Base */,
			);
			name = Main.storyboard;
			sourceTree = "<group>";
		};
		E22DE4771FDB173300E0F499 /* LaunchScreen.storyboard */ = {
			isa = PBXVariantGroup;
			children = (
				E22DE4781FDB173300E0F499 /* Base */,
			);
			name = LaunchScreen.storyboard;
			sourceTree = "<group>";
		};
		E2DAC6F31FDC261F00B5B81B /* Updates.storyboard */ = {
			isa = PBXVariantGroup;
			children = (
				E2DAC6F21FDC261F00B5B81B /* Base */,
			);
			name = Updates.storyboard;
			sourceTree = "<group>";
		};
		E2DAC6F61FDC262500B5B81B /* To Do.storyboard */ = {
			isa = PBXVariantGroup;
			children = (
				E2DAC6F51FDC262500B5B81B /* Base */,
			);
			name = "To Do.storyboard";
			sourceTree = "<group>";
		};
		E2DAC6F91FDC262A00B5B81B /* User.storyboard */ = {
			isa = PBXVariantGroup;
			children = (
				E2DAC6F81FDC262A00B5B81B /* Base */,
			);
			name = User.storyboard;
			sourceTree = "<group>";
		};
		E2DAC6FC1FDC262F00B5B81B /* Conflicts.storyboard */ = {
			isa = PBXVariantGroup;
			children = (
				E2DAC6FB1FDC262F00B5B81B /* Base */,
			);
			name = Conflicts.storyboard;
			sourceTree = "<group>";
		};
		E2DAC6FF1FDC263400B5B81B /* Search.storyboard */ = {
			isa = PBXVariantGroup;
			children = (
				E2DAC6FE1FDC263400B5B81B /* Base */,
			);
			name = Search.storyboard;
			sourceTree = "<group>";
		};
		E2DAC7021FDC263800B5B81B /* Help.storyboard */ = {
			isa = PBXVariantGroup;
			children = (
				E2DAC7011FDC263800B5B81B /* Base */,
			);
			name = Help.storyboard;
			sourceTree = "<group>";
		};
		E2DAC7051FDC263E00B5B81B /* Reports.storyboard */ = {
			isa = PBXVariantGroup;
			children = (
				E2DAC7041FDC263E00B5B81B /* Base */,
			);
			name = Reports.storyboard;
			sourceTree = "<group>";
		};
		E2DAC7081FDC264200B5B81B /* Tasks.storyboard */ = {
			isa = PBXVariantGroup;
			children = (
				E2DAC7071FDC264200B5B81B /* Base */,
			);
			name = Tasks.storyboard;
			sourceTree = "<group>";
		};
		E2DAC70B1FDC264600B5B81B /* Contacts.storyboard */ = {
			isa = PBXVariantGroup;
			children = (
				E2DAC70A1FDC264600B5B81B /* Base */,
			);
			name = Contacts.storyboard;
			sourceTree = "<group>";
		};
		E2DAC70E1FDC264A00B5B81B /* Resources.storyboard */ = {
			isa = PBXVariantGroup;
			children = (
				E2DAC70D1FDC264A00B5B81B /* Base */,
			);
			name = Resources.storyboard;
			sourceTree = "<group>";
		};
		E2DAC7111FDC265000B5B81B /* Events.storyboard */ = {
			isa = PBXVariantGroup;
			children = (
				E2DAC7101FDC265000B5B81B /* Base */,
			);
			name = Events.storyboard;
			sourceTree = "<group>";
		};
		E2DAC7141FDC265500B5B81B /* Teamplanner.storyboard */ = {
			isa = PBXVariantGroup;
			children = (
				E2DAC7131FDC265500B5B81B /* Base */,
			);
			name = Teamplanner.storyboard;
			sourceTree = "<group>";
		};
/* End PBXVariantGroup section */

/* Begin XCBuildConfiguration section */
		E22DE4911FDB173300E0F499 /* Debug */ = {
			isa = XCBuildConfiguration;
			buildSettings = {
				ALWAYS_SEARCH_USER_PATHS = NO;
				CLANG_ANALYZER_NONNULL = YES;
				CLANG_ANALYZER_NUMBER_OBJECT_CONVERSION = YES_AGGRESSIVE;
				CLANG_CXX_LANGUAGE_STANDARD = "gnu++14";
				CLANG_CXX_LIBRARY = "libc++";
				CLANG_ENABLE_MODULES = YES;
				CLANG_ENABLE_OBJC_ARC = YES;
				CLANG_WARN_BLOCK_CAPTURE_AUTORELEASING = YES;
				CLANG_WARN_BOOL_CONVERSION = YES;
				CLANG_WARN_COMMA = YES;
				CLANG_WARN_CONSTANT_CONVERSION = YES;
				CLANG_WARN_DIRECT_OBJC_ISA_USAGE = YES_ERROR;
				CLANG_WARN_DOCUMENTATION_COMMENTS = YES;
				CLANG_WARN_EMPTY_BODY = YES;
				CLANG_WARN_ENUM_CONVERSION = YES;
				CLANG_WARN_INFINITE_RECURSION = YES;
				CLANG_WARN_INT_CONVERSION = YES;
				CLANG_WARN_NON_LITERAL_NULL_CONVERSION = YES;
				CLANG_WARN_OBJC_LITERAL_CONVERSION = YES;
				CLANG_WARN_OBJC_ROOT_CLASS = YES_ERROR;
				CLANG_WARN_RANGE_LOOP_ANALYSIS = YES;
				CLANG_WARN_STRICT_PROTOTYPES = YES;
				CLANG_WARN_SUSPICIOUS_MOVE = YES;
				CLANG_WARN_UNGUARDED_AVAILABILITY = YES_AGGRESSIVE;
				CLANG_WARN_UNREACHABLE_CODE = YES;
				CLANG_WARN__DUPLICATE_METHOD_MATCH = YES;
				CODE_SIGN_IDENTITY = "iPhone Developer";
				COPY_PHASE_STRIP = NO;
				DEBUG_INFORMATION_FORMAT = dwarf;
				ENABLE_STRICT_OBJC_MSGSEND = YES;
				ENABLE_TESTABILITY = YES;
				GCC_C_LANGUAGE_STANDARD = gnu11;
				GCC_DYNAMIC_NO_PIC = NO;
				GCC_NO_COMMON_BLOCKS = YES;
				GCC_OPTIMIZATION_LEVEL = 0;
				GCC_PREPROCESSOR_DEFINITIONS = (
					"DEBUG=1",
					"$(inherited)",
				);
				GCC_WARN_64_TO_32_BIT_CONVERSION = YES;
				GCC_WARN_ABOUT_RETURN_TYPE = YES_ERROR;
				GCC_WARN_UNDECLARED_SELECTOR = YES;
				GCC_WARN_UNINITIALIZED_AUTOS = YES_AGGRESSIVE;
				GCC_WARN_UNUSED_FUNCTION = YES;
				GCC_WARN_UNUSED_VARIABLE = YES;
				IPHONEOS_DEPLOYMENT_TARGET = 11.2;
				MTL_ENABLE_DEBUG_INFO = YES;
				ONLY_ACTIVE_ARCH = YES;
				SDKROOT = iphoneos;
				SWIFT_ACTIVE_COMPILATION_CONDITIONS = DEBUG;
				SWIFT_OPTIMIZATION_LEVEL = "-Onone";
			};
			name = Debug;
		};
		E22DE4921FDB173300E0F499 /* Release */ = {
			isa = XCBuildConfiguration;
			buildSettings = {
				ALWAYS_SEARCH_USER_PATHS = NO;
				CLANG_ANALYZER_NONNULL = YES;
				CLANG_ANALYZER_NUMBER_OBJECT_CONVERSION = YES_AGGRESSIVE;
				CLANG_CXX_LANGUAGE_STANDARD = "gnu++14";
				CLANG_CXX_LIBRARY = "libc++";
				CLANG_ENABLE_MODULES = YES;
				CLANG_ENABLE_OBJC_ARC = YES;
				CLANG_WARN_BLOCK_CAPTURE_AUTORELEASING = YES;
				CLANG_WARN_BOOL_CONVERSION = YES;
				CLANG_WARN_COMMA = YES;
				CLANG_WARN_CONSTANT_CONVERSION = YES;
				CLANG_WARN_DIRECT_OBJC_ISA_USAGE = YES_ERROR;
				CLANG_WARN_DOCUMENTATION_COMMENTS = YES;
				CLANG_WARN_EMPTY_BODY = YES;
				CLANG_WARN_ENUM_CONVERSION = YES;
				CLANG_WARN_INFINITE_RECURSION = YES;
				CLANG_WARN_INT_CONVERSION = YES;
				CLANG_WARN_NON_LITERAL_NULL_CONVERSION = YES;
				CLANG_WARN_OBJC_LITERAL_CONVERSION = YES;
				CLANG_WARN_OBJC_ROOT_CLASS = YES_ERROR;
				CLANG_WARN_RANGE_LOOP_ANALYSIS = YES;
				CLANG_WARN_STRICT_PROTOTYPES = YES;
				CLANG_WARN_SUSPICIOUS_MOVE = YES;
				CLANG_WARN_UNGUARDED_AVAILABILITY = YES_AGGRESSIVE;
				CLANG_WARN_UNREACHABLE_CODE = YES;
				CLANG_WARN__DUPLICATE_METHOD_MATCH = YES;
				CODE_SIGN_IDENTITY = "iPhone Developer";
				COPY_PHASE_STRIP = NO;
				DEBUG_INFORMATION_FORMAT = "dwarf-with-dsym";
				ENABLE_NS_ASSERTIONS = NO;
				ENABLE_STRICT_OBJC_MSGSEND = YES;
				GCC_C_LANGUAGE_STANDARD = gnu11;
				GCC_NO_COMMON_BLOCKS = YES;
				GCC_WARN_64_TO_32_BIT_CONVERSION = YES;
				GCC_WARN_ABOUT_RETURN_TYPE = YES_ERROR;
				GCC_WARN_UNDECLARED_SELECTOR = YES;
				GCC_WARN_UNINITIALIZED_AUTOS = YES_AGGRESSIVE;
				GCC_WARN_UNUSED_FUNCTION = YES;
				GCC_WARN_UNUSED_VARIABLE = YES;
				IPHONEOS_DEPLOYMENT_TARGET = 11.2;
				MTL_ENABLE_DEBUG_INFO = NO;
				SDKROOT = iphoneos;
				SWIFT_OPTIMIZATION_LEVEL = "-Owholemodule";
				VALIDATE_PRODUCT = YES;
			};
			name = Release;
		};
		E22DE4941FDB173300E0F499 /* Debug */ = {
			isa = XCBuildConfiguration;
			buildSettings = {
				ASSETCATALOG_COMPILER_APPICON_NAME = AppIcon;
				CODE_SIGN_STYLE = Automatic;
				DEVELOPMENT_TEAM = 9WC44CBGXS;
				INFOPLIST_FILE = YesplanApp/Info.plist;
				IPHONEOS_DEPLOYMENT_TARGET = 11.1;
				LD_RUNPATH_SEARCH_PATHS = "$(inherited) @executable_path/Frameworks";
				PRODUCT_BUNDLE_IDENTIFIER = TomPlan.YesplanApp;
				PRODUCT_NAME = "$(TARGET_NAME)";
				SWIFT_VERSION = 4.0;
				TARGETED_DEVICE_FAMILY = "1,2";
			};
			name = Debug;
		};
		E22DE4951FDB173300E0F499 /* Release */ = {
			isa = XCBuildConfiguration;
			buildSettings = {
				ASSETCATALOG_COMPILER_APPICON_NAME = AppIcon;
				CODE_SIGN_STYLE = Automatic;
				DEVELOPMENT_TEAM = 9WC44CBGXS;
				INFOPLIST_FILE = YesplanApp/Info.plist;
				IPHONEOS_DEPLOYMENT_TARGET = 11.1;
				LD_RUNPATH_SEARCH_PATHS = "$(inherited) @executable_path/Frameworks";
				PRODUCT_BUNDLE_IDENTIFIER = TomPlan.YesplanApp;
				PRODUCT_NAME = "$(TARGET_NAME)";
				SWIFT_VERSION = 4.0;
				TARGETED_DEVICE_FAMILY = "1,2";
			};
			name = Release;
		};
		E22DE4971FDB173300E0F499 /* Debug */ = {
			isa = XCBuildConfiguration;
			buildSettings = {
				ALWAYS_EMBED_SWIFT_STANDARD_LIBRARIES = YES;
				BUNDLE_LOADER = "$(TEST_HOST)";
				CODE_SIGN_STYLE = Automatic;
				DEVELOPMENT_TEAM = 9WC44CBGXS;
				INFOPLIST_FILE = YesplanAppTests/Info.plist;
				LD_RUNPATH_SEARCH_PATHS = "$(inherited) @executable_path/Frameworks @loader_path/Frameworks";
				PRODUCT_BUNDLE_IDENTIFIER = TomPlan.YesplanAppTests;
				PRODUCT_NAME = "$(TARGET_NAME)";
				SWIFT_VERSION = 4.0;
				TARGETED_DEVICE_FAMILY = "1,2";
				TEST_HOST = "$(BUILT_PRODUCTS_DIR)/YesplanApp.app/YesplanApp";
			};
			name = Debug;
		};
		E22DE4981FDB173300E0F499 /* Release */ = {
			isa = XCBuildConfiguration;
			buildSettings = {
				ALWAYS_EMBED_SWIFT_STANDARD_LIBRARIES = YES;
				BUNDLE_LOADER = "$(TEST_HOST)";
				CODE_SIGN_STYLE = Automatic;
				DEVELOPMENT_TEAM = 9WC44CBGXS;
				INFOPLIST_FILE = YesplanAppTests/Info.plist;
				LD_RUNPATH_SEARCH_PATHS = "$(inherited) @executable_path/Frameworks @loader_path/Frameworks";
				PRODUCT_BUNDLE_IDENTIFIER = TomPlan.YesplanAppTests;
				PRODUCT_NAME = "$(TARGET_NAME)";
				SWIFT_VERSION = 4.0;
				TARGETED_DEVICE_FAMILY = "1,2";
				TEST_HOST = "$(BUILT_PRODUCTS_DIR)/YesplanApp.app/YesplanApp";
			};
			name = Release;
		};
		E22DE49A1FDB173300E0F499 /* Debug */ = {
			isa = XCBuildConfiguration;
			buildSettings = {
				ALWAYS_EMBED_SWIFT_STANDARD_LIBRARIES = YES;
				CODE_SIGN_STYLE = Automatic;
				DEVELOPMENT_TEAM = 9WC44CBGXS;
				INFOPLIST_FILE = YesplanAppUITests/Info.plist;
				LD_RUNPATH_SEARCH_PATHS = "$(inherited) @executable_path/Frameworks @loader_path/Frameworks";
				PRODUCT_BUNDLE_IDENTIFIER = TomPlan.YesplanAppUITests;
				PRODUCT_NAME = "$(TARGET_NAME)";
				SWIFT_VERSION = 4.0;
				TARGETED_DEVICE_FAMILY = "1,2";
				TEST_TARGET_NAME = YesplanApp;
			};
			name = Debug;
		};
		E22DE49B1FDB173300E0F499 /* Release */ = {
			isa = XCBuildConfiguration;
			buildSettings = {
				ALWAYS_EMBED_SWIFT_STANDARD_LIBRARIES = YES;
				CODE_SIGN_STYLE = Automatic;
				DEVELOPMENT_TEAM = 9WC44CBGXS;
				INFOPLIST_FILE = YesplanAppUITests/Info.plist;
				LD_RUNPATH_SEARCH_PATHS = "$(inherited) @executable_path/Frameworks @loader_path/Frameworks";
				PRODUCT_BUNDLE_IDENTIFIER = TomPlan.YesplanAppUITests;
				PRODUCT_NAME = "$(TARGET_NAME)";
				SWIFT_VERSION = 4.0;
				TARGETED_DEVICE_FAMILY = "1,2";
				TEST_TARGET_NAME = YesplanApp;
			};
			name = Release;
		};
/* End XCBuildConfiguration section */

/* Begin XCConfigurationList section */
		E22DE4641FDB173300E0F499 /* Build configuration list for PBXProject "YesplanApp" */ = {
			isa = XCConfigurationList;
			buildConfigurations = (
				E22DE4911FDB173300E0F499 /* Debug */,
				E22DE4921FDB173300E0F499 /* Release */,
			);
			defaultConfigurationIsVisible = 0;
			defaultConfigurationName = Release;
		};
		E22DE4931FDB173300E0F499 /* Build configuration list for PBXNativeTarget "YesplanApp" */ = {
			isa = XCConfigurationList;
			buildConfigurations = (
				E22DE4941FDB173300E0F499 /* Debug */,
				E22DE4951FDB173300E0F499 /* Release */,
			);
			defaultConfigurationIsVisible = 0;
			defaultConfigurationName = Release;
		};
		E22DE4961FDB173300E0F499 /* Build configuration list for PBXNativeTarget "YesplanAppTests" */ = {
			isa = XCConfigurationList;
			buildConfigurations = (
				E22DE4971FDB173300E0F499 /* Debug */,
				E22DE4981FDB173300E0F499 /* Release */,
			);
			defaultConfigurationIsVisible = 0;
			defaultConfigurationName = Release;
		};
		E22DE4991FDB173300E0F499 /* Build configuration list for PBXNativeTarget "YesplanAppUITests" */ = {
			isa = XCConfigurationList;
			buildConfigurations = (
				E22DE49A1FDB173300E0F499 /* Debug */,
				E22DE49B1FDB173300E0F499 /* Release */,
			);
			defaultConfigurationIsVisible = 0;
			defaultConfigurationName = Release;
		};
/* End XCConfigurationList section */
	};
	rootObject = E22DE4611FDB173200E0F499 /* Project object */;
}
